<?xml version="1.0" encoding="utf-8"?>
<Project ToolsVersion="4.0" xmlns="http://schemas.microsoft.com/developer/msbuild/2003">
  <ItemGroup>
    <Filter Include="Source Files">
      <UniqueIdentifier>{4FC737F1-C7A5-4376-A066-2A32D752A2FF}</UniqueIdentifier>
      <Extensions>cpp;c;cc;cxx;def;odl;idl;hpj;bat;asm;asmx</Extensions>
    </Filter>
    <Filter Include="Header Files">
      <UniqueIdentifier>{93995380-89BD-4b04-88EB-625FBE52EBFB}</UniqueIdentifier>
      <Extensions>h;hpp;hxx;hm;inl;inc;xsd</Extensions>
    </Filter>
    <Filter Include="Resource Files">
      <UniqueIdentifier>{67DA6AB6-F800-4c08-8B7A-83BB121AAD01}</UniqueIdentifier>
      <Extensions>rc;ico;cur;bmp;dlg;rc2;rct;bin;rgs;gif;jpg;jpeg;jpe;resx;tiff;tif;png;wav;mfcribbon-ms</Extensions>
    </Filter>
    <Filter Include="Driver Files">
      <UniqueIdentifier>{8E41214B-6785-4CFE-B992-037D68949A14}</UniqueIdentifier>
      <Extensions>inf;inv;inx;mof;mc;</Extensions>
    </Filter>
    <Filter Include="Source Files\Common">
      <UniqueIdentifier>{ca32e5e0-297c-4b50-8a4d-0b123c87a178}</UniqueIdentifier>
    </Filter>
    <Filter Include="Source Files\wlh">
      <UniqueIdentifier>{9737b6c6-5b6b-465e-b94d-1477157cd469}</UniqueIdentifier>
    </Filter>
    <Filter Include="Header Files\Common">
      <UniqueIdentifier>{3364a55e-f027-49db-a290-54b76534eaee}</UniqueIdentifier>
    </Filter>
    <Filter Include="Header Files\wlh">
      <UniqueIdentifier>{05312e94-3f32-463e-ab29-b7266ff6cca6}</UniqueIdentifier>
    </Filter>
    <Filter Include="Tools">
      <UniqueIdentifier>{62ffa1a1-ac09-40c0-bd36-539458b73cf4}</UniqueIdentifier>
    </Filter>
    <Filter Include="VirtIO">
      <UniqueIdentifier>{b326e840-5f73-44d7-b10b-2430c692be26}</UniqueIdentifier>
    </Filter>
  </ItemGroup>
  <ItemGroup>
    <Inf Include="wlh\netkvm.inf">
      <Filter>Driver Files</Filter>
    </Inf>
  </ItemGroup>
  <ItemGroup>
    <ClInclude Include="Common\common.inf.h">
      <Filter>Header Files\Common</Filter>
    </ClInclude>
    <ClInclude Include="Common\DebugData.h">
      <Filter>Header Files\Common</Filter>
    </ClInclude>
    <ClInclude Include="Common\ethernetutils.h">
      <Filter>Header Files\Common</Filter>
    </ClInclude>
    <ClInclude Include="Common\ndis56common.h">
      <Filter>Header Files\Common</Filter>
    </ClInclude>
    <ClInclude Include="Common\osdep.h">
      <Filter>Header Files\Common</Filter>
    </ClInclude>
    <ClInclude Include="Common\ParaNdis-Oid.h">
      <Filter>Header Files\Common</Filter>
    </ClInclude>
    <ClInclude Include="Common\ParaNdis-RSS.h">
      <Filter>Header Files\Common</Filter>
    </ClInclude>
    <ClInclude Include="Common\quverp.h">
      <Filter>Header Files\Common</Filter>
    </ClInclude>
    <ClInclude Include="wlh\ParaNdis6.h">
      <Filter>Header Files\wlh</Filter>
    </ClInclude>
    <ClInclude Include="..\VirtIO\virtio_config.h">
      <Filter>VirtIO</Filter>
    </ClInclude>
    <ClInclude Include="..\VirtIO\virtio_pci.h">
      <Filter>VirtIO</Filter>
    </ClInclude>
    <ClInclude Include="..\VirtIO\virtio_ring.h">
      <Filter>VirtIO</Filter>
    </ClInclude>
    <ClInclude Include="Common\ParaNdis-TX.h">
      <Filter>Header Files\Common</Filter>
    </ClInclude>
    <ClInclude Include="Common\ParaNdis-Util.h">
      <Filter>Header Files\Common</Filter>
    </ClInclude>
    <ClInclude Include="Common\ParaNdis-VirtQueue.h">
      <Filter>Header Files\Common</Filter>
    </ClInclude>
    <ClInclude Include="Common\ParaNdis-RX.h">
      <Filter>Header Files\Common</Filter>
    </ClInclude>
    <ClInclude Include="Common\ParaNdis-CX.h">
      <Filter>Header Files\Common</Filter>
    </ClInclude>
    <ClInclude Include="Common\ParaNdis-AbstractPath.h">
      <Filter>Header Files\Common</Filter>
    </ClInclude>
    <ClInclude Include="Common\virtio_net.h">
      <Filter>Header Files\Common</Filter>
    </ClInclude>
    <ClInclude Include="Common\ParaNdis_DebugHistory.h">
      <Filter>Header Files</Filter>
    </ClInclude>
    <ClInclude Include="Common\ParaNdis_Debug.h">
      <Filter>Header Files\Common</Filter>
    </ClInclude>
    <ClInclude Include="..\VirtIO\virtio.h">
      <Filter>VirtIO</Filter>
    </ClInclude>
  </ItemGroup>
  <ItemGroup>
    <ClCompile Include="..\VirtIO\VirtIOPCI.c">
      <Filter>VirtIO</Filter>
    </ClCompile>
    <ClCompile Include="..\VirtIO\VirtIORing.c">
      <Filter>VirtIO</Filter>
    </ClCompile>
    <ClCompile Include="Common\ParaNdis-TX.cpp">
      <Filter>Source Files\Common</Filter>
    </ClCompile>
    <ClCompile Include="Common\ParaNdis-Util.cpp">
      <Filter>Source Files\Common</Filter>
    </ClCompile>
    <ClCompile Include="Common\ParaNdis-VirtQueue.cpp">
      <Filter>Source Files</Filter>
    </ClCompile>
    <ClCompile Include="Common\ParaNdis-Common.cpp">
      <Filter>Source Files\Common</Filter>
    </ClCompile>
    <ClCompile Include="Common\ParaNdis-Debug.cpp">
      <Filter>Source Files\Common</Filter>
    </ClCompile>
    <ClCompile Include="Common\ParaNdis-Oid.cpp">
      <Filter>Source Files\Common</Filter>
    </ClCompile>
    <ClCompile Include="wlh\ParaNdis6-Driver.cpp">
      <Filter>Source Files\wlh</Filter>
    </ClCompile>
    <ClCompile Include="wlh\ParaNdis6-Impl.cpp">
      <Filter>Source Files\wlh</Filter>
    </ClCompile>
    <ClCompile Include="wlh\ParaNdis6-RSS.cpp">
      <Filter>Source Files\wlh</Filter>
    </ClCompile>
    <ClCompile Include="Common\sw-offload.cpp">
      <Filter>Source Files\Common</Filter>
    </ClCompile>
    <ClCompile Include="wlh\ParaNdis6-Oid.cpp">
      <Filter>Source Files</Filter>
    </ClCompile>
    <ClCompile Include="Common\ParaNdis-RX.cpp">
      <Filter>Source Files\Common</Filter>
    </ClCompile>
    <ClCompile Include="Common\ParaNdis-CX.cpp">
      <Filter>Source Files\Common</Filter>
    </ClCompile>
    <ClCompile Include="Common\ParaNdis-AbstractPath.cpp">
      <Filter>Source Files\Common</Filter>
    </ClCompile>
  </ItemGroup>
  <ItemGroup>
    <ResourceCompile Include="wlh\Parandis6.rc">
      <Filter>Resource Files</Filter>
    </ResourceCompile>
  </ItemGroup>
  <ItemGroup>
    <None Include="tools\cleanemptystrings.vbs">
      <Filter>Tools</Filter>
    </None>
    <None Include="tools\InstallCertificate.bat">
      <Filter>Tools</Filter>
    </None>
    <None Include="tools\makecdimage.cmd">
      <Filter>Tools</Filter>
    </None>
    <None Include="tools\makeinstall.bat">
      <Filter>Tools</Filter>
    </None>
    <None Include="tools\NetKVMTemporaryCert.cer">
      <Filter>Tools</Filter>
    </None>
    <None Include="tools\NetKVMTemporaryCert.pfx">
      <Filter>Tools</Filter>
    </None>
    <None Include="tools\signing.cmd">
      <Filter>Tools</Filter>
    </None>
  </ItemGroup>
  <ItemGroup>
    <Text Include="tools\README.TXT">
      <Filter>Tools</Filter>
    </Text>
  </ItemGroup>
</Project>