
Microsoft Visual Studio Solution File, Format Version 9.00
# Visual Studio 2005
Project("{8BC9CEB8-8B4A-11D0-8D11-00A0C91BC942}") = "NetKVM", "NetKVM.vcproj", "{E93A7F6C-55C2-4FF7-B7B8-A4CDD6B7BEE1}"
EndProject
Global
	GlobalSection(SolutionConfigurationPlatforms) = preSolution
		2K|Win32 = 2K|Win32
		Vista|Win32 = Vista|Win32
		XP|Win32 = XP|Win32
	EndGlobalSection
	GlobalSection(ProjectConfigurationPlatforms) = postSolution
		{E93A7F6C-55C2-4FF7-B7B8-A4CDD6B7BEE1}.2K|Win32.ActiveCfg = 2K|Win32
		{E93A7F6C-55C2-4FF7-B7B8-A4CDD6B7BEE1}.2K|Win32.Build.0 = 2K|Win32
		{E93A7F6C-55C2-4FF7-B7B8-A4CDD6B7BEE1}.Vista|Win32.ActiveCfg = Vista|Win32
		{E93A7F6C-55C2-4FF7-B7B8-A4CDD6B7BEE1}.Vista|Win32.Build.0 = Vista|Win32
		{E93A7F6C-55C2-4FF7-B7B8-A4CDD6B7BEE1}.XP|Win32.ActiveCfg = XP|Win32
		{E93A7F6C-55C2-4FF7-B7B8-A4CDD6B7BEE1}.XP|Win32.Build.0 = XP|Win32
	EndGlobalSection
	GlobalSection(SolutionProperties) = preSolution
		HideSolutionNode = FALSE
	EndGlobalSection
EndGlobal
