
Microsoft Visual Studio Solution File, Format Version 12.00
# Visual Studio 15
VisualStudioVersion = 15.0.28010.2048
MinimumVisualStudioVersion = 10.0.40219.1
Project("{8BC9CEB8-8B4A-11D0-8D11-00A0C91BC942}") = "NetKVM-VS2015", "NetKVM-VS2015.vcxproj", "{29D5D8BA-071A-464F-89DF-C0B4EE99F141}"
	ProjectSection(ProjectDependencies) = postProject
		{01D87C47-437A-4A16-8FD9-33FA5C99339E} = {01D87C47-437A-4A16-8FD9-33FA5C99339E}
		{7F794CE4-EFAC-4C54-AEEC-7873510C36EA} = {7F794CE4-EFAC-4C54-AEEC-7873510C36EA}
		{09672FE6-A18C-4B3B-B1DC-1C7C1F61F9B4} = {09672FE6-A18C-4B3B-B1DC-1C7C1F61F9B4}
	EndProjectSection
EndProject
Project("{8BC9CEB8-8B4A-11D0-8D11-00A0C91BC942}") = "netkvmco-vs2015", "CoInstaller\netkvmco-vs2015.vcxproj", "{7F794CE4-EFAC-4C54-AEEC-7873510C36EA}"
EndProject
Project("{2150E333-8FDC-42A3-9474-1A3956D46DE8}") = "VirtIO", "VirtIO", "{108DDF63-64A2-42E6-8E5C-F22936ABEBE0}"
EndProject
Project("{8BC9CEB8-8B4A-11D0-8D11-00A0C91BC942}") = "VirtioLib", "..\VirtIO\VirtioLib.vcxproj", "{01D87C47-437A-4A16-8FD9-33FA5C99339E}"
EndProject
Project("{8BC9CEB8-8B4A-11D0-8D11-00A0C91BC942}") = "Mof", "Mof\Mof.vcxproj", "{09672FE6-A18C-4B3B-B1DC-1C7C1F61F9B4}"
EndProject
Project("{8BC9CEB8-8B4A-11D0-8D11-00A0C91BC942}") = "NotifyObject", "NotifyObject\notifyobject.vcxproj", "{92E3B437-C258-47FB-8856-D3FEA56A3BCC}"
	ProjectSection(ProjectDependencies) = postProject
		{3149C26A-F437-42BD-A40D-D10A695F93EF} = {3149C26A-F437-42BD-A40D-D10A695F93EF}
	EndProjectSection
EndProject
Project("{8BC9CEB8-8B4A-11D0-8D11-00A0C91BC942}") = "ProtocolService", "ProtocolService\ProtocolService.vcxproj", "{3149C26A-F437-42BD-A40D-D10A695F93EF}"
EndProject
Global
	GlobalSection(SolutionConfigurationPlatforms) = preSolution
		Vista Release|ARM64 = Vista Release|ARM64
		Vista Release|x64 = Vista Release|x64
		Vista Release|x86 = Vista Release|x86
		Win10 Release|ARM64 = Win10 Release|ARM64
		Win10 Release|x64 = Win10 Release|x64
		Win10 Release|x86 = Win10 Release|x86
		Win7 Release|ARM64 = Win7 Release|ARM64
		Win7 Release|x64 = Win7 Release|x64
		Win7 Release|x86 = Win7 Release|x86
		Win8 Release|ARM64 = Win8 Release|ARM64
		Win8 Release|x64 = Win8 Release|x64
		Win8 Release|x86 = Win8 Release|x86
		Win8.1 Release|ARM64 = Win8.1 Release|ARM64
		Win8.1 Release|x64 = Win8.1 Release|x64
		Win8.1 Release|x86 = Win8.1 Release|x86
	EndGlobalSection
	GlobalSection(ProjectConfigurationPlatforms) = postSolution
		{29D5D8BA-071A-464F-89DF-C0B4EE99F141}.Vista Release|ARM64.ActiveCfg = Vista Release|x64
		{29D5D8BA-071A-464F-89DF-C0B4EE99F141}.Vista Release|ARM64.Deploy.0 = Vista Release|x64
		{29D5D8BA-071A-464F-89DF-C0B4EE99F141}.Vista Release|x64.ActiveCfg = Vista Release|x64
		{29D5D8BA-071A-464F-89DF-C0B4EE99F141}.Vista Release|x64.Build.0 = Vista Release|x64
		{29D5D8BA-071A-464F-89DF-C0B4EE99F141}.Vista Release|x64.Deploy.0 = Vista Release|x64
		{29D5D8BA-071A-464F-89DF-C0B4EE99F141}.Vista Release|x86.ActiveCfg = Vista Release|Win32
		{29D5D8BA-071A-464F-89DF-C0B4EE99F141}.Vista Release|x86.Build.0 = Vista Release|Win32
		{29D5D8BA-071A-464F-89DF-C0B4EE99F141}.Vista Release|x86.Deploy.0 = Vista Release|Win32
		{29D5D8BA-071A-464F-89DF-C0B4EE99F141}.Win10 Release|ARM64.ActiveCfg = Win10 Release|ARM64
		{29D5D8BA-071A-464F-89DF-C0B4EE99F141}.Win10 Release|ARM64.Build.0 = Win10 Release|ARM64
		{29D5D8BA-071A-464F-89DF-C0B4EE99F141}.Win10 Release|x64.ActiveCfg = Win10 Release|x64
		{29D5D8BA-071A-464F-89DF-C0B4EE99F141}.Win10 Release|x64.Build.0 = Win10 Release|x64
		{29D5D8BA-071A-464F-89DF-C0B4EE99F141}.Win10 Release|x64.Deploy.0 = Win10 Release|x64
		{29D5D8BA-071A-464F-89DF-C0B4EE99F141}.Win10 Release|x86.ActiveCfg = Win10 Release|Win32
		{29D5D8BA-071A-464F-89DF-C0B4EE99F141}.Win10 Release|x86.Build.0 = Win10 Release|Win32
		{29D5D8BA-071A-464F-89DF-C0B4EE99F141}.Win7 Release|ARM64.ActiveCfg = Win7 Release|x64
		{29D5D8BA-071A-464F-89DF-C0B4EE99F141}.Win7 Release|x64.ActiveCfg = Win7 Release|x64
		{29D5D8BA-071A-464F-89DF-C0B4EE99F141}.Win7 Release|x64.Build.0 = Win7 Release|x64
		{29D5D8BA-071A-464F-89DF-C0B4EE99F141}.Win7 Release|x64.Deploy.0 = Win7 Release|x64
		{29D5D8BA-071A-464F-89DF-C0B4EE99F141}.Win7 Release|x86.ActiveCfg = Win7 Release|Win32
		{29D5D8BA-071A-464F-89DF-C0B4EE99F141}.Win7 Release|x86.Build.0 = Win7 Release|Win32
		{29D5D8BA-071A-464F-89DF-C0B4EE99F141}.Win7 Release|x86.Deploy.0 = Win7 Release|Win32
		{29D5D8BA-071A-464F-89DF-C0B4EE99F141}.Win8 Release|ARM64.ActiveCfg = Win8 Release|x64
		{29D5D8BA-071A-464F-89DF-C0B4EE99F141}.Win8 Release|x64.ActiveCfg = Win8 Release|x64
		{29D5D8BA-071A-464F-89DF-C0B4EE99F141}.Win8 Release|x64.Build.0 = Win8 Release|x64
		{29D5D8BA-071A-464F-89DF-C0B4EE99F141}.Win8 Release|x64.Deploy.0 = Win8 Release|x64
		{29D5D8BA-071A-464F-89DF-C0B4EE99F141}.Win8 Release|x86.ActiveCfg = Win8 Release|Win32
		{29D5D8BA-071A-464F-89DF-C0B4EE99F141}.Win8 Release|x86.Build.0 = Win8 Release|Win32
		{29D5D8BA-071A-464F-89DF-C0B4EE99F141}.Win8.1 Release|ARM64.ActiveCfg = Win8.1 Release|x64
		{29D5D8BA-071A-464F-89DF-C0B4EE99F141}.Win8.1 Release|x64.ActiveCfg = Win8.1 Release|x64
		{29D5D8BA-071A-464F-89DF-C0B4EE99F141}.Win8.1 Release|x64.Build.0 = Win8.1 Release|x64
		{29D5D8BA-071A-464F-89DF-C0B4EE99F141}.Win8.1 Release|x64.Deploy.0 = Win8.1 Release|x64
		{29D5D8BA-071A-464F-89DF-C0B4EE99F141}.Win8.1 Release|x86.ActiveCfg = Win8.1 Release|Win32
		{29D5D8BA-071A-464F-89DF-C0B4EE99F141}.Win8.1 Release|x86.Build.0 = Win8.1 Release|Win32
		{7F794CE4-EFAC-4C54-AEEC-7873510C36EA}.Vista Release|ARM64.ActiveCfg = Vista Release|x64
		{7F794CE4-EFAC-4C54-AEEC-7873510C36EA}.Vista Release|ARM64.Deploy.0 = Vista Release|x64
		{7F794CE4-EFAC-4C54-AEEC-7873510C36EA}.Vista Release|x64.ActiveCfg = Vista Release|x64
		{7F794CE4-EFAC-4C54-AEEC-7873510C36EA}.Vista Release|x64.Build.0 = Vista Release|x64
		{7F794CE4-EFAC-4C54-AEEC-7873510C36EA}.Vista Release|x64.Deploy.0 = Vista Release|x64
		{7F794CE4-EFAC-4C54-AEEC-7873510C36EA}.Vista Release|x86.ActiveCfg = Vista Release|Win32
		{7F794CE4-EFAC-4C54-AEEC-7873510C36EA}.Vista Release|x86.Build.0 = Vista Release|Win32
		{7F794CE4-EFAC-4C54-AEEC-7873510C36EA}.Win10 Release|ARM64.ActiveCfg = Win10 Release|ARM64
		{7F794CE4-EFAC-4C54-AEEC-7873510C36EA}.Win10 Release|ARM64.Build.0 = Win10 Release|ARM64
		{7F794CE4-EFAC-4C54-AEEC-7873510C36EA}.Win10 Release|ARM64.Deploy.0 = Win10 Release|ARM64
		{7F794CE4-EFAC-4C54-AEEC-7873510C36EA}.Win10 Release|x64.ActiveCfg = Win10 Release|x64
		{7F794CE4-EFAC-4C54-AEEC-7873510C36EA}.Win10 Release|x64.Build.0 = Win10 Release|x64
		{7F794CE4-EFAC-4C54-AEEC-7873510C36EA}.Win10 Release|x64.Deploy.0 = Win10 Release|x64
		{7F794CE4-EFAC-4C54-AEEC-7873510C36EA}.Win10 Release|x86.ActiveCfg = Win10 Release|Win32
		{7F794CE4-EFAC-4C54-AEEC-7873510C36EA}.Win10 Release|x86.Build.0 = Win10 Release|Win32
		{7F794CE4-EFAC-4C54-AEEC-7873510C36EA}.Win7 Release|ARM64.ActiveCfg = Win7 Release|x64
		{7F794CE4-EFAC-4C54-AEEC-7873510C36EA}.Win7 Release|ARM64.Deploy.0 = Win7 Release|x64
		{7F794CE4-EFAC-4C54-AEEC-7873510C36EA}.Win7 Release|x64.ActiveCfg = Win7 Release|x64
		{7F794CE4-EFAC-4C54-AEEC-7873510C36EA}.Win7 Release|x64.Build.0 = Win7 Release|x64
		{7F794CE4-EFAC-4C54-AEEC-7873510C36EA}.Win7 Release|x64.Deploy.0 = Win7 Release|x64
		{7F794CE4-EFAC-4C54-AEEC-7873510C36EA}.Win7 Release|x86.ActiveCfg = Win7 Release|Win32
		{7F794CE4-EFAC-4C54-AEEC-7873510C36EA}.Win7 Release|x86.Build.0 = Win7 Release|Win32
		{7F794CE4-EFAC-4C54-AEEC-7873510C36EA}.Win8 Release|ARM64.ActiveCfg = Win8 Release|x64
		{7F794CE4-EFAC-4C54-AEEC-7873510C36EA}.Win8 Release|ARM64.Deploy.0 = Win8 Release|x64
		{7F794CE4-EFAC-4C54-AEEC-7873510C36EA}.Win8 Release|x64.ActiveCfg = Win8 Release|x64
		{7F794CE4-EFAC-4C54-AEEC-7873510C36EA}.Win8 Release|x64.Build.0 = Win8 Release|x64
		{7F794CE4-EFAC-4C54-AEEC-7873510C36EA}.Win8 Release|x64.Deploy.0 = Win8 Release|x64
		{7F794CE4-EFAC-4C54-AEEC-7873510C36EA}.Win8 Release|x86.ActiveCfg = Win8 Release|Win32
		{7F794CE4-EFAC-4C54-AEEC-7873510C36EA}.Win8 Release|x86.Build.0 = Win8 Release|Win32
		{7F794CE4-EFAC-4C54-AEEC-7873510C36EA}.Win8.1 Release|ARM64.ActiveCfg = Win8.1 Release|x64
		{7F794CE4-EFAC-4C54-AEEC-7873510C36EA}.Win8.1 Release|ARM64.Deploy.0 = Win8.1 Release|x64
		{7F794CE4-EFAC-4C54-AEEC-7873510C36EA}.Win8.1 Release|x64.ActiveCfg = Win8.1 Release|x64
		{7F794CE4-EFAC-4C54-AEEC-7873510C36EA}.Win8.1 Release|x64.Build.0 = Win8.1 Release|x64
		{7F794CE4-EFAC-4C54-AEEC-7873510C36EA}.Win8.1 Release|x64.Deploy.0 = Win8.1 Release|x64
		{7F794CE4-EFAC-4C54-AEEC-7873510C36EA}.Win8.1 Release|x86.ActiveCfg = Win8.1 Release|Win32
		{7F794CE4-EFAC-4C54-AEEC-7873510C36EA}.Win8.1 Release|x86.Build.0 = Win8.1 Release|Win32
		{01D87C47-437A-4A16-8FD9-33FA5C99339E}.Vista Release|ARM64.ActiveCfg = Vista Release|x64
		{01D87C47-437A-4A16-8FD9-33FA5C99339E}.Vista Release|x64.ActiveCfg = Vista Release|x64
		{01D87C47-437A-4A16-8FD9-33FA5C99339E}.Vista Release|x64.Build.0 = Vista Release|x64
		{01D87C47-437A-4A16-8FD9-33FA5C99339E}.Vista Release|x86.ActiveCfg = Vista Release|Win32
		{01D87C47-437A-4A16-8FD9-33FA5C99339E}.Vista Release|x86.Build.0 = Vista Release|Win32
		{01D87C47-437A-4A16-8FD9-33FA5C99339E}.Win10 Release|ARM64.ActiveCfg = Win10 Release|ARM64
		{01D87C47-437A-4A16-8FD9-33FA5C99339E}.Win10 Release|ARM64.Build.0 = Win10 Release|ARM64
		{01D87C47-437A-4A16-8FD9-33FA5C99339E}.Win10 Release|x64.ActiveCfg = Win10 Release|x64
		{01D87C47-437A-4A16-8FD9-33FA5C99339E}.Win10 Release|x64.Build.0 = Win10 Release|x64
		{01D87C47-437A-4A16-8FD9-33FA5C99339E}.Win10 Release|x64.Deploy.0 = Win10 Release|x64
		{01D87C47-437A-4A16-8FD9-33FA5C99339E}.Win10 Release|x86.ActiveCfg = Win10 Release|Win32
		{01D87C47-437A-4A16-8FD9-33FA5C99339E}.Win10 Release|x86.Build.0 = Win10 Release|Win32
		{01D87C47-437A-4A16-8FD9-33FA5C99339E}.Win10 Release|x86.Deploy.0 = Win10 Release|Win32
		{01D87C47-437A-4A16-8FD9-33FA5C99339E}.Win7 Release|ARM64.ActiveCfg = Win7 Release|x64
		{01D87C47-437A-4A16-8FD9-33FA5C99339E}.Win7 Release|x64.ActiveCfg = Win7 Release|x64
		{01D87C47-437A-4A16-8FD9-33FA5C99339E}.Win7 Release|x64.Build.0 = Win7 Release|x64
		{01D87C47-437A-4A16-8FD9-33FA5C99339E}.Win7 Release|x64.Deploy.0 = Win7 Release|x64
		{01D87C47-437A-4A16-8FD9-33FA5C99339E}.Win7 Release|x86.ActiveCfg = Win7 Release|Win32
		{01D87C47-437A-4A16-8FD9-33FA5C99339E}.Win7 Release|x86.Build.0 = Win7 Release|Win32
		{01D87C47-437A-4A16-8FD9-33FA5C99339E}.Win7 Release|x86.Deploy.0 = Win7 Release|Win32
		{01D87C47-437A-4A16-8FD9-33FA5C99339E}.Win8 Release|ARM64.ActiveCfg = Win8 Release|x64
		{01D87C47-437A-4A16-8FD9-33FA5C99339E}.Win8 Release|x64.ActiveCfg = Win8 Release|x64
		{01D87C47-437A-4A16-8FD9-33FA5C99339E}.Win8 Release|x64.Build.0 = Win8 Release|x64
		{01D87C47-437A-4A16-8FD9-33FA5C99339E}.Win8 Release|x64.Deploy.0 = Win8 Release|x64
		{01D87C47-437A-4A16-8FD9-33FA5C99339E}.Win8 Release|x86.ActiveCfg = Win8 Release|Win32
		{01D87C47-437A-4A16-8FD9-33FA5C99339E}.Win8 Release|x86.Build.0 = Win8 Release|Win32
		{01D87C47-437A-4A16-8FD9-33FA5C99339E}.Win8 Release|x86.Deploy.0 = Win8 Release|Win32
		{01D87C47-437A-4A16-8FD9-33FA5C99339E}.Win8.1 Release|ARM64.ActiveCfg = Win8.1 Release|x64
		{01D87C47-437A-4A16-8FD9-33FA5C99339E}.Win8.1 Release|x64.ActiveCfg = Win8.1 Release|x64
		{01D87C47-437A-4A16-8FD9-33FA5C99339E}.Win8.1 Release|x64.Build.0 = Win8.1 Release|x64
		{01D87C47-437A-4A16-8FD9-33FA5C99339E}.Win8.1 Release|x64.Deploy.0 = Win8.1 Release|x64
		{01D87C47-437A-4A16-8FD9-33FA5C99339E}.Win8.1 Release|x86.ActiveCfg = Win8.1 Release|Win32
		{01D87C47-437A-4A16-8FD9-33FA5C99339E}.Win8.1 Release|x86.Build.0 = Win8.1 Release|Win32
		{01D87C47-437A-4A16-8FD9-33FA5C99339E}.Win8.1 Release|x86.Deploy.0 = Win8.1 Release|Win32
		{09672FE6-A18C-4B3B-B1DC-1C7C1F61F9B4}.Vista Release|ARM64.ActiveCfg = Header|x64
		{09672FE6-A18C-4B3B-B1DC-1C7C1F61F9B4}.Vista Release|x64.ActiveCfg = Header|x64
		{09672FE6-A18C-4B3B-B1DC-1C7C1F61F9B4}.Vista Release|x64.Build.0 = Header|x64
		{09672FE6-A18C-4B3B-B1DC-1C7C1F61F9B4}.Vista Release|x86.ActiveCfg = Header|Win32
		{09672FE6-A18C-4B3B-B1DC-1C7C1F61F9B4}.Vista Release|x86.Build.0 = Header|Win32
		{09672FE6-A18C-4B3B-B1DC-1C7C1F61F9B4}.Win10 Release|ARM64.ActiveCfg = Header|x64
		{09672FE6-A18C-4B3B-B1DC-1C7C1F61F9B4}.Win10 Release|ARM64.Build.0 = Header|x64
		{09672FE6-A18C-4B3B-B1DC-1C7C1F61F9B4}.Win10 Release|x64.ActiveCfg = Header|x64
		{09672FE6-A18C-4B3B-B1DC-1C7C1F61F9B4}.Win10 Release|x64.Build.0 = Header|x64
		{09672FE6-A18C-4B3B-B1DC-1C7C1F61F9B4}.Win10 Release|x86.ActiveCfg = Header|Win32
		{09672FE6-A18C-4B3B-B1DC-1C7C1F61F9B4}.Win10 Release|x86.Build.0 = Header|Win32
		{09672FE6-A18C-4B3B-B1DC-1C7C1F61F9B4}.Win7 Release|ARM64.ActiveCfg = Header|x64
		{09672FE6-A18C-4B3B-B1DC-1C7C1F61F9B4}.Win7 Release|x64.ActiveCfg = Header|x64
		{09672FE6-A18C-4B3B-B1DC-1C7C1F61F9B4}.Win7 Release|x64.Build.0 = Header|x64
		{09672FE6-A18C-4B3B-B1DC-1C7C1F61F9B4}.Win7 Release|x86.ActiveCfg = Header|Win32
		{09672FE6-A18C-4B3B-B1DC-1C7C1F61F9B4}.Win7 Release|x86.Build.0 = Header|Win32
		{09672FE6-A18C-4B3B-B1DC-1C7C1F61F9B4}.Win8 Release|ARM64.ActiveCfg = Header|x64
		{09672FE6-A18C-4B3B-B1DC-1C7C1F61F9B4}.Win8 Release|x64.ActiveCfg = Header|x64
		{09672FE6-A18C-4B3B-B1DC-1C7C1F61F9B4}.Win8 Release|x64.Build.0 = Header|x64
		{09672FE6-A18C-4B3B-B1DC-1C7C1F61F9B4}.Win8 Release|x86.ActiveCfg = Header|Win32
		{09672FE6-A18C-4B3B-B1DC-1C7C1F61F9B4}.Win8 Release|x86.Build.0 = Header|Win32
		{09672FE6-A18C-4B3B-B1DC-1C7C1F61F9B4}.Win8.1 Release|ARM64.ActiveCfg = Header|x64
		{09672FE6-A18C-4B3B-B1DC-1C7C1F61F9B4}.Win8.1 Release|x64.ActiveCfg = Header|x64
		{09672FE6-A18C-4B3B-B1DC-1C7C1F61F9B4}.Win8.1 Release|x64.Build.0 = Header|x64
		{09672FE6-A18C-4B3B-B1DC-1C7C1F61F9B4}.Win8.1 Release|x86.ActiveCfg = Header|Win32
		{09672FE6-A18C-4B3B-B1DC-1C7C1F61F9B4}.Win8.1 Release|x86.Build.0 = Header|Win32
		{92E3B437-C258-47FB-8856-D3FEA56A3BCC}.Vista Release|ARM64.ActiveCfg = Vista Release|Win32
		{92E3B437-C258-47FB-8856-D3FEA56A3BCC}.Vista Release|x64.ActiveCfg = Vista Release|x64
		{92E3B437-C258-47FB-8856-D3FEA56A3BCC}.Vista Release|x64.Build.0 = Vista Release|x64
		{92E3B437-C258-47FB-8856-D3FEA56A3BCC}.Vista Release|x86.ActiveCfg = Vista Release|Win32
		{92E3B437-C258-47FB-8856-D3FEA56A3BCC}.Vista Release|x86.Build.0 = Vista Release|Win32
		{92E3B437-C258-47FB-8856-D3FEA56A3BCC}.Win10 Release|ARM64.ActiveCfg = Win10 Release|Win32
		{92E3B437-C258-47FB-8856-D3FEA56A3BCC}.Win10 Release|x64.ActiveCfg = Win10 Release|x64
		{92E3B437-C258-47FB-8856-D3FEA56A3BCC}.Win10 Release|x64.Build.0 = Win10 Release|x64
		{92E3B437-C258-47FB-8856-D3FEA56A3BCC}.Win10 Release|x86.ActiveCfg = Win10 Release|Win32
		{92E3B437-C258-47FB-8856-D3FEA56A3BCC}.Win10 Release|x86.Build.0 = Win10 Release|Win32
		{92E3B437-C258-47FB-8856-D3FEA56A3BCC}.Win7 Release|ARM64.ActiveCfg = Win7 Release|Win32
		{92E3B437-C258-47FB-8856-D3FEA56A3BCC}.Win7 Release|x64.ActiveCfg = Win7 Release|x64
		{92E3B437-C258-47FB-8856-D3FEA56A3BCC}.Win7 Release|x64.Build.0 = Win7 Release|x64
		{92E3B437-C258-47FB-8856-D3FEA56A3BCC}.Win7 Release|x86.ActiveCfg = Win7 Release|Win32
		{92E3B437-C258-47FB-8856-D3FEA56A3BCC}.Win7 Release|x86.Build.0 = Win7 Release|Win32
		{92E3B437-C258-47FB-8856-D3FEA56A3BCC}.Win8 Release|ARM64.ActiveCfg = Win8 Release|Win32
		{92E3B437-C258-47FB-8856-D3FEA56A3BCC}.Win8 Release|x64.ActiveCfg = Win8 Release|x64
		{92E3B437-C258-47FB-8856-D3FEA56A3BCC}.Win8 Release|x64.Build.0 = Win8 Release|x64
		{92E3B437-C258-47FB-8856-D3FEA56A3BCC}.Win8 Release|x86.ActiveCfg = Win8 Release|Win32
		{92E3B437-C258-47FB-8856-D3FEA56A3BCC}.Win8 Release|x86.Build.0 = Win8 Release|Win32
		{92E3B437-C258-47FB-8856-D3FEA56A3BCC}.Win8.1 Release|ARM64.ActiveCfg = Win8.1 Release|Win32
		{92E3B437-C258-47FB-8856-D3FEA56A3BCC}.Win8.1 Release|x64.ActiveCfg = Win8.1 Release|x64
		{92E3B437-C258-47FB-8856-D3FEA56A3BCC}.Win8.1 Release|x64.Build.0 = Win8.1 Release|x64
		{92E3B437-C258-47FB-8856-D3FEA56A3BCC}.Win8.1 Release|x86.ActiveCfg = Win8.1 Release|Win32
		{92E3B437-C258-47FB-8856-D3FEA56A3BCC}.Win8.1 Release|x86.Build.0 = Win8.1 Release|Win32
		{3149C26A-F437-42BD-A40D-D10A695F93EF}.Vista Release|ARM64.ActiveCfg = Release|ARM64
		{3149C26A-F437-42BD-A40D-D10A695F93EF}.Vista Release|ARM64.Build.0 = Release|ARM64
		{3149C26A-F437-42BD-A40D-D10A695F93EF}.Vista Release|x64.ActiveCfg = Release|x64
		{3149C26A-F437-42BD-A40D-D10A695F93EF}.Vista Release|x64.Build.0 = Release|x64
		{3149C26A-F437-42BD-A40D-D10A695F93EF}.Vista Release|x86.ActiveCfg = Release|Win32
		{3149C26A-F437-42BD-A40D-D10A695F93EF}.Vista Release|x86.Build.0 = Release|Win32
		{3149C26A-F437-42BD-A40D-D10A695F93EF}.Win10 Release|ARM64.ActiveCfg = Release|ARM64
		{3149C26A-F437-42BD-A40D-D10A695F93EF}.Win10 Release|ARM64.Build.0 = Release|ARM64
		{3149C26A-F437-42BD-A40D-D10A695F93EF}.Win10 Release|x64.ActiveCfg = Release|x64
		{3149C26A-F437-42BD-A40D-D10A695F93EF}.Win10 Release|x64.Build.0 = Release|x64
		{3149C26A-F437-42BD-A40D-D10A695F93EF}.Win10 Release|x86.ActiveCfg = Release|Win32
		{3149C26A-F437-42BD-A40D-D10A695F93EF}.Win10 Release|x86.Build.0 = Release|Win32
		{3149C26A-F437-42BD-A40D-D10A695F93EF}.Win7 Release|ARM64.ActiveCfg = Release|ARM64
		{3149C26A-F437-42BD-A40D-D10A695F93EF}.Win7 Release|ARM64.Build.0 = Release|ARM64
		{3149C26A-F437-42BD-A40D-D10A695F93EF}.Win7 Release|x64.ActiveCfg = Release|x64
		{3149C26A-F437-42BD-A40D-D10A695F93EF}.Win7 Release|x64.Build.0 = Release|x64
		{3149C26A-F437-42BD-A40D-D10A695F93EF}.Win7 Release|x86.ActiveCfg = Release|Win32
		{3149C26A-F437-42BD-A40D-D10A695F93EF}.Win7 Release|x86.Build.0 = Release|Win32
		{3149C26A-F437-42BD-A40D-D10A695F93EF}.Win8 Release|ARM64.ActiveCfg = Release|ARM64
		{3149C26A-F437-42BD-A40D-D10A695F93EF}.Win8 Release|ARM64.Build.0 = Release|ARM64
		{3149C26A-F437-42BD-A40D-D10A695F93EF}.Win8 Release|x64.ActiveCfg = Release|x64
		{3149C26A-F437-42BD-A40D-D10A695F93EF}.Win8 Release|x64.Build.0 = Release|x64
		{3149C26A-F437-42BD-A40D-D10A695F93EF}.Win8 Release|x86.ActiveCfg = Release|Win32
		{3149C26A-F437-42BD-A40D-D10A695F93EF}.Win8 Release|x86.Build.0 = Release|Win32
		{3149C26A-F437-42BD-A40D-D10A695F93EF}.Win8.1 Release|ARM64.ActiveCfg = Release|ARM64
		{3149C26A-F437-42BD-A40D-D10A695F93EF}.Win8.1 Release|ARM64.Build.0 = Release|ARM64
		{3149C26A-F437-42BD-A40D-D10A695F93EF}.Win8.1 Release|x64.ActiveCfg = Release|x64
		{3149C26A-F437-42BD-A40D-D10A695F93EF}.Win8.1 Release|x64.Build.0 = Release|x64
		{3149C26A-F437-42BD-A40D-D10A695F93EF}.Win8.1 Release|x86.ActiveCfg = Release|Win32
		{3149C26A-F437-42BD-A40D-D10A695F93EF}.Win8.1 Release|x86.Build.0 = Release|Win32
	EndGlobalSection
	GlobalSection(SolutionProperties) = preSolution
		HideSolutionNode = FALSE
	EndGlobalSection
	GlobalSection(NestedProjects) = preSolution
		{01D87C47-437A-4A16-8FD9-33FA5C99339E} = {108DDF63-64A2-42E6-8E5C-F22936ABEBE0}
	EndGlobalSection
	GlobalSection(ExtensibilityGlobals) = postSolution
		SolutionGuid = {AC450062-C837-48FF-8C54-51233BC72023}
	EndGlobalSection
EndGlobal
