<?xml version="1.0" encoding="utf-8"?>
<Project ToolsVersion="4.0" xmlns="http://schemas.microsoft.com/developer/msbuild/2003">
  <ItemGroup>
    <Filter Include="Source Files">
      <UniqueIdentifier>{4FC737F1-C7A5-4376-A066-2A32D752A2FF}</UniqueIdentifier>
      <Extensions>cpp;c;cc;cxx;def;odl;idl;hpj;bat;asm;asmx</Extensions>
    </Filter>
    <Filter Include="Header Files">
      <UniqueIdentifier>{93995380-89BD-4b04-88EB-625FBE52EBFB}</UniqueIdentifier>
      <Extensions>h;hpp;hxx;hm;inl;inc;xsd</Extensions>
    </Filter>
    <Filter Include="Resource Files">
      <UniqueIdentifier>{67DA6AB6-F800-4c08-8B7A-83BB121AAD01}</UniqueIdentifier>
      <Extensions>rc;ico;cur;bmp;dlg;rc2;rct;bin;rgs;gif;jpg;jpeg;jpe;resx;tiff;tif;png;wav;mfcribbon-ms</Extensions>
    </Filter>
    <Filter Include="Build">
      <UniqueIdentifier>{37aa1c8f-1c3b-4eea-8b8e-36d855b298c1}</UniqueIdentifier>
    </Filter>
    <Filter Include="Virtio-Clone">
      <UniqueIdentifier>{04e935bf-df7f-4389-9282-acbcee2bdacb}</UniqueIdentifier>
    </Filter>
  </ItemGroup>
  <ItemGroup>
    <ClCompile Include="Common\ParaNdis-Common.c">
      <Filter>Source Files</Filter>
    </ClCompile>
    <ClCompile Include="Common\ParaNdis-Debug.c">
      <Filter>Source Files</Filter>
    </ClCompile>
    <ClCompile Include="Common\ParaNdis-Oid.c">
      <Filter>Source Files</Filter>
    </ClCompile>
    <ClCompile Include="Common\sw-offload.c">
      <Filter>Source Files</Filter>
    </ClCompile>
    <ClCompile Include="wlh\ParaNdis6-Driver.c">
      <Filter>Source Files</Filter>
    </ClCompile>
    <ClCompile Include="wlh\ParaNdis6-Impl.c">
      <Filter>Source Files</Filter>
    </ClCompile>
    <ClCompile Include="wlh\ParaNdis6-Oid.c">
      <Filter>Source Files</Filter>
    </ClCompile>
    <ClCompile Include="VirtIO\VirtIOPCI.c">
      <Filter>Virtio-Clone</Filter>
    </ClCompile>
    <ClCompile Include="VirtIO\VirtIORing.c">
      <Filter>Virtio-Clone</Filter>
    </ClCompile>
  </ItemGroup>
  <ItemGroup>
    <None Include="buildAll.bat">
      <Filter>Build</Filter>
    </None>
  </ItemGroup>
  <ItemGroup>
    <ClInclude Include="Common\common.inf.h">
      <Filter>Header Files</Filter>
    </ClInclude>
    <ClInclude Include="Common\DebugData.h">
      <Filter>Header Files</Filter>
    </ClInclude>
    <ClInclude Include="Common\ethernetutils.h">
      <Filter>Header Files</Filter>
    </ClInclude>
    <ClInclude Include="Common\IONetDescriptor.h">
      <Filter>Header Files</Filter>
    </ClInclude>
    <ClInclude Include="Common\kdebugprint.h">
      <Filter>Header Files</Filter>
    </ClInclude>
    <ClInclude Include="Common\ndis56common.h">
      <Filter>Header Files</Filter>
    </ClInclude>
    <ClInclude Include="Common\osdep.h">
      <Filter>Header Files</Filter>
    </ClInclude>
    <ClInclude Include="Common\quverp.h">
      <Filter>Header Files</Filter>
    </ClInclude>
    <ClInclude Include="VirtIO\VirtIO.h">
      <Filter>Virtio-Clone</Filter>
    </ClInclude>
    <ClInclude Include="VirtIO\virtio_pci.h">
      <Filter>Virtio-Clone</Filter>
    </ClInclude>
    <ClInclude Include="VirtIO\virtio_ring.h">
      <Filter>Virtio-Clone</Filter>
    </ClInclude>
    <ClInclude Include="NetKVM-2012.h">
      <Filter>Header Files</Filter>
    </ClInclude>
  </ItemGroup>
  <ItemGroup>
    <ResourceCompile Include="wlh\Parandis6.rc">
      <Filter>Resource Files</Filter>
    </ResourceCompile>
  </ItemGroup>
  <ItemGroup>
    <Inf Include="wlh\netkvm.inf">
      <Filter>Build</Filter>
    </Inf>
  </ItemGroup>
</Project>