<?xml version="1.0" encoding="utf-8"?>
<Project ToolsVersion="4.0" xmlns="http://schemas.microsoft.com/developer/msbuild/2003">
  <ItemGroup>
    <Filter Include="Source Files">
      <UniqueIdentifier>{4FC737F1-C7A5-4376-A066-2A32D752A2FF}</UniqueIdentifier>
      <Extensions>cpp;c;cc;cxx;def;odl;idl;hpj;bat;asm;asmx</Extensions>
    </Filter>
    <Filter Include="Header Files">
      <UniqueIdentifier>{93995380-89BD-4b04-88EB-625FBE52EBFB}</UniqueIdentifier>
      <Extensions>h;hpp;hxx;hm;inl;inc;xsd</Extensions>
    </Filter>
    <Filter Include="Resource Files">
      <UniqueIdentifier>{67DA6AB6-F800-4c08-8B7A-83BB121AAD01}</UniqueIdentifier>
      <Extensions>rc;ico;cur;bmp;dlg;rc2;rct;bin;rgs;gif;jpg;jpeg;jpe;resx;tiff;tif;png;wav;mfcribbon-ms</Extensions>
    </Filter>
    <Filter Include="Driver Files">
      <UniqueIdentifier>{8E41214B-6785-4CFE-B992-037D68949A14}</UniqueIdentifier>
      <Extensions>inf;inv;inx;mof;mc;</Extensions>
    </Filter>
    <Filter Include="Header Files\Common">
      <UniqueIdentifier>{f4e0f9ac-0205-4ac3-b998-c94a28a9b2fd}</UniqueIdentifier>
    </Filter>
    <Filter Include="Header Files\wlh">
      <UniqueIdentifier>{0b707a6d-11ba-4b34-ba4f-879342bd78b3}</UniqueIdentifier>
    </Filter>
    <Filter Include="Source Files\Common">
      <UniqueIdentifier>{dc1aa52e-aef9-4beb-a448-ad269a699571}</UniqueIdentifier>
    </Filter>
    <Filter Include="Source Files\wlh">
      <UniqueIdentifier>{da0e565c-b59b-427d-b050-48317874ff27}</UniqueIdentifier>
    </Filter>
    <Filter Include="Tools">
      <UniqueIdentifier>{37970de9-8475-418f-8090-ca33d7da18da}</UniqueIdentifier>
    </Filter>
  </ItemGroup>
  <ItemGroup>
    <ClInclude Include="Common\DebugData.h">
      <Filter>Header Files\Common</Filter>
    </ClInclude>
    <ClInclude Include="Common\ethernetutils.h">
      <Filter>Header Files\Common</Filter>
    </ClInclude>
    <ClInclude Include="Common\ndis56common.h">
      <Filter>Header Files\Common</Filter>
    </ClInclude>
    <ClInclude Include="Common\osdep.h">
      <Filter>Header Files\Common</Filter>
    </ClInclude>
    <ClInclude Include="Common\ParaNdis_Debug.h">
      <Filter>Header Files\Common</Filter>
    </ClInclude>
    <ClInclude Include="Common\ParaNdis_DebugHistory.h">
      <Filter>Header Files\Common</Filter>
    </ClInclude>
    <ClInclude Include="Common\ParaNdis-AbstractPath.h">
      <Filter>Header Files\Common</Filter>
    </ClInclude>
    <ClInclude Include="Common\ParaNdis-CX.h">
      <Filter>Header Files\Common</Filter>
    </ClInclude>
    <ClInclude Include="Common\ParaNdis-Oid.h">
      <Filter>Header Files\Common</Filter>
    </ClInclude>
    <ClInclude Include="Common\ParaNdis-RSS.h">
      <Filter>Header Files\Common</Filter>
    </ClInclude>
    <ClInclude Include="Common\ParaNdis-RX.h">
      <Filter>Header Files\Common</Filter>
    </ClInclude>
    <ClInclude Include="Common\ParaNdis-TX.h">
      <Filter>Header Files\Common</Filter>
    </ClInclude>
    <ClInclude Include="Common\ParaNdis-Util.h">
      <Filter>Header Files\Common</Filter>
    </ClInclude>
    <ClInclude Include="Common\ParaNdis-VirtQueue.h">
      <Filter>Header Files\Common</Filter>
    </ClInclude>
    <ClInclude Include="Common\quverp.h">
      <Filter>Header Files\Common</Filter>
    </ClInclude>
    <ClInclude Include="Common\virtio_net.h">
      <Filter>Header Files\Common</Filter>
    </ClInclude>
    <ClInclude Include="wlh\ParaNdis6.h">
      <Filter>Header Files\wlh</Filter>
    </ClInclude>
    <ClInclude Include="Common\ParaNdis-VirtIO.h">
      <Filter>Header Files\Common</Filter>
    </ClInclude>
    <ClInclude Include="Common\ParaNdis_GuestAnnounce.h">
      <Filter>Header Files\Common</Filter>
    </ClInclude>
    <ClInclude Include="wlh\ParaNdis6_Driver.h">
      <Filter>Header Files\wlh</Filter>
    </ClInclude>
    <ClInclude Include="Common\ParaNdis_LockFreeQueue.h">
      <Filter>Header Files\Common</Filter>
    </ClInclude>
    <ClInclude Include="Common\Trace.h">
      <Filter>Header Files\Common</Filter>
    </ClInclude>
    <ClInclude Include="Common\Parandis_DesignPatterns.h">
      <Filter>Header Files\Common</Filter>
    </ClInclude>
    <ClInclude Include="Common\ParaNdis_Protocol.h">
      <Filter>Header Files\Common</Filter>
    </ClInclude>
  </ItemGroup>
  <ItemGroup>
    <ResourceCompile Include="wlh\Parandis6.rc">
      <Filter>Resource Files</Filter>
    </ResourceCompile>
  </ItemGroup>
  <ItemGroup>
    <ClCompile Include="wlh\ParaNdis6_Driver.cpp">
      <Filter>Source Files\wlh</Filter>
    </ClCompile>
    <ClCompile Include="wlh\ParaNdis6_Impl.cpp">
      <Filter>Source Files\wlh</Filter>
    </ClCompile>
    <ClCompile Include="wlh\ParaNdis6_Oid.cpp">
      <Filter>Source Files\wlh</Filter>
    </ClCompile>
    <ClCompile Include="wlh\ParaNdis6_RSS.cpp">
      <Filter>Source Files\wlh</Filter>
    </ClCompile>
    <ClCompile Include="Common\ParaNdis_AbstractPath.cpp">
      <Filter>Source Files\Common</Filter>
    </ClCompile>
    <ClCompile Include="Common\ParaNdis_Common.cpp">
      <Filter>Source Files\Common</Filter>
    </ClCompile>
    <ClCompile Include="Common\ParaNdis_CX.cpp">
      <Filter>Source Files\Common</Filter>
    </ClCompile>
    <ClCompile Include="Common\ParaNdis_Debug.cpp">
      <Filter>Source Files\Common</Filter>
    </ClCompile>
    <ClCompile Include="Common\ParaNdis_Oid.cpp">
      <Filter>Source Files\Common</Filter>
    </ClCompile>
    <ClCompile Include="Common\ParaNdis_RX.cpp">
      <Filter>Source Files\Common</Filter>
    </ClCompile>
    <ClCompile Include="Common\ParaNdis_TX.cpp">
      <Filter>Source Files\Common</Filter>
    </ClCompile>
    <ClInclude Include="Common\ParaNdis-SM.h">
      <Filter>Source Files\Common</Filter>
    </ClInclude>
    <ClCompile Include="Common\ParaNdis_Util.cpp">
      <Filter>Source Files\Common</Filter>
    </ClCompile>
    <ClCompile Include="Common\ParaNdis_VirtQueue.cpp">
      <Filter>Source Files\Common</Filter>
    </ClCompile>
    <ClCompile Include="Common\sw_offload.cpp">
      <Filter>Source Files\Common</Filter>
    </ClCompile>
    <ClCompile Include="Common\ParaNdis_VirtIO.cpp">
      <Filter>Source Files\Common</Filter>
    </ClCompile>
    <ClCompile Include="Common\ParaNdis_GuestAnnounce.cpp">
      <Filter>Source Files\Common</Filter>
    </ClCompile>
    <ClCompile Include="Common\ParaNdis_Protocol.cpp">
      <Filter>Source Files\Common</Filter>
    </ClCompile>
  </ItemGroup>
  <ItemGroup>
    <None Include="tools\cleanemptystrings.vbs">
      <Filter>Tools</Filter>
    </None>
    <None Include="tools\make_inf.bat">
      <Filter>Tools</Filter>
    </None>
  </ItemGroup>
  <ItemGroup>
    <Inf Include="$(SourceInfFile)" />
    <Inf Include="$(SourceInfFile)" />
    <Inf Include="$(SourceInfFile)" />
    <Inf Include="$(SourceInfFile)" />
    <Inf Include="$(SourceInfFile)" />
    <Inf Include="$(SourceInfFile)" />
  </ItemGroup>
</Project>