
Microsoft Visual Studio Solution File, Format Version 10.00
# Visual Studio 2008
Project("{8BC9CEB8-8B4A-11D0-8D11-00A0C91BC942}") = "test_app", "test_app\test_app.vcproj", "{50BA5641-3DE6-4C1A-A147-32E9B3E07150}"
EndProject
Global
	GlobalSection(SolutionConfigurationPlatforms) = preSolution
		Debug|Win32 = Debug|Win32
		Release|Win32 = Release|Win32
	EndGlobalSection
	GlobalSection(ProjectConfigurationPlatforms) = postSolution
		{50BA5641-3DE6-4C1A-A147-32E9B3E07150}.Debug|Win32.ActiveCfg = Debug|Win32
		{50BA5641-3DE6-4C1A-A147-32E9B3E07150}.Debug|Win32.Build.0 = Debug|Win32
		{50BA5641-3DE6-4C1A-A147-32E9B3E07150}.Release|Win32.ActiveCfg = Release|Win32
		{50BA5641-3DE6-4C1A-A147-32E9B3E07150}.Release|Win32.Build.0 = Release|Win32
	EndGlobalSection
	GlobalSection(SolutionProperties) = preSolution
		HideSolutionNode = FALSE
	EndGlobalSection
EndGlobal
