Microsoft Visual Studio Solution File, Format Version 12.00
# Visual Studio Version 17
VisualStudioVersion = 17.10.35027.167
MinimumVisualStudioVersion = 10.0.40219.1
Project("{2150E333-8FDC-42A3-9474-1A3956D46DE8}") = "VirtIO", "VirtIO", "{9B50A368-22AC-421A-BA77-FA2BC760D7D9}"
EndProject
Project("{2150E333-8FDC-42A3-9474-1A3956D46DE8}") = "viostor", "viostor", "{BE3962CB-0038-42CD-9182-AF4FDE2938F1}"
EndProject
Project("{2150E333-8FDC-42A3-9474-1A3956D46DE8}") = "vioscsi", "vioscsi", "{46DFC9B8-497E-4CD6-B3C8-C456B8EEBCC1}"
EndProject
Project("{2150E333-8FDC-42A3-9474-1A3956D46DE8}") = "vioinput", "vioinput", "{E8F15557-9E22-4EFB-92A5-8AB69ACEC7A8}"
EndProject
Project("{2150E333-8FDC-42A3-9474-1A3956D46DE8}") = "vioserial", "vioserial", "{1F390D79-F68F-4F25-B4A0-0E50FEAE5D7D}"
EndProject
Project("{2150E333-8FDC-42A3-9474-1A3956D46DE8}") = "viorng", "viorng", "{9F1ACED2-9B2F-41C9-AE57-0B0958379DCD}"
EndProject
Project("{2150E333-8FDC-42A3-9474-1A3956D46DE8}") = "pvpanic", "pvpanic", "{D773D8E3-C5AD-4361-B46E-BF4AB358E7FE}"
EndProject
Project("{2150E333-8FDC-42A3-9474-1A3956D46DE8}") = "NetKVM", "NetKVM", "{DF169B23-B571-48BE-8287-4F0326B52D77}"
EndProject
Project("{2150E333-8FDC-42A3-9474-1A3956D46DE8}") = "Balloon", "Balloon", "{8C3B4963-5F22-4A7B-9704-4F1CEC625909}"
EndProject
Project("{8BC9CEB8-8B4A-11D0-8D11-00A0C91BC942}") = "VirtioLib", "VirtIO\VirtioLib.vcxproj", "{01D87C47-437A-4A16-8FD9-33FA5C99339E}"
EndProject
Project("{8BC9CEB8-8B4A-11D0-8D11-00A0C91BC942}") = "VirtioLib-WDF", "VirtIO\WDF\VirtioLib-WDF.vcxproj", "{EC1B7990-EA6A-45FE-836C-2F050F6BB632}"
	ProjectSection(ProjectDependencies) = postProject
		{01D87C47-437A-4A16-8FD9-33FA5C99339E} = {01D87C47-437A-4A16-8FD9-33FA5C99339E}
	EndProjectSection
EndProject
Project("{8BC9CEB8-8B4A-11D0-8D11-00A0C91BC942}") = "viostor", "viostor\viostor.vcxproj", "{DAD407F3-186A-48FC-88CE-E236AF3165C4}"
	ProjectSection(ProjectDependencies) = postProject
		{01D87C47-437A-4A16-8FD9-33FA5C99339E} = {01D87C47-437A-4A16-8FD9-33FA5C99339E}
	EndProjectSection
EndProject
Project("{8BC9CEB8-8B4A-11D0-8D11-00A0C91BC942}") = "vioser-test", "vioserial\app\vioser-test.vcxproj", "{EF30BBDE-57AE-48F8-BACD-3C3F8C45E64C}"
EndProject
Project("{8BC9CEB8-8B4A-11D0-8D11-00A0C91BC942}") = "vioser", "vioserial\sys\vioser.vcxproj", "{023DE679-5B3F-423F-88C4-714A12F3D864}"
	ProjectSection(ProjectDependencies) = postProject
		{01D87C47-437A-4A16-8FD9-33FA5C99339E} = {01D87C47-437A-4A16-8FD9-33FA5C99339E}
		{EC1B7990-EA6A-45FE-836C-2F050F6BB632} = {EC1B7990-EA6A-45FE-836C-2F050F6BB632}
		{EF30BBDE-57AE-48F8-BACD-3C3F8C45E64C} = {EF30BBDE-57AE-48F8-BACD-3C3F8C45E64C}
	EndProjectSection
EndProject
Project("{8BC9CEB8-8B4A-11D0-8D11-00A0C91BC942}") = "vioscsi", "vioscsi\vioscsi.vcxproj", "{1530C86E-90C0-4270-B3A2-0FB90152CA48}"
	ProjectSection(ProjectDependencies) = postProject
		{01D87C47-437A-4A16-8FD9-33FA5C99339E} = {01D87C47-437A-4A16-8FD9-33FA5C99339E}
	EndProjectSection
EndProject
Project("{8BC9CEB8-8B4A-11D0-8D11-00A0C91BC942}") = "viorng", "viorng\viorng\viorng.vcxproj", "{EF874D69-710D-4B5D-AFDA-4A3E912B5838}"
	ProjectSection(ProjectDependencies) = postProject
		{01D87C47-437A-4A16-8FD9-33FA5C99339E} = {01D87C47-437A-4A16-8FD9-33FA5C99339E}
		{EC1B7990-EA6A-45FE-836C-2F050F6BB632} = {EC1B7990-EA6A-45FE-836C-2F050F6BB632}
	EndProjectSection
EndProject
Project("{8BC9CEB8-8B4A-11D0-8D11-00A0C91BC942}") = "VirtRNG Package", "viorng\VirtRNG Package\VirtRNG Package.vcxproj", "{4471A5F4-C884-4EBA-8241-FEBBECE181CF}"
	ProjectSection(ProjectDependencies) = postProject
		{E81CB0C6-F255-4A79-B972-8E49D15D957E} = {E81CB0C6-F255-4A79-B972-8E49D15D957E}
		{8CB5D2D4-F3EA-4568-89A8-DCD332BDCF4E} = {8CB5D2D4-F3EA-4568-89A8-DCD332BDCF4E}
	EndProjectSection
EndProject
Project("{8BC9CEB8-8B4A-11D0-8D11-00A0C91BC942}") = "viorngum", "viorng\cng\um\viorngum.vcxproj", "{E81CB0C6-F255-4A79-B972-8E49D15D957E}"
EndProject
Project("{8BC9CEB8-8B4A-11D0-8D11-00A0C91BC942}") = "vioinput", "vioinput\sys\vioinput.vcxproj", "{230231C1-A0C2-4A37-B32B-E247A92311F4}"
	ProjectSection(ProjectDependencies) = postProject
		{01D87C47-437A-4A16-8FD9-33FA5C99339E} = {01D87C47-437A-4A16-8FD9-33FA5C99339E}
		{EC1B7990-EA6A-45FE-836C-2F050F6BB632} = {EC1B7990-EA6A-45FE-836C-2F050F6BB632}
	EndProjectSection
EndProject
Project("{8BC9CEB8-8B4A-11D0-8D11-00A0C91BC942}") = "pvpanic", "pvpanic\pvpanic\pvpanic.vcxproj", "{CDABF347-89AB-4E09-A93F-324D4EFBC74F}"
EndProject
Project("{8BC9CEB8-8B4A-11D0-8D11-00A0C91BC942}") = "PVPanic Package", "pvpanic\PVPanic Package\PVPanic Package.vcxproj", "{3E9E272D-6299-4B69-A49E-6D286EAB8CCA}"
EndProject
Project("{8BC9CEB8-8B4A-11D0-8D11-00A0C91BC942}") = "NetKVM-VS2015", "NetKVM\NetKVM-VS2015.vcxproj", "{29D5D8BA-071A-464F-89DF-C0B4EE99F141}"
	ProjectSection(ProjectDependencies) = postProject
		{01D87C47-437A-4A16-8FD9-33FA5C99339E} = {01D87C47-437A-4A16-8FD9-33FA5C99339E}
		{3149C26A-F437-42BD-A40D-D10A695F93EF} = {3149C26A-F437-42BD-A40D-D10A695F93EF}
		{7F794CE4-EFAC-4C54-AEEC-7873510C36EA} = {7F794CE4-EFAC-4C54-AEEC-7873510C36EA}
		{09672FE6-A18C-4B3B-B1DC-1C7C1F61F9B4} = {09672FE6-A18C-4B3B-B1DC-1C7C1F61F9B4}
	EndProjectSection
EndProject
Project("{8BC9CEB8-8B4A-11D0-8D11-00A0C91BC942}") = "netkvmco-vs2015", "NetKVM\CoInstaller\netkvmco-vs2015.vcxproj", "{7F794CE4-EFAC-4C54-AEEC-7873510C36EA}"
EndProject
Project("{2150E333-8FDC-42A3-9474-1A3956D46DE8}") = "NDIS6", "NDIS6", "{1062D4C0-2DC2-4AFA-A1A8-C57666FE923E}"
EndProject
Project("{8BC9CEB8-8B4A-11D0-8D11-00A0C91BC942}") = "balloon", "Balloon\sys\balloon.vcxproj", "{B3402316-94F7-4526-AD07-870DEE0E660C}"
	ProjectSection(ProjectDependencies) = postProject
		{01D87C47-437A-4A16-8FD9-33FA5C99339E} = {01D87C47-437A-4A16-8FD9-33FA5C99339E}
		{B953395B-010B-432C-AFCD-6C4F6553905F} = {B953395B-010B-432C-AFCD-6C4F6553905F}
		{EC1B7990-EA6A-45FE-836C-2F050F6BB632} = {EC1B7990-EA6A-45FE-836C-2F050F6BB632}
	EndProjectSection
EndProject
Project("{8BC9CEB8-8B4A-11D0-8D11-00A0C91BC942}") = "blnsvr", "Balloon\app\blnsvr.vcxproj", "{B953395B-010B-432C-AFCD-6C4F6553905F}"
EndProject
Project("{8BC9CEB8-8B4A-11D0-8D11-00A0C91BC942}") = "Mof", "NetKVM\Mof\Mof.vcxproj", "{09672FE6-A18C-4B3B-B1DC-1C7C1F61F9B4}"
EndProject
Project("{8BC9CEB8-8B4A-11D0-8D11-00A0C91BC942}") = "hidpassthrough", "vioinput\hidpassthrough\hidpassthrough.vcxproj", "{EC5DCAF5-3514-4E61-8201-10F5F060E096}"
EndProject
Project("{2150E333-8FDC-42A3-9474-1A3956D46DE8}") = "ivshmem", "ivshmem", "{799496CA-9430-4FFF-BEA7-224AE168500B}"
EndProject
Project("{8BC9CEB8-8B4A-11D0-8D11-00A0C91BC942}") = "ivshmem", "ivshmem\ivshmem.vcxproj", "{03CA149C-ACBD-430E-A663-30D3A335F8A4}"
	ProjectSection(ProjectDependencies) = postProject
		{87AEE822-FF8B-4743-A567-8B46F4FA6D99} = {87AEE822-FF8B-4743-A567-8B46F4FA6D99}
	EndProjectSection
EndProject
Project("{8BC9CEB8-8B4A-11D0-8D11-00A0C91BC942}") = "ivshmem-test", "ivshmem\test\ivshmem-test.vcxproj", "{87AEE822-FF8B-4743-A567-8B46F4FA6D99}"
EndProject
Project("{2150E333-8FDC-42A3-9474-1A3956D46DE8}") = "viocrypt", "viocrypt", "{96D0A704-41DC-4FB2-9F63-8026821478D3}"
EndProject
Project("{8BC9CEB8-8B4A-11D0-8D11-00A0C91BC942}") = "viocrypt", "viocrypt\sys\viocrypt.vcxproj", "{92C73575-146D-4C39-A9CA-7B9081EB6FD1}"
	ProjectSection(ProjectDependencies) = postProject
		{01D87C47-437A-4A16-8FD9-33FA5C99339E} = {01D87C47-437A-4A16-8FD9-33FA5C99339E}
		{EC1B7990-EA6A-45FE-836C-2F050F6BB632} = {EC1B7990-EA6A-45FE-836C-2F050F6BB632}
	EndProjectSection
EndProject
Project("{8BC9CEB8-8B4A-11D0-8D11-00A0C91BC942}") = "viocrypt-prov", "viocrypt\dll\viocrypt-prov.vcxproj", "{F93779E1-51C1-4D12-9DC6-28FF6EB5589B}"
	ProjectSection(ProjectDependencies) = postProject
		{92C73575-146D-4C39-A9CA-7B9081EB6FD1} = {92C73575-146D-4C39-A9CA-7B9081EB6FD1}
	EndProjectSection
EndProject
Project("{8BC9CEB8-8B4A-11D0-8D11-00A0C91BC942}") = "viocrypt-test", "viocrypt\test\viocrypt-test.vcxproj", "{DD9D3949-C1BC-426F-BFDA-D9310B8F9E3F}"
	ProjectSection(ProjectDependencies) = postProject
		{92C73575-146D-4C39-A9CA-7B9081EB6FD1} = {92C73575-146D-4C39-A9CA-7B9081EB6FD1}
		{F93779E1-51C1-4D12-9DC6-28FF6EB5589B} = {F93779E1-51C1-4D12-9DC6-28FF6EB5589B}
	EndProjectSection
EndProject
Project("{8BC9CEB8-8B4A-11D0-8D11-00A0C91BC942}") = "VIOCRYPT package", "viocrypt\package\package.vcxproj", "{8B100A20-3269-428E-8995-91CEC80756F9}"
	ProjectSection(ProjectDependencies) = postProject
		{92C73575-146D-4C39-A9CA-7B9081EB6FD1} = {92C73575-146D-4C39-A9CA-7B9081EB6FD1}
		{F93779E1-51C1-4D12-9DC6-28FF6EB5589B} = {F93779E1-51C1-4D12-9DC6-28FF6EB5589B}
	EndProjectSection
EndProject
Project("{2150E333-8FDC-42A3-9474-1A3956D46DE8}") = "fwcfg64", "fwcfg64", "{F8BDF479-508B-40A3-9F3F-AB22FDF6D5FF}"
EndProject
Project("{8BC9CEB8-8B4A-11D0-8D11-00A0C91BC942}") = "fwcfg", "fwcfg64\fwcfg.vcxproj", "{D9EF1144-4779-444C-ADD6-F733B749A862}"
EndProject
Project("{8BC9CEB8-8B4A-11D0-8D11-00A0C91BC942}") = "viorngtest", "viorng\test\viorngtest.vcxproj", "{8CB5D2D4-F3EA-4568-89A8-DCD332BDCF4E}"
EndProject
Project("{8BC9CEB8-8B4A-11D0-8D11-00A0C91BC942}") = "viofs", "viofs\pci\viofs.vcxproj", "{209E8947-494D-4104-B44B-530CB68A6494}"
	ProjectSection(ProjectDependencies) = postProject
		{01D87C47-437A-4A16-8FD9-33FA5C99339E} = {01D87C47-437A-4A16-8FD9-33FA5C99339E}
		{EC1B7990-EA6A-45FE-836C-2F050F6BB632} = {EC1B7990-EA6A-45FE-836C-2F050F6BB632}
		{9D87E5A8-84AE-4775-90B5-CC75CA420670} = {9D87E5A8-84AE-4775-90B5-CC75CA420670}
	EndProjectSection
EndProject
Project("{2150E333-8FDC-42A3-9474-1A3956D46DE8}") = "VirtioFS", "VirtioFS", "{1FD474F9-4963-48FE-A58B-C0ED1CD86880}"
EndProject
Project("{8BC9CEB8-8B4A-11D0-8D11-00A0C91BC942}") = "virtiofs", "viofs\svc\virtiofs.vcxproj", "{9D87E5A8-84AE-4775-90B5-CC75CA420670}"
EndProject
Project("{8BC9CEB8-8B4A-11D0-8D11-00A0C91BC942}") = "VirtFS Package", "viofs\VirtFS Package\VirtFS Package.vcxproj", "{B415038E-1FD4-4001-AEAB-CFA2177B1806}"
	ProjectSection(ProjectDependencies) = postProject
		{9D87E5A8-84AE-4775-90B5-CC75CA420670} = {9D87E5A8-84AE-4775-90B5-CC75CA420670}
	EndProjectSection
EndProject
Project("{8BC9CEB8-8B4A-11D0-8D11-00A0C91BC942}") = "NotifyObject", "NetKVM\NotifyObject\notifyobject.vcxproj", "{92E3B437-C258-47FB-8856-D3FEA56A3BCC}"
	ProjectSection(ProjectDependencies) = postProject
		{3149C26A-F437-42BD-A40D-D10A695F93EF} = {3149C26A-F437-42BD-A40D-D10A695F93EF}
	EndProjectSection
EndProject
Project("{8BC9CEB8-8B4A-11D0-8D11-00A0C91BC942}") = "ProtocolService", "NetKVM\ProtocolService\ProtocolService.vcxproj", "{3149C26A-F437-42BD-A40D-D10A695F93EF}"
EndProject
Project("{2150E333-8FDC-42A3-9474-1A3956D46DE8}") = "viosock", "viosock", "{02B3EFA9-96A2-4117-BDFF-38908F1DB93F}"
EndProject
Project("{8BC9CEB8-8B4A-11D0-8D11-00A0C91BC942}") = "viosocklib", "viosock\lib\viosocklib.vcxproj", "{315D93F9-0F5C-4ACD-AFB1-96B1E62559BC}"
EndProject
Project("{8BC9CEB8-8B4A-11D0-8D11-00A0C91BC942}") = "viosock", "viosock\sys\viosock.vcxproj", "{C65DA065-5828-45CF-89DB-FC4F21BC9E05}"
	ProjectSection(ProjectDependencies) = postProject
		{EC1B7990-EA6A-45FE-836C-2F050F6BB632} = {EC1B7990-EA6A-45FE-836C-2F050F6BB632}
	EndProjectSection
EndProject
Project("{8BC9CEB8-8B4A-11D0-8D11-00A0C91BC942}") = "viosocklib-test", "viosock\viosocklib-test\viosocklib-test.vcxproj", "{2CFBBF52-9646-4E42-9E43-9CEE50735254}"
	ProjectSection(ProjectDependencies) = postProject
		{315D93F9-0F5C-4ACD-AFB1-96B1E62559BC} = {315D93F9-0F5C-4ACD-AFB1-96B1E62559BC}
	EndProjectSection
EndProject
Project("{8BC9CEB8-8B4A-11D0-8D11-00A0C91BC942}") = "ViosockPackage", "viosock\ViosockPackage\ViosockPackage.vcxproj", "{3F2854A7-A604-4006-A79B-9EAFC63015B8}"
	ProjectSection(ProjectDependencies) = postProject
		{F1D3841D-FC2D-4CF1-BE04-6CF5ACBFC41F} = {F1D3841D-FC2D-4CF1-BE04-6CF5ACBFC41F}
		{315D93F9-0F5C-4ACD-AFB1-96B1E62559BC} = {315D93F9-0F5C-4ACD-AFB1-96B1E62559BC}
	EndProjectSection
EndProject
Project("{8BC9CEB8-8B4A-11D0-8D11-00A0C91BC942}") = "viosock-test", "viosock\viosock-test\viosock-test.vcxproj", "{5E68CCE9-F95D-4A6C-A5AD-DBA7CE0CA63A}"
	ProjectSection(ProjectDependencies) = postProject
		{C65DA065-5828-45CF-89DB-FC4F21BC9E05} = {C65DA065-5828-45CF-89DB-FC4F21BC9E05}
	EndProjectSection
EndProject
Project("{8BC9CEB8-8B4A-11D0-8D11-00A0C91BC942}") = "viogpudo", "viogpu\viogpudo\viogpudo.vcxproj", "{BDE07E9E-2041-4853-8B74-7CF591C255E7}"
	ProjectSection(ProjectDependencies) = postProject
		{D572573A-7D73-404D-8DFA-7727278C242E} = {D572573A-7D73-404D-8DFA-7727278C242E}
		{8C2B5F43-18E2-41B6-AEBC-8B6704F7FCC6} = {8C2B5F43-18E2-41B6-AEBC-8B6704F7FCC6}
		{01D87C47-437A-4A16-8FD9-33FA5C99339E} = {01D87C47-437A-4A16-8FD9-33FA5C99339E}
	EndProjectSection
EndProject
Project("{2150E333-8FDC-42A3-9474-1A3956D46DE8}") = "viogpu", "viogpu", "{711026E0-B4CD-437B-B9FA-31DF42877EC4}"
EndProject
Project("{8BC9CEB8-8B4A-11D0-8D11-00A0C91BC942}") = "viogpuap", "viogpu\viogpuap\viogpuap.vcxproj", "{8C2B5F43-18E2-41B6-AEBC-8B6704F7FCC6}"
EndProject
Project("{8BC9CEB8-8B4A-11D0-8D11-00A0C91BC942}") = "viogpusc", "viogpu\viogpusc\viogpusc.vcxproj", "{D572573A-7D73-404D-8DFA-7727278C242E}"
EndProject
Project("{8BC9CEB8-8B4A-11D0-8D11-00A0C91BC942}") = "vioinput package", "vioinput\package\package.vcxproj", "{4BEE8BEA-413F-4262-BC96-B03B509241E4}"
	ProjectSection(ProjectDependencies) = postProject
		{230231C1-A0C2-4A37-B32B-E247A92311F4} = {230231C1-A0C2-4A37-B32B-E247A92311F4}
		{EC5DCAF5-3514-4E61-8201-10F5F060E096} = {EC5DCAF5-3514-4E61-8201-10F5F060E096}
	EndProjectSection
EndProject
Project("{8BC9CEB8-8B4A-11D0-8D11-00A0C91BC942}") = "viomem", "viomem\sys\viomem.vcxproj", "{9D17F7FB-A784-4958-8DB4-0D50118334F0}"
	ProjectSection(ProjectDependencies) = postProject
		{01D87C47-437A-4A16-8FD9-33FA5C99339E} = {01D87C47-437A-4A16-8FD9-33FA5C99339E}
		{EC1B7990-EA6A-45FE-836C-2F050F6BB632} = {EC1B7990-EA6A-45FE-836C-2F050F6BB632}
	EndProjectSection
EndProject
Project("{2150E333-8FDC-42A3-9474-1A3956D46DE8}") = "viomem", "viomem", "{B192B63C-8AC5-4480-A14E-920F549FECA9}"
EndProject
Project("{8BC9CEB8-8B4A-11D0-8D11-00A0C91BC942}") = "viosockwspsvc", "viosock\wspsvc\viosockwspsvc.vcxproj", "{B8C784B3-7914-4539-B728-F2EAE5C9795E}"
EndProject
Project("{8BC9CEB8-8B4A-11D0-8D11-00A0C91BC942}") = "tcp-bridge", "viosock\tcp-bridge\tcp-bridge.vcxproj", "{F1D3841D-FC2D-4CF1-BE04-6CF5ACBFC41F}"
	ProjectSection(ProjectDependencies) = postProject
		{315D93F9-0F5C-4ACD-AFB1-96B1E62559BC} = {315D93F9-0F5C-4ACD-AFB1-96B1E62559BC}
	EndProjectSection
EndProject
Global
	GlobalSection(SolutionConfigurationPlatforms) = preSolution
		Win10 Release|ARM64 = Win10 Release|ARM64
		Win10 Release|x64 = Win10 Release|x64
		Win10 Release|x86 = Win10 Release|x86
		Win11 Release|ARM64 = Win11 Release|ARM64
		Win11 Release|x64 = Win11 Release|x64
		Win11 Release|x86 = Win11 Release|x86
	EndGlobalSection
	GlobalSection(ProjectConfigurationPlatforms) = postSolution
		{01D87C47-437A-4A16-8FD9-33FA5C99339E}.Win10 Release|ARM64.ActiveCfg = Win10 Release|ARM64
		{01D87C47-437A-4A16-8FD9-33FA5C99339E}.Win10 Release|ARM64.Build.0 = Win10 Release|ARM64
		{01D87C47-437A-4A16-8FD9-33FA5C99339E}.Win10 Release|x64.ActiveCfg = Win10 Release|x64
		{01D87C47-437A-4A16-8FD9-33FA5C99339E}.Win10 Release|x64.Build.0 = Win10 Release|x64
		{01D87C47-437A-4A16-8FD9-33FA5C99339E}.Win10 Release|x86.ActiveCfg = Win10 Release|Win32
		{01D87C47-437A-4A16-8FD9-33FA5C99339E}.Win10 Release|x86.Build.0 = Win10 Release|Win32
		{01D87C47-437A-4A16-8FD9-33FA5C99339E}.Win11 Release|ARM64.ActiveCfg = Win11 Release|ARM64
		{01D87C47-437A-4A16-8FD9-33FA5C99339E}.Win11 Release|ARM64.Build.0 = Win11 Release|ARM64
		{01D87C47-437A-4A16-8FD9-33FA5C99339E}.Win11 Release|x64.ActiveCfg = Win11 Release|x64
		{01D87C47-437A-4A16-8FD9-33FA5C99339E}.Win11 Release|x64.Build.0 = Win11 Release|x64
		{01D87C47-437A-4A16-8FD9-33FA5C99339E}.Win11 Release|x86.ActiveCfg = Win11 Release|x64
		{EC1B7990-EA6A-45FE-836C-2F050F6BB632}.Win10 Release|ARM64.ActiveCfg = Win10 Release|ARM64
		{EC1B7990-EA6A-45FE-836C-2F050F6BB632}.Win10 Release|ARM64.Build.0 = Win10 Release|ARM64
		{EC1B7990-EA6A-45FE-836C-2F050F6BB632}.Win10 Release|x64.ActiveCfg = Win10 Release|x64
		{EC1B7990-EA6A-45FE-836C-2F050F6BB632}.Win10 Release|x64.Build.0 = Win10 Release|x64
		{EC1B7990-EA6A-45FE-836C-2F050F6BB632}.Win10 Release|x86.ActiveCfg = Win10 Release|Win32
		{EC1B7990-EA6A-45FE-836C-2F050F6BB632}.Win10 Release|x86.Build.0 = Win10 Release|Win32
		{EC1B7990-EA6A-45FE-836C-2F050F6BB632}.Win11 Release|ARM64.ActiveCfg = Win11 Release|ARM64
		{EC1B7990-EA6A-45FE-836C-2F050F6BB632}.Win11 Release|ARM64.Build.0 = Win11 Release|ARM64
		{EC1B7990-EA6A-45FE-836C-2F050F6BB632}.Win11 Release|x64.ActiveCfg = Win11 Release|x64
		{EC1B7990-EA6A-45FE-836C-2F050F6BB632}.Win11 Release|x64.Build.0 = Win11 Release|x64
		{EC1B7990-EA6A-45FE-836C-2F050F6BB632}.Win11 Release|x86.ActiveCfg = Win11 Release|x64
		{DAD407F3-186A-48FC-88CE-E236AF3165C4}.Win10 Release|ARM64.ActiveCfg = Win10 Release|ARM64
		{DAD407F3-186A-48FC-88CE-E236AF3165C4}.Win10 Release|ARM64.Build.0 = Win10 Release|ARM64
		{DAD407F3-186A-48FC-88CE-E236AF3165C4}.Win10 Release|x64.ActiveCfg = Win10 Release|x64
		{DAD407F3-186A-48FC-88CE-E236AF3165C4}.Win10 Release|x64.Build.0 = Win10 Release|x64
		{DAD407F3-186A-48FC-88CE-E236AF3165C4}.Win10 Release|x86.ActiveCfg = Win10 Release|Win32
		{DAD407F3-186A-48FC-88CE-E236AF3165C4}.Win10 Release|x86.Build.0 = Win10 Release|Win32
		{DAD407F3-186A-48FC-88CE-E236AF3165C4}.Win11 Release|ARM64.ActiveCfg = Win11 Release|ARM64
		{DAD407F3-186A-48FC-88CE-E236AF3165C4}.Win11 Release|ARM64.Build.0 = Win11 Release|ARM64
		{DAD407F3-186A-48FC-88CE-E236AF3165C4}.Win11 Release|x64.ActiveCfg = Win11 Release|x64
		{DAD407F3-186A-48FC-88CE-E236AF3165C4}.Win11 Release|x64.Build.0 = Win11 Release|x64
		{DAD407F3-186A-48FC-88CE-E236AF3165C4}.Win11 Release|x86.ActiveCfg = Win11 Release|x64
		{EF30BBDE-57AE-48F8-BACD-3C3F8C45E64C}.Win10 Release|ARM64.ActiveCfg = Win10 Release|ARM64
		{EF30BBDE-57AE-48F8-BACD-3C3F8C45E64C}.Win10 Release|ARM64.Build.0 = Win10 Release|ARM64
		{EF30BBDE-57AE-48F8-BACD-3C3F8C45E64C}.Win10 Release|x64.ActiveCfg = Win10 Release|x64
		{EF30BBDE-57AE-48F8-BACD-3C3F8C45E64C}.Win10 Release|x64.Build.0 = Win10 Release|x64
		{EF30BBDE-57AE-48F8-BACD-3C3F8C45E64C}.Win10 Release|x86.ActiveCfg = Win10 Release|Win32
		{EF30BBDE-57AE-48F8-BACD-3C3F8C45E64C}.Win10 Release|x86.Build.0 = Win10 Release|Win32
		{EF30BBDE-57AE-48F8-BACD-3C3F8C45E64C}.Win11 Release|ARM64.ActiveCfg = Win11 Release|ARM64
		{EF30BBDE-57AE-48F8-BACD-3C3F8C45E64C}.Win11 Release|ARM64.Build.0 = Win11 Release|ARM64
		{EF30BBDE-57AE-48F8-BACD-3C3F8C45E64C}.Win11 Release|x64.ActiveCfg = Win11 Release|x64
		{EF30BBDE-57AE-48F8-BACD-3C3F8C45E64C}.Win11 Release|x64.Build.0 = Win11 Release|x64
		{EF30BBDE-57AE-48F8-BACD-3C3F8C45E64C}.Win11 Release|x86.ActiveCfg = Win11 Release|x64
		{023DE679-5B3F-423F-88C4-714A12F3D864}.Win10 Release|ARM64.ActiveCfg = Win10 Release|ARM64
		{023DE679-5B3F-423F-88C4-714A12F3D864}.Win10 Release|ARM64.Build.0 = Win10 Release|ARM64
		{023DE679-5B3F-423F-88C4-714A12F3D864}.Win10 Release|x64.ActiveCfg = Win10 Release|x64
		{023DE679-5B3F-423F-88C4-714A12F3D864}.Win10 Release|x64.Build.0 = Win10 Release|x64
		{023DE679-5B3F-423F-88C4-714A12F3D864}.Win10 Release|x86.ActiveCfg = Win10 Release|Win32
		{023DE679-5B3F-423F-88C4-714A12F3D864}.Win10 Release|x86.Build.0 = Win10 Release|Win32
		{023DE679-5B3F-423F-88C4-714A12F3D864}.Win11 Release|ARM64.ActiveCfg = Win11 Release|ARM64
		{023DE679-5B3F-423F-88C4-714A12F3D864}.Win11 Release|ARM64.Build.0 = Win11 Release|ARM64
		{023DE679-5B3F-423F-88C4-714A12F3D864}.Win11 Release|x64.ActiveCfg = Win11 Release|x64
		{023DE679-5B3F-423F-88C4-714A12F3D864}.Win11 Release|x64.Build.0 = Win11 Release|x64
		{023DE679-5B3F-423F-88C4-714A12F3D864}.Win11 Release|x86.ActiveCfg = Win11 Release|x64
		{1530C86E-90C0-4270-B3A2-0FB90152CA48}.Win10 Release|ARM64.ActiveCfg = Win10 Release|ARM64
		{1530C86E-90C0-4270-B3A2-0FB90152CA48}.Win10 Release|ARM64.Build.0 = Win10 Release|ARM64
		{1530C86E-90C0-4270-B3A2-0FB90152CA48}.Win10 Release|x64.ActiveCfg = Win10 Release|x64
		{1530C86E-90C0-4270-B3A2-0FB90152CA48}.Win10 Release|x64.Build.0 = Win10 Release|x64
		{1530C86E-90C0-4270-B3A2-0FB90152CA48}.Win10 Release|x86.ActiveCfg = Win10 Release|Win32
		{1530C86E-90C0-4270-B3A2-0FB90152CA48}.Win10 Release|x86.Build.0 = Win10 Release|Win32
		{1530C86E-90C0-4270-B3A2-0FB90152CA48}.Win11 Release|ARM64.ActiveCfg = Win11 Release|ARM64
		{1530C86E-90C0-4270-B3A2-0FB90152CA48}.Win11 Release|ARM64.Build.0 = Win11 Release|ARM64
		{1530C86E-90C0-4270-B3A2-0FB90152CA48}.Win11 Release|x64.ActiveCfg = Win11 Release|x64
		{1530C86E-90C0-4270-B3A2-0FB90152CA48}.Win11 Release|x64.Build.0 = Win11 Release|x64
		{1530C86E-90C0-4270-B3A2-0FB90152CA48}.Win11 Release|x86.ActiveCfg = Win11 Release|x64
		{EF874D69-710D-4B5D-AFDA-4A3E912B5838}.Win10 Release|ARM64.ActiveCfg = Win10 Release|ARM64
		{EF874D69-710D-4B5D-AFDA-4A3E912B5838}.Win10 Release|ARM64.Build.0 = Win10 Release|ARM64
		{EF874D69-710D-4B5D-AFDA-4A3E912B5838}.Win10 Release|x64.ActiveCfg = Win10 Release|x64
		{EF874D69-710D-4B5D-AFDA-4A3E912B5838}.Win10 Release|x64.Build.0 = Win10 Release|x64
		{EF874D69-710D-4B5D-AFDA-4A3E912B5838}.Win10 Release|x86.ActiveCfg = Win10 Release|Win32
		{EF874D69-710D-4B5D-AFDA-4A3E912B5838}.Win10 Release|x86.Build.0 = Win10 Release|Win32
		{EF874D69-710D-4B5D-AFDA-4A3E912B5838}.Win11 Release|ARM64.ActiveCfg = Win11 Release|ARM64
		{EF874D69-710D-4B5D-AFDA-4A3E912B5838}.Win11 Release|ARM64.Build.0 = Win11 Release|ARM64
		{EF874D69-710D-4B5D-AFDA-4A3E912B5838}.Win11 Release|x64.ActiveCfg = Win11 Release|x64
		{EF874D69-710D-4B5D-AFDA-4A3E912B5838}.Win11 Release|x64.Build.0 = Win11 Release|x64
		{EF874D69-710D-4B5D-AFDA-4A3E912B5838}.Win11 Release|x86.ActiveCfg = Win11 Release|x64
		{4471A5F4-C884-4EBA-8241-FEBBECE181CF}.Win10 Release|ARM64.ActiveCfg = Win10 Release|ARM64
		{4471A5F4-C884-4EBA-8241-FEBBECE181CF}.Win10 Release|ARM64.Build.0 = Win10 Release|ARM64
		{4471A5F4-C884-4EBA-8241-FEBBECE181CF}.Win10 Release|x64.ActiveCfg = Win10 Release|x64
		{4471A5F4-C884-4EBA-8241-FEBBECE181CF}.Win10 Release|x64.Build.0 = Win10 Release|x64
		{4471A5F4-C884-4EBA-8241-FEBBECE181CF}.Win10 Release|x86.ActiveCfg = Win10 Release|Win32
		{4471A5F4-C884-4EBA-8241-FEBBECE181CF}.Win10 Release|x86.Build.0 = Win10 Release|Win32
		{4471A5F4-C884-4EBA-8241-FEBBECE181CF}.Win11 Release|ARM64.ActiveCfg = Win11 Release|ARM64
		{4471A5F4-C884-4EBA-8241-FEBBECE181CF}.Win11 Release|ARM64.Build.0 = Win11 Release|ARM64
		{4471A5F4-C884-4EBA-8241-FEBBECE181CF}.Win11 Release|x64.ActiveCfg = Win11 Release|x64
		{4471A5F4-C884-4EBA-8241-FEBBECE181CF}.Win11 Release|x64.Build.0 = Win11 Release|x64
		{4471A5F4-C884-4EBA-8241-FEBBECE181CF}.Win11 Release|x86.ActiveCfg = Win11 Release|x64
		{E81CB0C6-F255-4A79-B972-8E49D15D957E}.Win10 Release|ARM64.ActiveCfg = Win10 Release|ARM64
		{E81CB0C6-F255-4A79-B972-8E49D15D957E}.Win10 Release|ARM64.Build.0 = Win10 Release|ARM64
		{E81CB0C6-F255-4A79-B972-8E49D15D957E}.Win10 Release|x64.ActiveCfg = Win10 Release|x64
		{E81CB0C6-F255-4A79-B972-8E49D15D957E}.Win10 Release|x64.Build.0 = Win10 Release|x64
		{E81CB0C6-F255-4A79-B972-8E49D15D957E}.Win10 Release|x86.ActiveCfg = Win10 Release|Win32
		{E81CB0C6-F255-4A79-B972-8E49D15D957E}.Win10 Release|x86.Build.0 = Win10 Release|Win32
		{E81CB0C6-F255-4A79-B972-8E49D15D957E}.Win11 Release|ARM64.ActiveCfg = Win11 Release|ARM64
		{E81CB0C6-F255-4A79-B972-8E49D15D957E}.Win11 Release|ARM64.Build.0 = Win11 Release|ARM64
		{E81CB0C6-F255-4A79-B972-8E49D15D957E}.Win11 Release|x64.ActiveCfg = Win11 Release|x64
		{E81CB0C6-F255-4A79-B972-8E49D15D957E}.Win11 Release|x64.Build.0 = Win11 Release|x64
		{E81CB0C6-F255-4A79-B972-8E49D15D957E}.Win11 Release|x86.ActiveCfg = Win11 Release|x64
		{230231C1-A0C2-4A37-B32B-E247A92311F4}.Win10 Release|ARM64.ActiveCfg = Win10 Release|ARM64
		{230231C1-A0C2-4A37-B32B-E247A92311F4}.Win10 Release|ARM64.Build.0 = Win10 Release|ARM64
		{230231C1-A0C2-4A37-B32B-E247A92311F4}.Win10 Release|x64.ActiveCfg = Win10 Release|x64
		{230231C1-A0C2-4A37-B32B-E247A92311F4}.Win10 Release|x64.Build.0 = Win10 Release|x64
		{230231C1-A0C2-4A37-B32B-E247A92311F4}.Win10 Release|x86.ActiveCfg = Win10 Release|Win32
		{230231C1-A0C2-4A37-B32B-E247A92311F4}.Win10 Release|x86.Build.0 = Win10 Release|Win32
		{230231C1-A0C2-4A37-B32B-E247A92311F4}.Win11 Release|ARM64.ActiveCfg = Win11 Release|ARM64
		{230231C1-A0C2-4A37-B32B-E247A92311F4}.Win11 Release|ARM64.Build.0 = Win11 Release|ARM64
		{230231C1-A0C2-4A37-B32B-E247A92311F4}.Win11 Release|x64.ActiveCfg = Win11 Release|x64
		{230231C1-A0C2-4A37-B32B-E247A92311F4}.Win11 Release|x64.Build.0 = Win11 Release|x64
		{230231C1-A0C2-4A37-B32B-E247A92311F4}.Win11 Release|x86.ActiveCfg = Win11 Release|x64
		{CDABF347-89AB-4E09-A93F-324D4EFBC74F}.Win10 Release|ARM64.ActiveCfg = Win10 Release|ARM64
		{CDABF347-89AB-4E09-A93F-324D4EFBC74F}.Win10 Release|ARM64.Build.0 = Win10 Release|ARM64
		{CDABF347-89AB-4E09-A93F-324D4EFBC74F}.Win10 Release|x64.ActiveCfg = Win10 Release|x64
		{CDABF347-89AB-4E09-A93F-324D4EFBC74F}.Win10 Release|x64.Build.0 = Win10 Release|x64
		{CDABF347-89AB-4E09-A93F-324D4EFBC74F}.Win10 Release|x86.ActiveCfg = Win10 Release|Win32
		{CDABF347-89AB-4E09-A93F-324D4EFBC74F}.Win10 Release|x86.Build.0 = Win10 Release|Win32
		{CDABF347-89AB-4E09-A93F-324D4EFBC74F}.Win11 Release|ARM64.ActiveCfg = Win11 Release|ARM64
		{CDABF347-89AB-4E09-A93F-324D4EFBC74F}.Win11 Release|ARM64.Build.0 = Win11 Release|ARM64
		{CDABF347-89AB-4E09-A93F-324D4EFBC74F}.Win11 Release|x64.ActiveCfg = Win11 Release|x64
		{CDABF347-89AB-4E09-A93F-324D4EFBC74F}.Win11 Release|x64.Build.0 = Win11 Release|x64
		{CDABF347-89AB-4E09-A93F-324D4EFBC74F}.Win11 Release|x86.ActiveCfg = Win11 Release|x64
		{3E9E272D-6299-4B69-A49E-6D286EAB8CCA}.Win10 Release|ARM64.ActiveCfg = Win10 Release|ARM64
		{3E9E272D-6299-4B69-A49E-6D286EAB8CCA}.Win10 Release|ARM64.Build.0 = Win10 Release|ARM64
		{3E9E272D-6299-4B69-A49E-6D286EAB8CCA}.Win10 Release|x64.ActiveCfg = Win10 Release|x64
		{3E9E272D-6299-4B69-A49E-6D286EAB8CCA}.Win10 Release|x64.Build.0 = Win10 Release|x64
		{3E9E272D-6299-4B69-A49E-6D286EAB8CCA}.Win10 Release|x86.ActiveCfg = Win10 Release|Win32
		{3E9E272D-6299-4B69-A49E-6D286EAB8CCA}.Win10 Release|x86.Build.0 = Win10 Release|Win32
		{3E9E272D-6299-4B69-A49E-6D286EAB8CCA}.Win11 Release|ARM64.ActiveCfg = Win11 Release|ARM64
		{3E9E272D-6299-4B69-A49E-6D286EAB8CCA}.Win11 Release|ARM64.Build.0 = Win11 Release|ARM64
		{3E9E272D-6299-4B69-A49E-6D286EAB8CCA}.Win11 Release|x64.ActiveCfg = Win11 Release|x64
		{3E9E272D-6299-4B69-A49E-6D286EAB8CCA}.Win11 Release|x64.Build.0 = Win11 Release|x64
		{3E9E272D-6299-4B69-A49E-6D286EAB8CCA}.Win11 Release|x86.ActiveCfg = Win11 Release|x64
		{29D5D8BA-071A-464F-89DF-C0B4EE99F141}.Win10 Release|ARM64.ActiveCfg = Win10 Release|ARM64
		{29D5D8BA-071A-464F-89DF-C0B4EE99F141}.Win10 Release|ARM64.Build.0 = Win10 Release|ARM64
		{29D5D8BA-071A-464F-89DF-C0B4EE99F141}.Win10 Release|x64.ActiveCfg = Win10 Release|x64
		{29D5D8BA-071A-464F-89DF-C0B4EE99F141}.Win10 Release|x64.Build.0 = Win10 Release|x64
		{29D5D8BA-071A-464F-89DF-C0B4EE99F141}.Win10 Release|x86.ActiveCfg = Win10 Release|Win32
		{29D5D8BA-071A-464F-89DF-C0B4EE99F141}.Win10 Release|x86.Build.0 = Win10 Release|Win32
		{29D5D8BA-071A-464F-89DF-C0B4EE99F141}.Win11 Release|ARM64.ActiveCfg = Win11 Release|ARM64
		{29D5D8BA-071A-464F-89DF-C0B4EE99F141}.Win11 Release|ARM64.Build.0 = Win11 Release|ARM64
		{29D5D8BA-071A-464F-89DF-C0B4EE99F141}.Win11 Release|x64.ActiveCfg = Win11 Release|x64
		{29D5D8BA-071A-464F-89DF-C0B4EE99F141}.Win11 Release|x64.Build.0 = Win11 Release|x64
		{29D5D8BA-071A-464F-89DF-C0B4EE99F141}.Win11 Release|x86.ActiveCfg = Win11 Release|x64
		{7F794CE4-EFAC-4C54-AEEC-7873510C36EA}.Win10 Release|ARM64.ActiveCfg = Win10 Release|ARM64
		{7F794CE4-EFAC-4C54-AEEC-7873510C36EA}.Win10 Release|ARM64.Build.0 = Win10 Release|ARM64
		{7F794CE4-EFAC-4C54-AEEC-7873510C36EA}.Win10 Release|x64.ActiveCfg = Win10 Release|x64
		{7F794CE4-EFAC-4C54-AEEC-7873510C36EA}.Win10 Release|x64.Build.0 = Win10 Release|x64
		{7F794CE4-EFAC-4C54-AEEC-7873510C36EA}.Win10 Release|x86.ActiveCfg = Win10 Release|Win32
		{7F794CE4-EFAC-4C54-AEEC-7873510C36EA}.Win10 Release|x86.Build.0 = Win10 Release|Win32
		{7F794CE4-EFAC-4C54-AEEC-7873510C36EA}.Win11 Release|ARM64.ActiveCfg = Win11 Release|ARM64
		{7F794CE4-EFAC-4C54-AEEC-7873510C36EA}.Win11 Release|ARM64.Build.0 = Win11 Release|ARM64
		{7F794CE4-EFAC-4C54-AEEC-7873510C36EA}.Win11 Release|x64.ActiveCfg = Win11 Release|x64
		{7F794CE4-EFAC-4C54-AEEC-7873510C36EA}.Win11 Release|x64.Build.0 = Win11 Release|x64
		{7F794CE4-EFAC-4C54-AEEC-7873510C36EA}.Win11 Release|x86.ActiveCfg = Win11 Release|x64
		{B3402316-94F7-4526-AD07-870DEE0E660C}.Win10 Release|ARM64.ActiveCfg = Win10 Release|ARM64
		{B3402316-94F7-4526-AD07-870DEE0E660C}.Win10 Release|ARM64.Build.0 = Win10 Release|ARM64
		{B3402316-94F7-4526-AD07-870DEE0E660C}.Win10 Release|x64.ActiveCfg = Win10 Release|x64
		{B3402316-94F7-4526-AD07-870DEE0E660C}.Win10 Release|x64.Build.0 = Win10 Release|x64
		{B3402316-94F7-4526-AD07-870DEE0E660C}.Win10 Release|x86.ActiveCfg = Win10 Release|Win32
		{B3402316-94F7-4526-AD07-870DEE0E660C}.Win10 Release|x86.Build.0 = Win10 Release|Win32
		{B3402316-94F7-4526-AD07-870DEE0E660C}.Win11 Release|ARM64.ActiveCfg = Win11 Release|ARM64
		{B3402316-94F7-4526-AD07-870DEE0E660C}.Win11 Release|ARM64.Build.0 = Win11 Release|ARM64
		{B3402316-94F7-4526-AD07-870DEE0E660C}.Win11 Release|x64.ActiveCfg = Win11 Release|x64
		{B3402316-94F7-4526-AD07-870DEE0E660C}.Win11 Release|x64.Build.0 = Win11 Release|x64
		{B3402316-94F7-4526-AD07-870DEE0E660C}.Win11 Release|x86.ActiveCfg = Win11 Release|x64
		{B953395B-010B-432C-AFCD-6C4F6553905F}.Win10 Release|ARM64.ActiveCfg = Win10 Release|ARM64
		{B953395B-010B-432C-AFCD-6C4F6553905F}.Win10 Release|ARM64.Build.0 = Win10 Release|ARM64
		{B953395B-010B-432C-AFCD-6C4F6553905F}.Win10 Release|x64.ActiveCfg = Win10 Release|x64
		{B953395B-010B-432C-AFCD-6C4F6553905F}.Win10 Release|x64.Build.0 = Win10 Release|x64
		{B953395B-010B-432C-AFCD-6C4F6553905F}.Win10 Release|x86.ActiveCfg = Win10 Release|Win32
		{B953395B-010B-432C-AFCD-6C4F6553905F}.Win10 Release|x86.Build.0 = Win10 Release|Win32
		{B953395B-010B-432C-AFCD-6C4F6553905F}.Win11 Release|ARM64.ActiveCfg = Win11 Release|ARM64
		{B953395B-010B-432C-AFCD-6C4F6553905F}.Win11 Release|ARM64.Build.0 = Win11 Release|ARM64
		{B953395B-010B-432C-AFCD-6C4F6553905F}.Win11 Release|x64.ActiveCfg = Win11 Release|x64
		{B953395B-010B-432C-AFCD-6C4F6553905F}.Win11 Release|x64.Build.0 = Win11 Release|x64
		{B953395B-010B-432C-AFCD-6C4F6553905F}.Win11 Release|x86.ActiveCfg = Win11 Release|x64
		{09672FE6-A18C-4B3B-B1DC-1C7C1F61F9B4}.Win10 Release|ARM64.ActiveCfg = Header|x64
		{09672FE6-A18C-4B3B-B1DC-1C7C1F61F9B4}.Win10 Release|ARM64.Build.0 = Header|x64
		{09672FE6-A18C-4B3B-B1DC-1C7C1F61F9B4}.Win10 Release|x64.ActiveCfg = Header|x64
		{09672FE6-A18C-4B3B-B1DC-1C7C1F61F9B4}.Win10 Release|x64.Build.0 = Header|x64
		{09672FE6-A18C-4B3B-B1DC-1C7C1F61F9B4}.Win10 Release|x86.ActiveCfg = Header|Win32
		{09672FE6-A18C-4B3B-B1DC-1C7C1F61F9B4}.Win10 Release|x86.Build.0 = Header|Win32
		{09672FE6-A18C-4B3B-B1DC-1C7C1F61F9B4}.Win11 Release|ARM64.ActiveCfg = Header|x64
		{09672FE6-A18C-4B3B-B1DC-1C7C1F61F9B4}.Win11 Release|ARM64.Build.0 = Header|x64
		{09672FE6-A18C-4B3B-B1DC-1C7C1F61F9B4}.Win11 Release|x64.ActiveCfg = Header|x64
		{09672FE6-A18C-4B3B-B1DC-1C7C1F61F9B4}.Win11 Release|x64.Build.0 = Header|x64
		{09672FE6-A18C-4B3B-B1DC-1C7C1F61F9B4}.Win11 Release|x86.ActiveCfg = Header|x64
		{EC5DCAF5-3514-4E61-8201-10F5F060E096}.Win10 Release|ARM64.ActiveCfg = Win10 Release|ARM64
		{EC5DCAF5-3514-4E61-8201-10F5F060E096}.Win10 Release|ARM64.Build.0 = Win10 Release|ARM64
		{EC5DCAF5-3514-4E61-8201-10F5F060E096}.Win10 Release|x64.ActiveCfg = Win10 Release|x64
		{EC5DCAF5-3514-4E61-8201-10F5F060E096}.Win10 Release|x64.Build.0 = Win10 Release|x64
		{EC5DCAF5-3514-4E61-8201-10F5F060E096}.Win10 Release|x86.ActiveCfg = Win10 Release|Win32
		{EC5DCAF5-3514-4E61-8201-10F5F060E096}.Win10 Release|x86.Build.0 = Win10 Release|Win32
		{EC5DCAF5-3514-4E61-8201-10F5F060E096}.Win11 Release|ARM64.ActiveCfg = Win11 Release|ARM64
		{EC5DCAF5-3514-4E61-8201-10F5F060E096}.Win11 Release|ARM64.Build.0 = Win11 Release|ARM64
		{EC5DCAF5-3514-4E61-8201-10F5F060E096}.Win11 Release|x64.ActiveCfg = Win11 Release|x64
		{EC5DCAF5-3514-4E61-8201-10F5F060E096}.Win11 Release|x64.Build.0 = Win11 Release|x64
		{EC5DCAF5-3514-4E61-8201-10F5F060E096}.Win11 Release|x86.ActiveCfg = Win11 Release|x64
		{03CA149C-ACBD-430E-A663-30D3A335F8A4}.Win10 Release|ARM64.ActiveCfg = Win10 Release|ARM64
		{03CA149C-ACBD-430E-A663-30D3A335F8A4}.Win10 Release|ARM64.Build.0 = Win10 Release|ARM64
		{03CA149C-ACBD-430E-A663-30D3A335F8A4}.Win10 Release|x64.ActiveCfg = Win10 Release|x64
		{03CA149C-ACBD-430E-A663-30D3A335F8A4}.Win10 Release|x64.Build.0 = Win10 Release|x64
		{03CA149C-ACBD-430E-A663-30D3A335F8A4}.Win10 Release|x64.Deploy.0 = Win10 Release|x64
		{03CA149C-ACBD-430E-A663-30D3A335F8A4}.Win10 Release|x86.ActiveCfg = Win10 Release|Win32
		{03CA149C-ACBD-430E-A663-30D3A335F8A4}.Win10 Release|x86.Build.0 = Win10 Release|Win32
		{03CA149C-ACBD-430E-A663-30D3A335F8A4}.Win11 Release|ARM64.ActiveCfg = Win11 Release|ARM64
		{03CA149C-ACBD-430E-A663-30D3A335F8A4}.Win11 Release|ARM64.Build.0 = Win11 Release|ARM64
		{03CA149C-ACBD-430E-A663-30D3A335F8A4}.Win11 Release|x64.ActiveCfg = Win11 Release|x64
		{03CA149C-ACBD-430E-A663-30D3A335F8A4}.Win11 Release|x64.Build.0 = Win11 Release|x64
		{03CA149C-ACBD-430E-A663-30D3A335F8A4}.Win11 Release|x64.Deploy.0 = Win11 Release|x64
		{03CA149C-ACBD-430E-A663-30D3A335F8A4}.Win11 Release|x86.ActiveCfg = Win11 Release|x64
		{87AEE822-FF8B-4743-A567-8B46F4FA6D99}.Win10 Release|ARM64.ActiveCfg = Win10 Release|ARM64
		{87AEE822-FF8B-4743-A567-8B46F4FA6D99}.Win10 Release|ARM64.Build.0 = Win10 Release|ARM64
		{87AEE822-FF8B-4743-A567-8B46F4FA6D99}.Win10 Release|x64.ActiveCfg = Win10 Release|x64
		{87AEE822-FF8B-4743-A567-8B46F4FA6D99}.Win10 Release|x64.Build.0 = Win10 Release|x64
		{87AEE822-FF8B-4743-A567-8B46F4FA6D99}.Win10 Release|x86.ActiveCfg = Win10 Release|Win32
		{87AEE822-FF8B-4743-A567-8B46F4FA6D99}.Win10 Release|x86.Build.0 = Win10 Release|Win32
		{87AEE822-FF8B-4743-A567-8B46F4FA6D99}.Win11 Release|ARM64.ActiveCfg = Win11 Release|ARM64
		{87AEE822-FF8B-4743-A567-8B46F4FA6D99}.Win11 Release|ARM64.Build.0 = Win11 Release|ARM64
		{87AEE822-FF8B-4743-A567-8B46F4FA6D99}.Win11 Release|x64.ActiveCfg = Win11 Release|x64
		{87AEE822-FF8B-4743-A567-8B46F4FA6D99}.Win11 Release|x64.Build.0 = Win11 Release|x64
		{87AEE822-FF8B-4743-A567-8B46F4FA6D99}.Win11 Release|x86.ActiveCfg = Win11 Release|x64
		{92C73575-146D-4C39-A9CA-7B9081EB6FD1}.Win10 Release|ARM64.ActiveCfg = Win10 Release|ARM64
		{92C73575-146D-4C39-A9CA-7B9081EB6FD1}.Win10 Release|x64.ActiveCfg = Win10 Release|x64
		{92C73575-146D-4C39-A9CA-7B9081EB6FD1}.Win10 Release|x64.Build.0 = Win10 Release|x64
		{92C73575-146D-4C39-A9CA-7B9081EB6FD1}.Win10 Release|x64.Deploy.0 = Win10 Release|x64
		{92C73575-146D-4C39-A9CA-7B9081EB6FD1}.Win10 Release|x86.ActiveCfg = Win10 Release|Win32
		{92C73575-146D-4C39-A9CA-7B9081EB6FD1}.Win10 Release|x86.Build.0 = Win10 Release|Win32
		{92C73575-146D-4C39-A9CA-7B9081EB6FD1}.Win11 Release|ARM64.ActiveCfg = Win11 Release|ARM64
		{92C73575-146D-4C39-A9CA-7B9081EB6FD1}.Win11 Release|x64.ActiveCfg = Win11 Release|x64
		{92C73575-146D-4C39-A9CA-7B9081EB6FD1}.Win11 Release|x64.Build.0 = Win11 Release|x64
		{92C73575-146D-4C39-A9CA-7B9081EB6FD1}.Win11 Release|x64.Deploy.0 = Win11 Release|x64
		{92C73575-146D-4C39-A9CA-7B9081EB6FD1}.Win11 Release|x86.ActiveCfg = Win11 Release|x64
		{F93779E1-51C1-4D12-9DC6-28FF6EB5589B}.Win10 Release|ARM64.ActiveCfg = Win10 Release|ARM64
		{F93779E1-51C1-4D12-9DC6-28FF6EB5589B}.Win10 Release|x64.ActiveCfg = Win10 Release|x64
		{F93779E1-51C1-4D12-9DC6-28FF6EB5589B}.Win10 Release|x64.Build.0 = Win10 Release|x64
		{F93779E1-51C1-4D12-9DC6-28FF6EB5589B}.Win10 Release|x86.ActiveCfg = Win10 Release|Win32
		{F93779E1-51C1-4D12-9DC6-28FF6EB5589B}.Win10 Release|x86.Build.0 = Win10 Release|Win32
		{F93779E1-51C1-4D12-9DC6-28FF6EB5589B}.Win11 Release|ARM64.ActiveCfg = Win11 Release|ARM64
		{F93779E1-51C1-4D12-9DC6-28FF6EB5589B}.Win11 Release|x64.ActiveCfg = Win11 Release|x64
		{F93779E1-51C1-4D12-9DC6-28FF6EB5589B}.Win11 Release|x64.Build.0 = Win11 Release|x64
		{F93779E1-51C1-4D12-9DC6-28FF6EB5589B}.Win11 Release|x86.ActiveCfg = Win11 Release|x64
		{DD9D3949-C1BC-426F-BFDA-D9310B8F9E3F}.Win10 Release|ARM64.ActiveCfg = Win10 Release|x64
		{DD9D3949-C1BC-426F-BFDA-D9310B8F9E3F}.Win10 Release|x64.ActiveCfg = Win10 Release|x64
		{DD9D3949-C1BC-426F-BFDA-D9310B8F9E3F}.Win10 Release|x64.Build.0 = Win10 Release|x64
		{DD9D3949-C1BC-426F-BFDA-D9310B8F9E3F}.Win10 Release|x86.ActiveCfg = Win10 Release|Win32
		{DD9D3949-C1BC-426F-BFDA-D9310B8F9E3F}.Win10 Release|x86.Build.0 = Win10 Release|Win32
		{DD9D3949-C1BC-426F-BFDA-D9310B8F9E3F}.Win11 Release|ARM64.ActiveCfg = Win11 Release|Win32
		{DD9D3949-C1BC-426F-BFDA-D9310B8F9E3F}.Win11 Release|x64.ActiveCfg = Win11 Release|x64
		{DD9D3949-C1BC-426F-BFDA-D9310B8F9E3F}.Win11 Release|x64.Build.0 = Win11 Release|x64
		{DD9D3949-C1BC-426F-BFDA-D9310B8F9E3F}.Win11 Release|x86.ActiveCfg = Win11 Release|x64
		{8B100A20-3269-428E-8995-91CEC80756F9}.Win10 Release|ARM64.ActiveCfg = Win10 Release|ARM64
		{8B100A20-3269-428E-8995-91CEC80756F9}.Win10 Release|x64.ActiveCfg = Win10 Release|x64
		{8B100A20-3269-428E-8995-91CEC80756F9}.Win10 Release|x64.Build.0 = Win10 Release|x64
		{8B100A20-3269-428E-8995-91CEC80756F9}.Win10 Release|x64.Deploy.0 = Win10 Release|x64
		{8B100A20-3269-428E-8995-91CEC80756F9}.Win10 Release|x86.ActiveCfg = Win10 Release|Win32
		{8B100A20-3269-428E-8995-91CEC80756F9}.Win10 Release|x86.Build.0 = Win10 Release|Win32
		{8B100A20-3269-428E-8995-91CEC80756F9}.Win11 Release|ARM64.ActiveCfg = Win11 Release|ARM64
		{8B100A20-3269-428E-8995-91CEC80756F9}.Win11 Release|x64.ActiveCfg = Win11 Release|x64
		{8B100A20-3269-428E-8995-91CEC80756F9}.Win11 Release|x64.Build.0 = Win11 Release|x64
		{8B100A20-3269-428E-8995-91CEC80756F9}.Win11 Release|x64.Deploy.0 = Win11 Release|x64
		{8B100A20-3269-428E-8995-91CEC80756F9}.Win11 Release|x86.ActiveCfg = Win11 Release|x64
		{D9EF1144-4779-444C-ADD6-F733B749A862}.Win10 Release|ARM64.ActiveCfg = Win10 Release|ARM64
		{D9EF1144-4779-444C-ADD6-F733B749A862}.Win10 Release|x64.ActiveCfg = Win10 Release|x64
		{D9EF1144-4779-444C-ADD6-F733B749A862}.Win10 Release|x64.Build.0 = Win10 Release|x64
		{D9EF1144-4779-444C-ADD6-F733B749A862}.Win10 Release|x86.ActiveCfg = Win10 Release|Win32
		{D9EF1144-4779-444C-ADD6-F733B749A862}.Win10 Release|x86.Build.0 = Win10 Release|Win32
		{D9EF1144-4779-444C-ADD6-F733B749A862}.Win11 Release|ARM64.ActiveCfg = Win11 Release|ARM64
		{D9EF1144-4779-444C-ADD6-F733B749A862}.Win11 Release|x64.ActiveCfg = Win11 Release|x64
		{D9EF1144-4779-444C-ADD6-F733B749A862}.Win11 Release|x64.Build.0 = Win11 Release|x64
		{D9EF1144-4779-444C-ADD6-F733B749A862}.Win11 Release|x86.ActiveCfg = Win11 Release|x64
		{8CB5D2D4-F3EA-4568-89A8-DCD332BDCF4E}.Win10 Release|ARM64.ActiveCfg = Win10 Release|ARM64
		{8CB5D2D4-F3EA-4568-89A8-DCD332BDCF4E}.Win10 Release|ARM64.Build.0 = Win10 Release|ARM64
		{8CB5D2D4-F3EA-4568-89A8-DCD332BDCF4E}.Win10 Release|x64.ActiveCfg = Win10 Release|x64
		{8CB5D2D4-F3EA-4568-89A8-DCD332BDCF4E}.Win10 Release|x64.Build.0 = Win10 Release|x64
		{8CB5D2D4-F3EA-4568-89A8-DCD332BDCF4E}.Win10 Release|x86.ActiveCfg = Win10 Release|Win32
		{8CB5D2D4-F3EA-4568-89A8-DCD332BDCF4E}.Win10 Release|x86.Build.0 = Win10 Release|Win32
		{8CB5D2D4-F3EA-4568-89A8-DCD332BDCF4E}.Win11 Release|ARM64.ActiveCfg = Win11 Release|ARM64
		{8CB5D2D4-F3EA-4568-89A8-DCD332BDCF4E}.Win11 Release|ARM64.Build.0 = Win11 Release|ARM64
		{8CB5D2D4-F3EA-4568-89A8-DCD332BDCF4E}.Win11 Release|x64.ActiveCfg = Win11 Release|x64
		{8CB5D2D4-F3EA-4568-89A8-DCD332BDCF4E}.Win11 Release|x64.Build.0 = Win11 Release|x64
		{8CB5D2D4-F3EA-4568-89A8-DCD332BDCF4E}.Win11 Release|x86.ActiveCfg = Win11 Release|x64
		{209E8947-494D-4104-B44B-530CB68A6494}.Win10 Release|ARM64.ActiveCfg = Win10 Release|ARM64
		{209E8947-494D-4104-B44B-530CB68A6494}.Win10 Release|ARM64.Build.0 = Win10 Release|ARM64
		{209E8947-494D-4104-B44B-530CB68A6494}.Win10 Release|x64.ActiveCfg = Win10 Release|x64
		{209E8947-494D-4104-B44B-530CB68A6494}.Win10 Release|x64.Build.0 = Win10 Release|x64
		{209E8947-494D-4104-B44B-530CB68A6494}.Win10 Release|x64.Deploy.0 = Win10 Release|x64
		{209E8947-494D-4104-B44B-530CB68A6494}.Win10 Release|x86.ActiveCfg = Win10 Release|Win32
		{209E8947-494D-4104-B44B-530CB68A6494}.Win10 Release|x86.Build.0 = Win10 Release|Win32
		{209E8947-494D-4104-B44B-530CB68A6494}.Win10 Release|x86.Deploy.0 = Win10 Release|Win32
		{209E8947-494D-4104-B44B-530CB68A6494}.Win11 Release|ARM64.ActiveCfg = Win11 Release|ARM64
		{209E8947-494D-4104-B44B-530CB68A6494}.Win11 Release|ARM64.Build.0 = Win11 Release|ARM64
		{209E8947-494D-4104-B44B-530CB68A6494}.Win11 Release|x64.ActiveCfg = Win11 Release|x64
		{209E8947-494D-4104-B44B-530CB68A6494}.Win11 Release|x64.Build.0 = Win11 Release|x64
		{209E8947-494D-4104-B44B-530CB68A6494}.Win11 Release|x64.Deploy.0 = Win11 Release|x64
		{209E8947-494D-4104-B44B-530CB68A6494}.Win11 Release|x86.ActiveCfg = Win11 Release|x64
		{9D87E5A8-84AE-4775-90B5-CC75CA420670}.Win10 Release|ARM64.ActiveCfg = Win10 Release|ARM64
		{9D87E5A8-84AE-4775-90B5-CC75CA420670}.Win10 Release|ARM64.Build.0 = Win10 Release|ARM64
		{9D87E5A8-84AE-4775-90B5-CC75CA420670}.Win10 Release|x64.ActiveCfg = Win10 Release|x64
		{9D87E5A8-84AE-4775-90B5-CC75CA420670}.Win10 Release|x64.Build.0 = Win10 Release|x64
		{9D87E5A8-84AE-4775-90B5-CC75CA420670}.Win10 Release|x86.ActiveCfg = Win10 Release|Win32
		{9D87E5A8-84AE-4775-90B5-CC75CA420670}.Win10 Release|x86.Build.0 = Win10 Release|Win32
		{9D87E5A8-84AE-4775-90B5-CC75CA420670}.Win11 Release|ARM64.ActiveCfg = Win11 Release|ARM64
		{9D87E5A8-84AE-4775-90B5-CC75CA420670}.Win11 Release|ARM64.Build.0 = Win11 Release|ARM64
		{9D87E5A8-84AE-4775-90B5-CC75CA420670}.Win11 Release|x64.ActiveCfg = Win11 Release|x64
		{9D87E5A8-84AE-4775-90B5-CC75CA420670}.Win11 Release|x64.Build.0 = Win11 Release|x64
		{9D87E5A8-84AE-4775-90B5-CC75CA420670}.Win11 Release|x86.ActiveCfg = Win11 Release|x64
		{B415038E-1FD4-4001-AEAB-CFA2177B1806}.Win10 Release|ARM64.ActiveCfg = Win10 Release|ARM64
		{B415038E-1FD4-4001-AEAB-CFA2177B1806}.Win10 Release|ARM64.Build.0 = Win10 Release|ARM64
		{B415038E-1FD4-4001-AEAB-CFA2177B1806}.Win10 Release|x64.ActiveCfg = Win10 Release|x64
		{B415038E-1FD4-4001-AEAB-CFA2177B1806}.Win10 Release|x64.Build.0 = Win10 Release|x64
		{B415038E-1FD4-4001-AEAB-CFA2177B1806}.Win10 Release|x64.Deploy.0 = Win10 Release|x64
		{B415038E-1FD4-4001-AEAB-CFA2177B1806}.Win10 Release|x86.ActiveCfg = Win10 Release|Win32
		{B415038E-1FD4-4001-AEAB-CFA2177B1806}.Win10 Release|x86.Build.0 = Win10 Release|Win32
		{B415038E-1FD4-4001-AEAB-CFA2177B1806}.Win10 Release|x86.Deploy.0 = Win10 Release|Win32
		{B415038E-1FD4-4001-AEAB-CFA2177B1806}.Win11 Release|ARM64.ActiveCfg = Win11 Release|ARM64
		{B415038E-1FD4-4001-AEAB-CFA2177B1806}.Win11 Release|ARM64.Build.0 = Win11 Release|ARM64
		{B415038E-1FD4-4001-AEAB-CFA2177B1806}.Win11 Release|x64.ActiveCfg = Win11 Release|x64
		{B415038E-1FD4-4001-AEAB-CFA2177B1806}.Win11 Release|x64.Build.0 = Win11 Release|x64
		{B415038E-1FD4-4001-AEAB-CFA2177B1806}.Win11 Release|x64.Deploy.0 = Win11 Release|x64
		{B415038E-1FD4-4001-AEAB-CFA2177B1806}.Win11 Release|x86.ActiveCfg = Win11 Release|x64
		{92E3B437-C258-47FB-8856-D3FEA56A3BCC}.Win10 Release|ARM64.ActiveCfg = Win10 Release|ARM64
		{92E3B437-C258-47FB-8856-D3FEA56A3BCC}.Win10 Release|x64.ActiveCfg = Win10 Release|x64
		{92E3B437-C258-47FB-8856-D3FEA56A3BCC}.Win10 Release|x64.Build.0 = Win10 Release|x64
		{92E3B437-C258-47FB-8856-D3FEA56A3BCC}.Win10 Release|x86.ActiveCfg = Win10 Release|Win32
		{92E3B437-C258-47FB-8856-D3FEA56A3BCC}.Win10 Release|x86.Build.0 = Win10 Release|Win32
		{92E3B437-C258-47FB-8856-D3FEA56A3BCC}.Win11 Release|ARM64.ActiveCfg = Win11 Release|ARM64
		{92E3B437-C258-47FB-8856-D3FEA56A3BCC}.Win11 Release|x64.ActiveCfg = Win11 Release|x64
		{92E3B437-C258-47FB-8856-D3FEA56A3BCC}.Win11 Release|x64.Build.0 = Win11 Release|x64
		{92E3B437-C258-47FB-8856-D3FEA56A3BCC}.Win11 Release|x86.ActiveCfg = Win11 Release|x64
		{3149C26A-F437-42BD-A40D-D10A695F93EF}.Win10 Release|ARM64.ActiveCfg = Win10 Release|ARM64
		{3149C26A-F437-42BD-A40D-D10A695F93EF}.Win10 Release|ARM64.Build.0 = Win10 Release|ARM64
		{3149C26A-F437-42BD-A40D-D10A695F93EF}.Win10 Release|x64.ActiveCfg = Win10 Release|x64
		{3149C26A-F437-42BD-A40D-D10A695F93EF}.Win10 Release|x64.Build.0 = Win10 Release|x64
		{3149C26A-F437-42BD-A40D-D10A695F93EF}.Win10 Release|x86.ActiveCfg = Win10 Release|Win32
		{3149C26A-F437-42BD-A40D-D10A695F93EF}.Win10 Release|x86.Build.0 = Win10 Release|Win32
		{3149C26A-F437-42BD-A40D-D10A695F93EF}.Win11 Release|ARM64.ActiveCfg = Win11 Release|ARM64
		{3149C26A-F437-42BD-A40D-D10A695F93EF}.Win11 Release|ARM64.Build.0 = Win11 Release|ARM64
		{3149C26A-F437-42BD-A40D-D10A695F93EF}.Win11 Release|x64.ActiveCfg = Win11 Release|x64
		{3149C26A-F437-42BD-A40D-D10A695F93EF}.Win11 Release|x64.Build.0 = Win11 Release|x64
		{3149C26A-F437-42BD-A40D-D10A695F93EF}.Win11 Release|x86.ActiveCfg = Win11 Release|x64
		{315D93F9-0F5C-4ACD-AFB1-96B1E62559BC}.Win10 Release|ARM64.ActiveCfg = Win10 Release|ARM64
		{315D93F9-0F5C-4ACD-AFB1-96B1E62559BC}.Win10 Release|ARM64.Build.0 = Win10 Release|ARM64
		{315D93F9-0F5C-4ACD-AFB1-96B1E62559BC}.Win10 Release|x64.ActiveCfg = Win10 Release|x64
		{315D93F9-0F5C-4ACD-AFB1-96B1E62559BC}.Win10 Release|x64.Build.0 = Win10 Release|x64
		{315D93F9-0F5C-4ACD-AFB1-96B1E62559BC}.Win10 Release|x86.ActiveCfg = Win10 Release|Win32
		{315D93F9-0F5C-4ACD-AFB1-96B1E62559BC}.Win10 Release|x86.Build.0 = Win10 Release|Win32
		{315D93F9-0F5C-4ACD-AFB1-96B1E62559BC}.Win11 Release|ARM64.ActiveCfg = Win11 Release|ARM64
		{315D93F9-0F5C-4ACD-AFB1-96B1E62559BC}.Win11 Release|ARM64.Build.0 = Win11 Release|ARM64
		{315D93F9-0F5C-4ACD-AFB1-96B1E62559BC}.Win11 Release|x64.ActiveCfg = Win11 Release|x64
		{315D93F9-0F5C-4ACD-AFB1-96B1E62559BC}.Win11 Release|x64.Build.0 = Win11 Release|x64
		{315D93F9-0F5C-4ACD-AFB1-96B1E62559BC}.Win11 Release|x86.ActiveCfg = Win11 Release|Win32
		{315D93F9-0F5C-4ACD-AFB1-96B1E62559BC}.Win11 Release|x86.Build.0 = Win11 Release|Win32
		{C65DA065-5828-45CF-89DB-FC4F21BC9E05}.Win10 Release|ARM64.ActiveCfg = Win10 Release|ARM64
		{C65DA065-5828-45CF-89DB-FC4F21BC9E05}.Win10 Release|ARM64.Build.0 = Win10 Release|ARM64
		{C65DA065-5828-45CF-89DB-FC4F21BC9E05}.Win10 Release|ARM64.Deploy.0 = Win10 Release|ARM64
		{C65DA065-5828-45CF-89DB-FC4F21BC9E05}.Win10 Release|x64.ActiveCfg = Win10 Release|x64
		{C65DA065-5828-45CF-89DB-FC4F21BC9E05}.Win10 Release|x64.Build.0 = Win10 Release|x64
		{C65DA065-5828-45CF-89DB-FC4F21BC9E05}.Win10 Release|x64.Deploy.0 = Win10 Release|x64
		{C65DA065-5828-45CF-89DB-FC4F21BC9E05}.Win10 Release|x86.ActiveCfg = Win10 Release|Win32
		{C65DA065-5828-45CF-89DB-FC4F21BC9E05}.Win10 Release|x86.Build.0 = Win10 Release|Win32
		{C65DA065-5828-45CF-89DB-FC4F21BC9E05}.Win10 Release|x86.Deploy.0 = Win10 Release|Win32
		{C65DA065-5828-45CF-89DB-FC4F21BC9E05}.Win11 Release|ARM64.ActiveCfg = Win11 Release|ARM64
		{C65DA065-5828-45CF-89DB-FC4F21BC9E05}.Win11 Release|ARM64.Build.0 = Win11 Release|ARM64
		{C65DA065-5828-45CF-89DB-FC4F21BC9E05}.Win11 Release|ARM64.Deploy.0 = Win11 Release|ARM64
		{C65DA065-5828-45CF-89DB-FC4F21BC9E05}.Win11 Release|x64.ActiveCfg = Win11 Release|x64
		{C65DA065-5828-45CF-89DB-FC4F21BC9E05}.Win11 Release|x64.Build.0 = Win11 Release|x64
		{C65DA065-5828-45CF-89DB-FC4F21BC9E05}.Win11 Release|x64.Deploy.0 = Win11 Release|x64
		{C65DA065-5828-45CF-89DB-FC4F21BC9E05}.Win11 Release|x86.ActiveCfg = Win11 Release|x64
		{2CFBBF52-9646-4E42-9E43-9CEE50735254}.Win10 Release|ARM64.ActiveCfg = Win10 Release|ARM64
		{2CFBBF52-9646-4E42-9E43-9CEE50735254}.Win10 Release|ARM64.Build.0 = Win10 Release|ARM64
		{2CFBBF52-9646-4E42-9E43-9CEE50735254}.Win10 Release|x64.ActiveCfg = Win10 Release|x64
		{2CFBBF52-9646-4E42-9E43-9CEE50735254}.Win10 Release|x64.Build.0 = Win10 Release|x64
		{2CFBBF52-9646-4E42-9E43-9CEE50735254}.Win10 Release|x86.ActiveCfg = Win10 Release|Win32
		{2CFBBF52-9646-4E42-9E43-9CEE50735254}.Win10 Release|x86.Build.0 = Win10 Release|Win32
		{2CFBBF52-9646-4E42-9E43-9CEE50735254}.Win11 Release|ARM64.ActiveCfg = Win11 Release|ARM64
		{2CFBBF52-9646-4E42-9E43-9CEE50735254}.Win11 Release|ARM64.Build.0 = Win11 Release|ARM64
		{2CFBBF52-9646-4E42-9E43-9CEE50735254}.Win11 Release|x64.ActiveCfg = Win11 Release|x64
		{2CFBBF52-9646-4E42-9E43-9CEE50735254}.Win11 Release|x64.Build.0 = Win11 Release|x64
		{2CFBBF52-9646-4E42-9E43-9CEE50735254}.Win11 Release|x86.ActiveCfg = Win11 Release|x64
		{3F2854A7-A604-4006-A79B-9EAFC63015B8}.Win10 Release|ARM64.ActiveCfg = Win10 Release|ARM64
		{3F2854A7-A604-4006-A79B-9EAFC63015B8}.Win10 Release|ARM64.Build.0 = Win10 Release|ARM64
		{3F2854A7-A604-4006-A79B-9EAFC63015B8}.Win10 Release|x64.ActiveCfg = Win10 Release|x64
		{3F2854A7-A604-4006-A79B-9EAFC63015B8}.Win10 Release|x64.Build.0 = Win10 Release|x64
		{3F2854A7-A604-4006-A79B-9EAFC63015B8}.Win10 Release|x64.Deploy.0 = Win10 Release|x64
		{3F2854A7-A604-4006-A79B-9EAFC63015B8}.Win10 Release|x86.ActiveCfg = Win10 Release|Win32
		{3F2854A7-A604-4006-A79B-9EAFC63015B8}.Win10 Release|x86.Build.0 = Win10 Release|Win32
		{3F2854A7-A604-4006-A79B-9EAFC63015B8}.Win10 Release|x86.Deploy.0 = Win10 Release|Win32
		{3F2854A7-A604-4006-A79B-9EAFC63015B8}.Win11 Release|ARM64.ActiveCfg = Win11 Release|ARM64
		{3F2854A7-A604-4006-A79B-9EAFC63015B8}.Win11 Release|ARM64.Build.0 = Win11 Release|ARM64
		{3F2854A7-A604-4006-A79B-9EAFC63015B8}.Win11 Release|x64.ActiveCfg = Win11 Release|x64
		{3F2854A7-A604-4006-A79B-9EAFC63015B8}.Win11 Release|x64.Build.0 = Win11 Release|x64
		{3F2854A7-A604-4006-A79B-9EAFC63015B8}.Win11 Release|x64.Deploy.0 = Win11 Release|x64
		{3F2854A7-A604-4006-A79B-9EAFC63015B8}.Win11 Release|x86.ActiveCfg = Win11 Release|x64
		{5E68CCE9-F95D-4A6C-A5AD-DBA7CE0CA63A}.Win10 Release|ARM64.ActiveCfg = Win10 Release|ARM64
		{5E68CCE9-F95D-4A6C-A5AD-DBA7CE0CA63A}.Win10 Release|ARM64.Build.0 = Win10 Release|ARM64
		{5E68CCE9-F95D-4A6C-A5AD-DBA7CE0CA63A}.Win10 Release|x64.ActiveCfg = Win10 Release|x64
		{5E68CCE9-F95D-4A6C-A5AD-DBA7CE0CA63A}.Win10 Release|x64.Build.0 = Win10 Release|x64
		{5E68CCE9-F95D-4A6C-A5AD-DBA7CE0CA63A}.Win10 Release|x86.ActiveCfg = Win10 Release|Win32
		{5E68CCE9-F95D-4A6C-A5AD-DBA7CE0CA63A}.Win10 Release|x86.Build.0 = Win10 Release|Win32
		{5E68CCE9-F95D-4A6C-A5AD-DBA7CE0CA63A}.Win11 Release|ARM64.ActiveCfg = Win11 Release|ARM64
		{5E68CCE9-F95D-4A6C-A5AD-DBA7CE0CA63A}.Win11 Release|ARM64.Build.0 = Win11 Release|ARM64
		{5E68CCE9-F95D-4A6C-A5AD-DBA7CE0CA63A}.Win11 Release|x64.ActiveCfg = Win11 Release|x64
		{5E68CCE9-F95D-4A6C-A5AD-DBA7CE0CA63A}.Win11 Release|x64.Build.0 = Win11 Release|x64
		{5E68CCE9-F95D-4A6C-A5AD-DBA7CE0CA63A}.Win11 Release|x86.ActiveCfg = Win11 Release|x64
		{BDE07E9E-2041-4853-8B74-7CF591C255E7}.Win10 Release|ARM64.ActiveCfg = Win10 Release|ARM64
		{BDE07E9E-2041-4853-8B74-7CF591C255E7}.Win10 Release|ARM64.Build.0 = Win10 Release|ARM64
		{BDE07E9E-2041-4853-8B74-7CF591C255E7}.Win10 Release|x64.ActiveCfg = Win10 Release|x64
		{BDE07E9E-2041-4853-8B74-7CF591C255E7}.Win10 Release|x64.Build.0 = Win10 Release|x64
		{BDE07E9E-2041-4853-8B74-7CF591C255E7}.Win10 Release|x86.ActiveCfg = Win10 Release|Win32
		{BDE07E9E-2041-4853-8B74-7CF591C255E7}.Win10 Release|x86.Build.0 = Win10 Release|Win32
		{BDE07E9E-2041-4853-8B74-7CF591C255E7}.Win11 Release|ARM64.ActiveCfg = Win11 Release|ARM64
		{BDE07E9E-2041-4853-8B74-7CF591C255E7}.Win11 Release|ARM64.Build.0 = Win11 Release|ARM64
		{BDE07E9E-2041-4853-8B74-7CF591C255E7}.Win11 Release|x64.ActiveCfg = Win11 Release|x64
		{BDE07E9E-2041-4853-8B74-7CF591C255E7}.Win11 Release|x64.Build.0 = Win11 Release|x64
		{BDE07E9E-2041-4853-8B74-7CF591C255E7}.Win11 Release|x86.ActiveCfg = Win11 Release|x64
		{8C2B5F43-18E2-41B6-AEBC-8B6704F7FCC6}.Win10 Release|ARM64.ActiveCfg = Win10 Release|ARM64
		{8C2B5F43-18E2-41B6-AEBC-8B6704F7FCC6}.Win10 Release|ARM64.Build.0 = Win10 Release|ARM64
		{8C2B5F43-18E2-41B6-AEBC-8B6704F7FCC6}.Win10 Release|x64.ActiveCfg = Win10 Release|x64
		{8C2B5F43-18E2-41B6-AEBC-8B6704F7FCC6}.Win10 Release|x64.Build.0 = Win10 Release|x64
		{8C2B5F43-18E2-41B6-AEBC-8B6704F7FCC6}.Win10 Release|x86.ActiveCfg = Win10 Release|Win32
		{8C2B5F43-18E2-41B6-AEBC-8B6704F7FCC6}.Win10 Release|x86.Build.0 = Win10 Release|Win32
		{8C2B5F43-18E2-41B6-AEBC-8B6704F7FCC6}.Win11 Release|ARM64.ActiveCfg = Win11 Release|ARM64
		{8C2B5F43-18E2-41B6-AEBC-8B6704F7FCC6}.Win11 Release|ARM64.Build.0 = Win11 Release|ARM64
		{8C2B5F43-18E2-41B6-AEBC-8B6704F7FCC6}.Win11 Release|x64.ActiveCfg = Win11 Release|x64
		{8C2B5F43-18E2-41B6-AEBC-8B6704F7FCC6}.Win11 Release|x64.Build.0 = Win11 Release|x64
		{8C2B5F43-18E2-41B6-AEBC-8B6704F7FCC6}.Win11 Release|x86.ActiveCfg = Win11 Release|x64
		{D572573A-7D73-404D-8DFA-7727278C242E}.Win10 Release|ARM64.ActiveCfg = Win10 Release|ARM64
		{D572573A-7D73-404D-8DFA-7727278C242E}.Win10 Release|ARM64.Build.0 = Win10 Release|ARM64
		{D572573A-7D73-404D-8DFA-7727278C242E}.Win10 Release|x64.ActiveCfg = Win10 Release|x64
		{D572573A-7D73-404D-8DFA-7727278C242E}.Win10 Release|x64.Build.0 = Win10 Release|x64
		{D572573A-7D73-404D-8DFA-7727278C242E}.Win10 Release|x86.ActiveCfg = Win10 Release|Win32
		{D572573A-7D73-404D-8DFA-7727278C242E}.Win10 Release|x86.Build.0 = Win10 Release|Win32
		{D572573A-7D73-404D-8DFA-7727278C242E}.Win11 Release|ARM64.ActiveCfg = Win11 Release|ARM64
		{D572573A-7D73-404D-8DFA-7727278C242E}.Win11 Release|ARM64.Build.0 = Win11 Release|ARM64
		{D572573A-7D73-404D-8DFA-7727278C242E}.Win11 Release|x64.ActiveCfg = Win11 Release|x64
		{D572573A-7D73-404D-8DFA-7727278C242E}.Win11 Release|x64.Build.0 = Win11 Release|x64
		{D572573A-7D73-404D-8DFA-7727278C242E}.Win11 Release|x86.ActiveCfg = Win11 Release|x64
		{4BEE8BEA-413F-4262-BC96-B03B509241E4}.Win10 Release|ARM64.ActiveCfg = Win10 Release|ARM64
		{4BEE8BEA-413F-4262-BC96-B03B509241E4}.Win10 Release|ARM64.Build.0 = Win10 Release|ARM64
		{4BEE8BEA-413F-4262-BC96-B03B509241E4}.Win10 Release|ARM64.Deploy.0 = Win10 Release|ARM64
		{4BEE8BEA-413F-4262-BC96-B03B509241E4}.Win10 Release|x64.ActiveCfg = Win10 Release|x64
		{4BEE8BEA-413F-4262-BC96-B03B509241E4}.Win10 Release|x64.Build.0 = Win10 Release|x64
		{4BEE8BEA-413F-4262-BC96-B03B509241E4}.Win10 Release|x64.Deploy.0 = Win10 Release|x64
		{4BEE8BEA-413F-4262-BC96-B03B509241E4}.Win10 Release|x86.ActiveCfg = Win10 Release|Win32
		{4BEE8BEA-413F-4262-BC96-B03B509241E4}.Win10 Release|x86.Build.0 = Win10 Release|Win32
		{4BEE8BEA-413F-4262-BC96-B03B509241E4}.Win11 Release|ARM64.ActiveCfg = Win11 Release|ARM64
		{4BEE8BEA-413F-4262-BC96-B03B509241E4}.Win11 Release|ARM64.Build.0 = Win11 Release|ARM64
		{4BEE8BEA-413F-4262-BC96-B03B509241E4}.Win11 Release|ARM64.Deploy.0 = Win11 Release|ARM64
		{4BEE8BEA-413F-4262-BC96-B03B509241E4}.Win11 Release|x64.ActiveCfg = Win11 Release|x64
		{4BEE8BEA-413F-4262-BC96-B03B509241E4}.Win11 Release|x64.Build.0 = Win11 Release|x64
		{4BEE8BEA-413F-4262-BC96-B03B509241E4}.Win11 Release|x64.Deploy.0 = Win11 Release|x64
		{4BEE8BEA-413F-4262-BC96-B03B509241E4}.Win11 Release|x86.ActiveCfg = Win11 Release|x64
		{9D17F7FB-A784-4958-8DB4-0D50118334F0}.Win10 Release|ARM64.ActiveCfg = Win10 Release|ARM64
		{9D17F7FB-A784-4958-8DB4-0D50118334F0}.Win10 Release|ARM64.Build.0 = Win10 Release|ARM64
		{9D17F7FB-A784-4958-8DB4-0D50118334F0}.Win10 Release|x64.ActiveCfg = Win10 Release|x64
		{9D17F7FB-A784-4958-8DB4-0D50118334F0}.Win10 Release|x64.Build.0 = Win10 Release|x64
		{9D17F7FB-A784-4958-8DB4-0D50118334F0}.Win10 Release|x86.ActiveCfg = Win10 Release|Win32
		{9D17F7FB-A784-4958-8DB4-0D50118334F0}.Win10 Release|x86.Build.0 = Win10 Release|Win32
		{9D17F7FB-A784-4958-8DB4-0D50118334F0}.Win11 Release|ARM64.ActiveCfg = Win11 Release|ARM64
		{9D17F7FB-A784-4958-8DB4-0D50118334F0}.Win11 Release|ARM64.Build.0 = Win11 Release|ARM64
		{9D17F7FB-A784-4958-8DB4-0D50118334F0}.Win11 Release|x64.ActiveCfg = Win11 Release|x64
		{9D17F7FB-A784-4958-8DB4-0D50118334F0}.Win11 Release|x64.Build.0 = Win11 Release|x64
		{9D17F7FB-A784-4958-8DB4-0D50118334F0}.Win11 Release|x86.ActiveCfg = Win11 Release|x64
		{B8C784B3-7914-4539-B728-F2EAE5C9795E}.Win10 Release|ARM64.ActiveCfg = Win10 Release|ARM64
		{B8C784B3-7914-4539-B728-F2EAE5C9795E}.Win10 Release|ARM64.Build.0 = Win10 Release|ARM64
		{B8C784B3-7914-4539-B728-F2EAE5C9795E}.Win10 Release|x64.ActiveCfg = Win10 Release|x64
		{B8C784B3-7914-4539-B728-F2EAE5C9795E}.Win10 Release|x64.Build.0 = Win10 Release|x64
		{B8C784B3-7914-4539-B728-F2EAE5C9795E}.Win10 Release|x86.ActiveCfg = Win10 Release|Win32
		{B8C784B3-7914-4539-B728-F2EAE5C9795E}.Win10 Release|x86.Build.0 = Win10 Release|Win32
		{B8C784B3-7914-4539-B728-F2EAE5C9795E}.Win11 Release|ARM64.ActiveCfg = Win11 Release|ARM64
		{B8C784B3-7914-4539-B728-F2EAE5C9795E}.Win11 Release|ARM64.Build.0 = Win11 Release|ARM64
		{B8C784B3-7914-4539-B728-F2EAE5C9795E}.Win11 Release|x64.ActiveCfg = Win11 Release|x64
		{B8C784B3-7914-4539-B728-F2EAE5C9795E}.Win11 Release|x64.Build.0 = Win11 Release|x64
		{B8C784B3-7914-4539-B728-F2EAE5C9795E}.Win11 Release|x86.ActiveCfg = Win11 Release|Win32
		{B8C784B3-7914-4539-B728-F2EAE5C9795E}.Win11 Release|x86.Build.0 = Win11 Release|Win32
		{F1D3841D-FC2D-4CF1-BE04-6CF5ACBFC41F}.Win10 Release|ARM64.ActiveCfg = Win10 Release|ARM64
		{F1D3841D-FC2D-4CF1-BE04-6CF5ACBFC41F}.Win10 Release|ARM64.Build.0 = Win10 Release|ARM64
		{F1D3841D-FC2D-4CF1-BE04-6CF5ACBFC41F}.Win10 Release|x64.ActiveCfg = Win10 Release|x64
		{F1D3841D-FC2D-4CF1-BE04-6CF5ACBFC41F}.Win10 Release|x64.Build.0 = Win10 Release|x64
		{F1D3841D-FC2D-4CF1-BE04-6CF5ACBFC41F}.Win10 Release|x86.ActiveCfg = Win10 Release|Win32
		{F1D3841D-FC2D-4CF1-BE04-6CF5ACBFC41F}.Win10 Release|x86.Build.0 = Win10 Release|Win32
		{F1D3841D-FC2D-4CF1-BE04-6CF5ACBFC41F}.Win11 Release|ARM64.ActiveCfg = Win11 Release|ARM64
		{F1D3841D-FC2D-4CF1-BE04-6CF5ACBFC41F}.Win11 Release|ARM64.Build.0 = Win11 Release|ARM64
		{F1D3841D-FC2D-4CF1-BE04-6CF5ACBFC41F}.Win11 Release|x64.ActiveCfg = Win11 Release|x64
		{F1D3841D-FC2D-4CF1-BE04-6CF5ACBFC41F}.Win11 Release|x64.Build.0 = Win11 Release|x64
		{F1D3841D-FC2D-4CF1-BE04-6CF5ACBFC41F}.Win11 Release|x86.ActiveCfg = Win11 Release|Win32
		{F1D3841D-FC2D-4CF1-BE04-6CF5ACBFC41F}.Win11 Release|x86.Build.0 = Win11 Release|Win32
	EndGlobalSection
	GlobalSection(SolutionProperties) = preSolution
		HideSolutionNode = FALSE
	EndGlobalSection
	GlobalSection(NestedProjects) = preSolution
		{01D87C47-437A-4A16-8FD9-33FA5C99339E} = {9B50A368-22AC-421A-BA77-FA2BC760D7D9}
		{EC1B7990-EA6A-45FE-836C-2F050F6BB632} = {9B50A368-22AC-421A-BA77-FA2BC760D7D9}
		{DAD407F3-186A-48FC-88CE-E236AF3165C4} = {BE3962CB-0038-42CD-9182-AF4FDE2938F1}
		{EF30BBDE-57AE-48F8-BACD-3C3F8C45E64C} = {1F390D79-F68F-4F25-B4A0-0E50FEAE5D7D}
		{023DE679-5B3F-423F-88C4-714A12F3D864} = {1F390D79-F68F-4F25-B4A0-0E50FEAE5D7D}
		{1530C86E-90C0-4270-B3A2-0FB90152CA48} = {46DFC9B8-497E-4CD6-B3C8-C456B8EEBCC1}
		{EF874D69-710D-4B5D-AFDA-4A3E912B5838} = {9F1ACED2-9B2F-41C9-AE57-0B0958379DCD}
		{4471A5F4-C884-4EBA-8241-FEBBECE181CF} = {9F1ACED2-9B2F-41C9-AE57-0B0958379DCD}
		{E81CB0C6-F255-4A79-B972-8E49D15D957E} = {9F1ACED2-9B2F-41C9-AE57-0B0958379DCD}
		{230231C1-A0C2-4A37-B32B-E247A92311F4} = {E8F15557-9E22-4EFB-92A5-8AB69ACEC7A8}
		{CDABF347-89AB-4E09-A93F-324D4EFBC74F} = {D773D8E3-C5AD-4361-B46E-BF4AB358E7FE}
		{3E9E272D-6299-4B69-A49E-6D286EAB8CCA} = {D773D8E3-C5AD-4361-B46E-BF4AB358E7FE}
		{29D5D8BA-071A-464F-89DF-C0B4EE99F141} = {1062D4C0-2DC2-4AFA-A1A8-C57666FE923E}
		{7F794CE4-EFAC-4C54-AEEC-7873510C36EA} = {1062D4C0-2DC2-4AFA-A1A8-C57666FE923E}
		{1062D4C0-2DC2-4AFA-A1A8-C57666FE923E} = {DF169B23-B571-48BE-8287-4F0326B52D77}
		{B3402316-94F7-4526-AD07-870DEE0E660C} = {8C3B4963-5F22-4A7B-9704-4F1CEC625909}
		{B953395B-010B-432C-AFCD-6C4F6553905F} = {8C3B4963-5F22-4A7B-9704-4F1CEC625909}
		{09672FE6-A18C-4B3B-B1DC-1C7C1F61F9B4} = {1062D4C0-2DC2-4AFA-A1A8-C57666FE923E}
		{EC5DCAF5-3514-4E61-8201-10F5F060E096} = {E8F15557-9E22-4EFB-92A5-8AB69ACEC7A8}
		{03CA149C-ACBD-430E-A663-30D3A335F8A4} = {799496CA-9430-4FFF-BEA7-224AE168500B}
		{87AEE822-FF8B-4743-A567-8B46F4FA6D99} = {799496CA-9430-4FFF-BEA7-224AE168500B}
		{92C73575-146D-4C39-A9CA-7B9081EB6FD1} = {96D0A704-41DC-4FB2-9F63-8026821478D3}
		{F93779E1-51C1-4D12-9DC6-28FF6EB5589B} = {96D0A704-41DC-4FB2-9F63-8026821478D3}
		{DD9D3949-C1BC-426F-BFDA-D9310B8F9E3F} = {96D0A704-41DC-4FB2-9F63-8026821478D3}
		{8B100A20-3269-428E-8995-91CEC80756F9} = {96D0A704-41DC-4FB2-9F63-8026821478D3}
		{D9EF1144-4779-444C-ADD6-F733B749A862} = {F8BDF479-508B-40A3-9F3F-AB22FDF6D5FF}
		{8CB5D2D4-F3EA-4568-89A8-DCD332BDCF4E} = {9F1ACED2-9B2F-41C9-AE57-0B0958379DCD}
		{209E8947-494D-4104-B44B-530CB68A6494} = {1FD474F9-4963-48FE-A58B-C0ED1CD86880}
		{9D87E5A8-84AE-4775-90B5-CC75CA420670} = {1FD474F9-4963-48FE-A58B-C0ED1CD86880}
		{B415038E-1FD4-4001-AEAB-CFA2177B1806} = {1FD474F9-4963-48FE-A58B-C0ED1CD86880}
		{92E3B437-C258-47FB-8856-D3FEA56A3BCC} = {1062D4C0-2DC2-4AFA-A1A8-C57666FE923E}
		{3149C26A-F437-42BD-A40D-D10A695F93EF} = {1062D4C0-2DC2-4AFA-A1A8-C57666FE923E}
		{315D93F9-0F5C-4ACD-AFB1-96B1E62559BC} = {02B3EFA9-96A2-4117-BDFF-38908F1DB93F}
		{C65DA065-5828-45CF-89DB-FC4F21BC9E05} = {02B3EFA9-96A2-4117-BDFF-38908F1DB93F}
		{2CFBBF52-9646-4E42-9E43-9CEE50735254} = {02B3EFA9-96A2-4117-BDFF-38908F1DB93F}
		{3F2854A7-A604-4006-A79B-9EAFC63015B8} = {02B3EFA9-96A2-4117-BDFF-38908F1DB93F}
		{5E68CCE9-F95D-4A6C-A5AD-DBA7CE0CA63A} = {02B3EFA9-96A2-4117-BDFF-38908F1DB93F}
		{BDE07E9E-2041-4853-8B74-7CF591C255E7} = {711026E0-B4CD-437B-B9FA-31DF42877EC4}
		{8C2B5F43-18E2-41B6-AEBC-8B6704F7FCC6} = {711026E0-B4CD-437B-B9FA-31DF42877EC4}
		{D572573A-7D73-404D-8DFA-7727278C242E} = {711026E0-B4CD-437B-B9FA-31DF42877EC4}
		{4BEE8BEA-413F-4262-BC96-B03B509241E4} = {E8F15557-9E22-4EFB-92A5-8AB69ACEC7A8}
		{9D17F7FB-A784-4958-8DB4-0D50118334F0} = {B192B63C-8AC5-4480-A14E-920F549FECA9}
		{B8C784B3-7914-4539-B728-F2EAE5C9795E} = {02B3EFA9-96A2-4117-BDFF-38908F1DB93F}
		{F1D3841D-FC2D-4CF1-BE04-6CF5ACBFC41F} = {02B3EFA9-96A2-4117-BDFF-38908F1DB93F}
	EndGlobalSection
	GlobalSection(ExtensibilityGlobals) = postSolution
		SolutionGuid = {14F2DA75-8F24-42D5-BFE2-D7D0C03EAFA7}
	EndGlobalSection
EndGlobal
