
Microsoft Visual Studio Solution File, Format Version 12.00
# Visual Studio 14
VisualStudioVersion = 14.0.25420.1
MinimumVisualStudioVersion = 10.0.40219.1
Project("{8BC9CEB8-8B4A-11D0-8D11-00A0C91BC942}") = "VirtRNG Package", "VirtRNG Package\VirtRNG Package.vcxproj", "{4471A5F4-C884-4EBA-8241-FEBBECE181CF}"
	ProjectSection(ProjectDependencies) = postProject
		{E81CB0C6-F255-4A79-B972-8E49D15D957E} = {E81CB0C6-F255-4A79-B972-8E49D15D957E}
		{8CB5D2D4-F3EA-4568-89A8-DCD332BDCF4E} = {8CB5D2D4-F3EA-4568-89A8-DCD332BDCF4E}
		{5B7EA7DB-A573-48E0-86A0-70E044F78869} = {5B7EA7DB-A573-48E0-86A0-70E044F78869}
	EndProjectSection
EndProject
Project("{8BC9CEB8-8B4A-11D0-8D11-00A0C91BC942}") = "viorng", "viorng\viorng.vcxproj", "{EF874D69-710D-4B5D-AFDA-4A3E912B5838}"
	ProjectSection(ProjectDependencies) = postProject
		{01D87C47-437A-4A16-8FD9-33FA5C99339E} = {01D87C47-437A-4A16-8FD9-33FA5C99339E}
		{EC1B7990-EA6A-45FE-836C-2F050F6BB632} = {EC1B7990-EA6A-45FE-836C-2F050F6BB632}
	EndProjectSection
EndProject
Project("{8BC9CEB8-8B4A-11D0-8D11-00A0C91BC942}") = "viorngum", "cng\um\viorngum.vcxproj", "{E81CB0C6-F255-4A79-B972-8E49D15D957E}"
EndProject
Project("{8BC9CEB8-8B4A-11D0-8D11-00A0C91BC942}") = "viorngci", "coinstaller\viorngci.vcxproj", "{5B7EA7DB-A573-48E0-86A0-70E044F78869}"
EndProject
Project("{2150E333-8FDC-42A3-9474-1A3956D46DE8}") = "VirtIO", "VirtIO", "{985C89DD-E9EB-4996-9831-7A0CC2CCEDB9}"
EndProject
Project("{8BC9CEB8-8B4A-11D0-8D11-00A0C91BC942}") = "VirtioLib", "..\VirtIO\VirtioLib.vcxproj", "{01D87C47-437A-4A16-8FD9-33FA5C99339E}"
EndProject
Project("{8BC9CEB8-8B4A-11D0-8D11-00A0C91BC942}") = "VirtioLib-WDF", "..\VirtIO\WDF\VirtioLib-WDF.vcxproj", "{EC1B7990-EA6A-45FE-836C-2F050F6BB632}"
	ProjectSection(ProjectDependencies) = postProject
		{01D87C47-437A-4A16-8FD9-33FA5C99339E} = {01D87C47-437A-4A16-8FD9-33FA5C99339E}
	EndProjectSection
EndProject
Project("{8BC9CEB8-8B4A-11D0-8D11-00A0C91BC942}") = "viorngtest", "test\viorngtest.vcxproj", "{8CB5D2D4-F3EA-4568-89A8-DCD332BDCF4E}"
EndProject
Global
	GlobalSection(SolutionConfigurationPlatforms) = preSolution
		Vista Release|x64 = Vista Release|x64
		Vista Release|x86 = Vista Release|x86
		Win10 Release|x64 = Win10 Release|x64
		Win10 Release|x86 = Win10 Release|x86
		Win7 Release|x64 = Win7 Release|x64
		Win7 Release|x86 = Win7 Release|x86
		Win8 Release|x64 = Win8 Release|x64
		Win8 Release|x86 = Win8 Release|x86
		Win8.1 Release|x64 = Win8.1 Release|x64
		Win8.1 Release|x86 = Win8.1 Release|x86
	EndGlobalSection
	GlobalSection(ProjectConfigurationPlatforms) = postSolution
		{4471A5F4-C884-4EBA-8241-FEBBECE181CF}.Vista Release|x64.ActiveCfg = Vista Release|x64
		{4471A5F4-C884-4EBA-8241-FEBBECE181CF}.Vista Release|x64.Build.0 = Vista Release|x64
		{4471A5F4-C884-4EBA-8241-FEBBECE181CF}.Vista Release|x86.ActiveCfg = Vista Release|Win32
		{4471A5F4-C884-4EBA-8241-FEBBECE181CF}.Vista Release|x86.Build.0 = Vista Release|Win32
		{4471A5F4-C884-4EBA-8241-FEBBECE181CF}.Win10 Release|x64.ActiveCfg = Win10 Release|x64
		{4471A5F4-C884-4EBA-8241-FEBBECE181CF}.Win10 Release|x64.Build.0 = Win10 Release|x64
		{4471A5F4-C884-4EBA-8241-FEBBECE181CF}.Win10 Release|x86.ActiveCfg = Win10 Release|Win32
		{4471A5F4-C884-4EBA-8241-FEBBECE181CF}.Win10 Release|x86.Build.0 = Win10 Release|Win32
		{4471A5F4-C884-4EBA-8241-FEBBECE181CF}.Win7 Release|x64.ActiveCfg = Win7 Release|x64
		{4471A5F4-C884-4EBA-8241-FEBBECE181CF}.Win7 Release|x64.Build.0 = Win7 Release|x64
		{4471A5F4-C884-4EBA-8241-FEBBECE181CF}.Win7 Release|x86.ActiveCfg = Win7 Release|Win32
		{4471A5F4-C884-4EBA-8241-FEBBECE181CF}.Win7 Release|x86.Build.0 = Win7 Release|Win32
		{4471A5F4-C884-4EBA-8241-FEBBECE181CF}.Win8 Release|x64.ActiveCfg = Win8 Release|x64
		{4471A5F4-C884-4EBA-8241-FEBBECE181CF}.Win8 Release|x64.Build.0 = Win8 Release|x64
		{4471A5F4-C884-4EBA-8241-FEBBECE181CF}.Win8 Release|x86.ActiveCfg = Win8 Release|Win32
		{4471A5F4-C884-4EBA-8241-FEBBECE181CF}.Win8 Release|x86.Build.0 = Win8 Release|Win32
		{4471A5F4-C884-4EBA-8241-FEBBECE181CF}.Win8.1 Release|x64.ActiveCfg = Win8 Release|x64
		{4471A5F4-C884-4EBA-8241-FEBBECE181CF}.Win8.1 Release|x86.ActiveCfg = Win8 Release|Win32
		{EF874D69-710D-4B5D-AFDA-4A3E912B5838}.Vista Release|x64.ActiveCfg = Vista Release|x64
		{EF874D69-710D-4B5D-AFDA-4A3E912B5838}.Vista Release|x64.Build.0 = Vista Release|x64
		{EF874D69-710D-4B5D-AFDA-4A3E912B5838}.Vista Release|x86.ActiveCfg = Vista Release|Win32
		{EF874D69-710D-4B5D-AFDA-4A3E912B5838}.Vista Release|x86.Build.0 = Vista Release|Win32
		{EF874D69-710D-4B5D-AFDA-4A3E912B5838}.Vista Release|x86.Deploy.0 = Vista Release|Win32
		{EF874D69-710D-4B5D-AFDA-4A3E912B5838}.Win10 Release|x64.ActiveCfg = Win10 Release|x64
		{EF874D69-710D-4B5D-AFDA-4A3E912B5838}.Win10 Release|x64.Build.0 = Win10 Release|x64
		{EF874D69-710D-4B5D-AFDA-4A3E912B5838}.Win10 Release|x86.ActiveCfg = Win10 Release|Win32
		{EF874D69-710D-4B5D-AFDA-4A3E912B5838}.Win10 Release|x86.Build.0 = Win10 Release|Win32
		{EF874D69-710D-4B5D-AFDA-4A3E912B5838}.Win7 Release|x64.ActiveCfg = Win7 Release|x64
		{EF874D69-710D-4B5D-AFDA-4A3E912B5838}.Win7 Release|x64.Build.0 = Win7 Release|x64
		{EF874D69-710D-4B5D-AFDA-4A3E912B5838}.Win7 Release|x86.ActiveCfg = Win7 Release|Win32
		{EF874D69-710D-4B5D-AFDA-4A3E912B5838}.Win7 Release|x86.Build.0 = Win7 Release|Win32
		{EF874D69-710D-4B5D-AFDA-4A3E912B5838}.Win8 Release|x64.ActiveCfg = Win8 Release|x64
		{EF874D69-710D-4B5D-AFDA-4A3E912B5838}.Win8 Release|x64.Build.0 = Win8 Release|x64
		{EF874D69-710D-4B5D-AFDA-4A3E912B5838}.Win8 Release|x86.ActiveCfg = Win8 Release|Win32
		{EF874D69-710D-4B5D-AFDA-4A3E912B5838}.Win8 Release|x86.Build.0 = Win8 Release|Win32
		{EF874D69-710D-4B5D-AFDA-4A3E912B5838}.Win8.1 Release|x64.ActiveCfg = Win8 Release|x64
		{EF874D69-710D-4B5D-AFDA-4A3E912B5838}.Win8.1 Release|x86.ActiveCfg = Win8 Release|Win32
		{E81CB0C6-F255-4A79-B972-8E49D15D957E}.Vista Release|x64.ActiveCfg = Vista Release|x64
		{E81CB0C6-F255-4A79-B972-8E49D15D957E}.Vista Release|x64.Build.0 = Vista Release|x64
		{E81CB0C6-F255-4A79-B972-8E49D15D957E}.Vista Release|x86.ActiveCfg = Vista Release|Win32
		{E81CB0C6-F255-4A79-B972-8E49D15D957E}.Vista Release|x86.Build.0 = Vista Release|Win32
		{E81CB0C6-F255-4A79-B972-8E49D15D957E}.Win10 Release|x64.ActiveCfg = Win10 Release|x64
		{E81CB0C6-F255-4A79-B972-8E49D15D957E}.Win10 Release|x64.Build.0 = Win10 Release|x64
		{E81CB0C6-F255-4A79-B972-8E49D15D957E}.Win10 Release|x86.ActiveCfg = Win10 Release|Win32
		{E81CB0C6-F255-4A79-B972-8E49D15D957E}.Win10 Release|x86.Build.0 = Win10 Release|Win32
		{E81CB0C6-F255-4A79-B972-8E49D15D957E}.Win7 Release|x64.ActiveCfg = Win7 Release|x64
		{E81CB0C6-F255-4A79-B972-8E49D15D957E}.Win7 Release|x64.Build.0 = Win7 Release|x64
		{E81CB0C6-F255-4A79-B972-8E49D15D957E}.Win7 Release|x86.ActiveCfg = Win7 Release|Win32
		{E81CB0C6-F255-4A79-B972-8E49D15D957E}.Win7 Release|x86.Build.0 = Win7 Release|Win32
		{E81CB0C6-F255-4A79-B972-8E49D15D957E}.Win8 Release|x64.ActiveCfg = Win8 Release|x64
		{E81CB0C6-F255-4A79-B972-8E49D15D957E}.Win8 Release|x64.Build.0 = Win8 Release|x64
		{E81CB0C6-F255-4A79-B972-8E49D15D957E}.Win8 Release|x86.ActiveCfg = Win8 Release|Win32
		{E81CB0C6-F255-4A79-B972-8E49D15D957E}.Win8 Release|x86.Build.0 = Win8 Release|Win32
		{E81CB0C6-F255-4A79-B972-8E49D15D957E}.Win8.1 Release|x64.ActiveCfg = Win8 Release|x64
		{E81CB0C6-F255-4A79-B972-8E49D15D957E}.Win8.1 Release|x86.ActiveCfg = Win8 Release|Win32
		{5B7EA7DB-A573-48E0-86A0-70E044F78869}.Vista Release|x64.ActiveCfg = Vista Release|x64
		{5B7EA7DB-A573-48E0-86A0-70E044F78869}.Vista Release|x64.Build.0 = Vista Release|x64
		{5B7EA7DB-A573-48E0-86A0-70E044F78869}.Vista Release|x86.ActiveCfg = Vista Release|Win32
		{5B7EA7DB-A573-48E0-86A0-70E044F78869}.Vista Release|x86.Build.0 = Vista Release|Win32
		{5B7EA7DB-A573-48E0-86A0-70E044F78869}.Win10 Release|x64.ActiveCfg = Win10 Release|x64
		{5B7EA7DB-A573-48E0-86A0-70E044F78869}.Win10 Release|x64.Build.0 = Win10 Release|x64
		{5B7EA7DB-A573-48E0-86A0-70E044F78869}.Win10 Release|x86.ActiveCfg = Win10 Release|Win32
		{5B7EA7DB-A573-48E0-86A0-70E044F78869}.Win10 Release|x86.Build.0 = Win10 Release|Win32
		{5B7EA7DB-A573-48E0-86A0-70E044F78869}.Win7 Release|x64.ActiveCfg = Win7 Release|x64
		{5B7EA7DB-A573-48E0-86A0-70E044F78869}.Win7 Release|x64.Build.0 = Win7 Release|x64
		{5B7EA7DB-A573-48E0-86A0-70E044F78869}.Win7 Release|x86.ActiveCfg = Win7 Release|Win32
		{5B7EA7DB-A573-48E0-86A0-70E044F78869}.Win7 Release|x86.Build.0 = Win7 Release|Win32
		{5B7EA7DB-A573-48E0-86A0-70E044F78869}.Win8 Release|x64.ActiveCfg = Win8 Release|x64
		{5B7EA7DB-A573-48E0-86A0-70E044F78869}.Win8 Release|x64.Build.0 = Win8 Release|x64
		{5B7EA7DB-A573-48E0-86A0-70E044F78869}.Win8 Release|x86.ActiveCfg = Win8 Release|Win32
		{5B7EA7DB-A573-48E0-86A0-70E044F78869}.Win8 Release|x86.Build.0 = Win8 Release|Win32
		{5B7EA7DB-A573-48E0-86A0-70E044F78869}.Win8.1 Release|x64.ActiveCfg = Win8 Release|x64
		{5B7EA7DB-A573-48E0-86A0-70E044F78869}.Win8.1 Release|x86.ActiveCfg = Win8 Release|Win32
		{01D87C47-437A-4A16-8FD9-33FA5C99339E}.Vista Release|x64.ActiveCfg = Vista Release|x64
		{01D87C47-437A-4A16-8FD9-33FA5C99339E}.Vista Release|x64.Build.0 = Vista Release|x64
		{01D87C47-437A-4A16-8FD9-33FA5C99339E}.Vista Release|x86.ActiveCfg = Vista Release|Win32
		{01D87C47-437A-4A16-8FD9-33FA5C99339E}.Vista Release|x86.Build.0 = Vista Release|Win32
		{01D87C47-437A-4A16-8FD9-33FA5C99339E}.Win10 Release|x64.ActiveCfg = Win10 Release|x64
		{01D87C47-437A-4A16-8FD9-33FA5C99339E}.Win10 Release|x64.Build.0 = Win10 Release|x64
		{01D87C47-437A-4A16-8FD9-33FA5C99339E}.Win10 Release|x86.ActiveCfg = Win10 Release|Win32
		{01D87C47-437A-4A16-8FD9-33FA5C99339E}.Win10 Release|x86.Build.0 = Win10 Release|Win32
		{01D87C47-437A-4A16-8FD9-33FA5C99339E}.Win7 Release|x64.ActiveCfg = Win7 Release|x64
		{01D87C47-437A-4A16-8FD9-33FA5C99339E}.Win7 Release|x64.Build.0 = Win7 Release|x64
		{01D87C47-437A-4A16-8FD9-33FA5C99339E}.Win7 Release|x86.ActiveCfg = Win7 Release|Win32
		{01D87C47-437A-4A16-8FD9-33FA5C99339E}.Win7 Release|x86.Build.0 = Win7 Release|Win32
		{01D87C47-437A-4A16-8FD9-33FA5C99339E}.Win8 Release|x64.ActiveCfg = Win8 Release|x64
		{01D87C47-437A-4A16-8FD9-33FA5C99339E}.Win8 Release|x64.Build.0 = Win8 Release|x64
		{01D87C47-437A-4A16-8FD9-33FA5C99339E}.Win8 Release|x86.ActiveCfg = Win8 Release|Win32
		{01D87C47-437A-4A16-8FD9-33FA5C99339E}.Win8 Release|x86.Build.0 = Win8 Release|Win32
		{01D87C47-437A-4A16-8FD9-33FA5C99339E}.Win8.1 Release|x64.ActiveCfg = Win8.1 Release|x64
		{01D87C47-437A-4A16-8FD9-33FA5C99339E}.Win8.1 Release|x86.ActiveCfg = Win8.1 Release|Win32
		{EC1B7990-EA6A-45FE-836C-2F050F6BB632}.Vista Release|x64.ActiveCfg = Vista Release|x64
		{EC1B7990-EA6A-45FE-836C-2F050F6BB632}.Vista Release|x64.Build.0 = Vista Release|x64
		{EC1B7990-EA6A-45FE-836C-2F050F6BB632}.Vista Release|x86.ActiveCfg = Vista Release|Win32
		{EC1B7990-EA6A-45FE-836C-2F050F6BB632}.Vista Release|x86.Build.0 = Vista Release|Win32
		{EC1B7990-EA6A-45FE-836C-2F050F6BB632}.Win10 Release|x64.ActiveCfg = Win10 Release|x64
		{EC1B7990-EA6A-45FE-836C-2F050F6BB632}.Win10 Release|x64.Build.0 = Win10 Release|x64
		{EC1B7990-EA6A-45FE-836C-2F050F6BB632}.Win10 Release|x86.ActiveCfg = Win10 Release|Win32
		{EC1B7990-EA6A-45FE-836C-2F050F6BB632}.Win10 Release|x86.Build.0 = Win10 Release|Win32
		{EC1B7990-EA6A-45FE-836C-2F050F6BB632}.Win7 Release|x64.ActiveCfg = Win7 Release|x64
		{EC1B7990-EA6A-45FE-836C-2F050F6BB632}.Win7 Release|x64.Build.0 = Win7 Release|x64
		{EC1B7990-EA6A-45FE-836C-2F050F6BB632}.Win7 Release|x86.ActiveCfg = Win7 Release|Win32
		{EC1B7990-EA6A-45FE-836C-2F050F6BB632}.Win7 Release|x86.Build.0 = Win7 Release|Win32
		{EC1B7990-EA6A-45FE-836C-2F050F6BB632}.Win8 Release|x64.ActiveCfg = Win8 Release|x64
		{EC1B7990-EA6A-45FE-836C-2F050F6BB632}.Win8 Release|x64.Build.0 = Win8 Release|x64
		{EC1B7990-EA6A-45FE-836C-2F050F6BB632}.Win8 Release|x86.ActiveCfg = Win8 Release|Win32
		{EC1B7990-EA6A-45FE-836C-2F050F6BB632}.Win8 Release|x86.Build.0 = Win8 Release|Win32
		{EC1B7990-EA6A-45FE-836C-2F050F6BB632}.Win8.1 Release|x64.ActiveCfg = Win8.1 Release|x64
		{EC1B7990-EA6A-45FE-836C-2F050F6BB632}.Win8.1 Release|x86.ActiveCfg = Win8.1 Release|Win32
		{8CB5D2D4-F3EA-4568-89A8-DCD332BDCF4E}.Vista Release|x64.ActiveCfg = Release|x64
		{8CB5D2D4-F3EA-4568-89A8-DCD332BDCF4E}.Vista Release|x64.Build.0 = Release|x64
		{8CB5D2D4-F3EA-4568-89A8-DCD332BDCF4E}.Vista Release|x86.ActiveCfg = Release|Win32
		{8CB5D2D4-F3EA-4568-89A8-DCD332BDCF4E}.Vista Release|x86.Build.0 = Release|Win32
		{8CB5D2D4-F3EA-4568-89A8-DCD332BDCF4E}.Win10 Release|x64.ActiveCfg = Release|x64
		{8CB5D2D4-F3EA-4568-89A8-DCD332BDCF4E}.Win10 Release|x64.Build.0 = Release|x64
		{8CB5D2D4-F3EA-4568-89A8-DCD332BDCF4E}.Win10 Release|x86.ActiveCfg = Release|Win32
		{8CB5D2D4-F3EA-4568-89A8-DCD332BDCF4E}.Win10 Release|x86.Build.0 = Release|Win32
		{8CB5D2D4-F3EA-4568-89A8-DCD332BDCF4E}.Win7 Release|x64.ActiveCfg = Release|x64
		{8CB5D2D4-F3EA-4568-89A8-DCD332BDCF4E}.Win7 Release|x64.Build.0 = Release|x64
		{8CB5D2D4-F3EA-4568-89A8-DCD332BDCF4E}.Win7 Release|x86.ActiveCfg = Release|Win32
		{8CB5D2D4-F3EA-4568-89A8-DCD332BDCF4E}.Win7 Release|x86.Build.0 = Release|Win32
		{8CB5D2D4-F3EA-4568-89A8-DCD332BDCF4E}.Win8 Release|x64.ActiveCfg = Release|x64
		{8CB5D2D4-F3EA-4568-89A8-DCD332BDCF4E}.Win8 Release|x64.Build.0 = Release|x64
		{8CB5D2D4-F3EA-4568-89A8-DCD332BDCF4E}.Win8 Release|x86.ActiveCfg = Release|Win32
		{8CB5D2D4-F3EA-4568-89A8-DCD332BDCF4E}.Win8 Release|x86.Build.0 = Release|Win32
		{8CB5D2D4-F3EA-4568-89A8-DCD332BDCF4E}.Win8.1 Release|x64.ActiveCfg = Release|x64
		{8CB5D2D4-F3EA-4568-89A8-DCD332BDCF4E}.Win8.1 Release|x86.ActiveCfg = Release|Win32
	EndGlobalSection
	GlobalSection(SolutionProperties) = preSolution
		HideSolutionNode = FALSE
	EndGlobalSection
	GlobalSection(NestedProjects) = preSolution
		{01D87C47-437A-4A16-8FD9-33FA5C99339E} = {985C89DD-E9EB-4996-9831-7A0CC2CCEDB9}
		{EC1B7990-EA6A-45FE-836C-2F050F6BB632} = {985C89DD-E9EB-4996-9831-7A0CC2CCEDB9}
	EndGlobalSection
	GlobalSection(ExtensibilityGlobals) = postSolution
		SolutionGuid = {D552501D-023C-4191-8ED8-5C2C5B49C702}
	EndGlobalSection
EndGlobal
