
Microsoft Visual Studio Solution File, Format Version 12.00
# Visual Studio 15
VisualStudioVersion = 15.0.28307.168
MinimumVisualStudioVersion = 10.0.40219.1
Project("{8BC9CEB8-8B4A-11D0-8D11-00A0C91BC942}") = "viogpudo", "viogpudo\viogpudo.vcxproj", "{BDE07E9E-2041-4853-8B74-7CF591C255E7}"
	ProjectSection(ProjectDependencies) = postProject
		{D572573A-7D73-404D-8DFA-7727278C242E} = {D572573A-7D73-404D-8DFA-7727278C242E}
		{8C2B5F43-18E2-41B6-AEBC-8B6704F7FCC6} = {8C2B5F43-18E2-41B6-AEBC-8B6704F7FCC6}
		{01D87C47-437A-4A16-8FD9-33FA5C99339E} = {01D87C47-437A-4A16-8FD9-33FA5C99339E}
	EndProjectSection
EndProject
Project("{2150E333-8FDC-42A3-9474-1A3956D46DE8}") = "VirtIO", "VirtIO", "{62C5FC16-EF77-47C2-8FF2-0123AB31C55E}"
EndProject
Project("{8BC9CEB8-8B4A-11D0-8D11-00A0C91BC942}") = "VirtioLib", "..\VirtIO\VirtioLib.vcxproj", "{01D87C47-437A-4A16-8FD9-33FA5C99339E}"
EndProject
Project("{8BC9CEB8-8B4A-11D0-8D11-00A0C91BC942}") = "viogpusc", "viogpusc\viogpusc.vcxproj", "{D572573A-7D73-404D-8DFA-7727278C242E}"
EndProject
Project("{8BC9CEB8-8B4A-11D0-8D11-00A0C91BC942}") = "viogpuap", "viogpuap\viogpuap.vcxproj", "{8C2B5F43-18E2-41B6-AEBC-8B6704F7FCC6}"
EndProject
Global
	GlobalSection(SolutionConfigurationPlatforms) = preSolution
		Win10 Release|ARM64 = Win10 Release|ARM64
		Win10 Release|x64 = Win10 Release|x64
		Win10 Release|x86 = Win10 Release|x86
		Win8 Release|ARM64 = Win8 Release|ARM64
		Win8 Release|x64 = Win8 Release|x64
		Win8 Release|x86 = Win8 Release|x86
		Win8.1 Release|ARM64 = Win8.1 Release|ARM64
		Win8.1 Release|x64 = Win8.1 Release|x64
		Win8.1 Release|x86 = Win8.1 Release|x86
	EndGlobalSection
	GlobalSection(ProjectConfigurationPlatforms) = postSolution
		{BDE07E9E-2041-4853-8B74-7CF591C255E7}.Win10 Release|ARM64.ActiveCfg = Win10 Release|ARM64
		{BDE07E9E-2041-4853-8B74-7CF591C255E7}.Win10 Release|ARM64.Build.0 = Win10 Release|ARM64
		{BDE07E9E-2041-4853-8B74-7CF591C255E7}.Win10 Release|x64.ActiveCfg = Win10 Release|x64
		{BDE07E9E-2041-4853-8B74-7CF591C255E7}.Win10 Release|x64.Build.0 = Win10 Release|x64
		{BDE07E9E-2041-4853-8B74-7CF591C255E7}.Win10 Release|x86.ActiveCfg = Win10 Release|Win32
		{BDE07E9E-2041-4853-8B74-7CF591C255E7}.Win10 Release|x86.Build.0 = Win10 Release|Win32
		{BDE07E9E-2041-4853-8B74-7CF591C255E7}.Win8 Release|ARM64.ActiveCfg = Win8 Release|ARM64
		{BDE07E9E-2041-4853-8B74-7CF591C255E7}.Win8 Release|x64.ActiveCfg = Win8 Release|x64
		{BDE07E9E-2041-4853-8B74-7CF591C255E7}.Win8 Release|x64.Build.0 = Win8 Release|x64
		{BDE07E9E-2041-4853-8B74-7CF591C255E7}.Win8 Release|x86.ActiveCfg = Win8 Release|Win32
		{BDE07E9E-2041-4853-8B74-7CF591C255E7}.Win8 Release|x86.Build.0 = Win8 Release|Win32
		{BDE07E9E-2041-4853-8B74-7CF591C255E7}.Win8.1 Release|ARM64.ActiveCfg = Win8.1 Release|ARM64
		{BDE07E9E-2041-4853-8B74-7CF591C255E7}.Win8.1 Release|x64.ActiveCfg = Win8.1 Release|x64
		{BDE07E9E-2041-4853-8B74-7CF591C255E7}.Win8.1 Release|x64.Build.0 = Win8.1 Release|x64
		{BDE07E9E-2041-4853-8B74-7CF591C255E7}.Win8.1 Release|x64.Deploy.0 = Win8.1 Release|x64
		{BDE07E9E-2041-4853-8B74-7CF591C255E7}.Win8.1 Release|x86.ActiveCfg = Win8.1 Release|Win32
		{BDE07E9E-2041-4853-8B74-7CF591C255E7}.Win8.1 Release|x86.Build.0 = Win8.1 Release|Win32
		{BDE07E9E-2041-4853-8B74-7CF591C255E7}.Win8.1 Release|x86.Deploy.0 = Win8.1 Release|Win32
		{01D87C47-437A-4A16-8FD9-33FA5C99339E}.Win10 Release|ARM64.ActiveCfg = Win10 Release|ARM64
		{01D87C47-437A-4A16-8FD9-33FA5C99339E}.Win10 Release|ARM64.Build.0 = Win10 Release|ARM64
		{01D87C47-437A-4A16-8FD9-33FA5C99339E}.Win10 Release|x64.ActiveCfg = Win10 Release|x64
		{01D87C47-437A-4A16-8FD9-33FA5C99339E}.Win10 Release|x64.Build.0 = Win10 Release|x64
		{01D87C47-437A-4A16-8FD9-33FA5C99339E}.Win10 Release|x86.ActiveCfg = Win10 Release|Win32
		{01D87C47-437A-4A16-8FD9-33FA5C99339E}.Win10 Release|x86.Build.0 = Win10 Release|Win32
		{01D87C47-437A-4A16-8FD9-33FA5C99339E}.Win8 Release|ARM64.ActiveCfg = Win10 Release|ARM64
		{01D87C47-437A-4A16-8FD9-33FA5C99339E}.Win8 Release|x64.ActiveCfg = Win8 Release|x64
		{01D87C47-437A-4A16-8FD9-33FA5C99339E}.Win8 Release|x64.Build.0 = Win8 Release|x64
		{01D87C47-437A-4A16-8FD9-33FA5C99339E}.Win8 Release|x86.ActiveCfg = Win8 Release|Win32
		{01D87C47-437A-4A16-8FD9-33FA5C99339E}.Win8 Release|x86.Build.0 = Win8 Release|Win32
		{01D87C47-437A-4A16-8FD9-33FA5C99339E}.Win8.1 Release|ARM64.ActiveCfg = Win8.1 Release|x64
		{01D87C47-437A-4A16-8FD9-33FA5C99339E}.Win8.1 Release|x64.ActiveCfg = Win8.1 Release|x64
		{01D87C47-437A-4A16-8FD9-33FA5C99339E}.Win8.1 Release|x64.Build.0 = Win8.1 Release|x64
		{01D87C47-437A-4A16-8FD9-33FA5C99339E}.Win8.1 Release|x64.Deploy.0 = Win8.1 Release|x64
		{01D87C47-437A-4A16-8FD9-33FA5C99339E}.Win8.1 Release|x86.ActiveCfg = Win8.1 Release|Win32
		{01D87C47-437A-4A16-8FD9-33FA5C99339E}.Win8.1 Release|x86.Build.0 = Win8.1 Release|Win32
		{01D87C47-437A-4A16-8FD9-33FA5C99339E}.Win8.1 Release|x86.Deploy.0 = Win8.1 Release|Win32
		{D572573A-7D73-404D-8DFA-7727278C242E}.Win10 Release|ARM64.ActiveCfg = Win10 Release|ARM64
		{D572573A-7D73-404D-8DFA-7727278C242E}.Win10 Release|ARM64.Build.0 = Win10 Release|ARM64
		{D572573A-7D73-404D-8DFA-7727278C242E}.Win10 Release|x64.ActiveCfg = Win10 Release|x64
		{D572573A-7D73-404D-8DFA-7727278C242E}.Win10 Release|x64.Build.0 = Win10 Release|x64
		{D572573A-7D73-404D-8DFA-7727278C242E}.Win10 Release|x86.ActiveCfg = Win10 Release|Win32
		{D572573A-7D73-404D-8DFA-7727278C242E}.Win10 Release|x86.Build.0 = Win10 Release|Win32
		{D572573A-7D73-404D-8DFA-7727278C242E}.Win8 Release|ARM64.ActiveCfg = Win8 Release|ARM64
		{D572573A-7D73-404D-8DFA-7727278C242E}.Win8 Release|x64.ActiveCfg = Win8 Release|x64
		{D572573A-7D73-404D-8DFA-7727278C242E}.Win8 Release|x64.Build.0 = Win8 Release|x64
		{D572573A-7D73-404D-8DFA-7727278C242E}.Win8 Release|x86.ActiveCfg = Win8 Release|Win32
		{D572573A-7D73-404D-8DFA-7727278C242E}.Win8 Release|x86.Build.0 = Win8 Release|Win32
		{D572573A-7D73-404D-8DFA-7727278C242E}.Win8.1 Release|ARM64.ActiveCfg = Win8.1 Release|ARM64
		{D572573A-7D73-404D-8DFA-7727278C242E}.Win8.1 Release|x64.ActiveCfg = Win8.1 Release|x64
		{D572573A-7D73-404D-8DFA-7727278C242E}.Win8.1 Release|x64.Build.0 = Win8.1 Release|x64
		{D572573A-7D73-404D-8DFA-7727278C242E}.Win8.1 Release|x64.Deploy.0 = Win8.1 Release|x64
		{D572573A-7D73-404D-8DFA-7727278C242E}.Win8.1 Release|x86.ActiveCfg = Win8.1 Release|Win32
		{D572573A-7D73-404D-8DFA-7727278C242E}.Win8.1 Release|x86.Build.0 = Win8.1 Release|Win32
		{D572573A-7D73-404D-8DFA-7727278C242E}.Win8.1 Release|x86.Deploy.0 = Win8.1 Release|Win32
		{8C2B5F43-18E2-41B6-AEBC-8B6704F7FCC6}.Win10 Release|ARM64.ActiveCfg = Win10 Release|ARM64
		{8C2B5F43-18E2-41B6-AEBC-8B6704F7FCC6}.Win10 Release|ARM64.Build.0 = Win10 Release|ARM64
		{8C2B5F43-18E2-41B6-AEBC-8B6704F7FCC6}.Win10 Release|x64.ActiveCfg = Win10 Release|x64
		{8C2B5F43-18E2-41B6-AEBC-8B6704F7FCC6}.Win10 Release|x64.Build.0 = Win10 Release|x64
		{8C2B5F43-18E2-41B6-AEBC-8B6704F7FCC6}.Win10 Release|x86.ActiveCfg = Win10 Release|Win32
		{8C2B5F43-18E2-41B6-AEBC-8B6704F7FCC6}.Win10 Release|x86.Build.0 = Win10 Release|Win32
		{8C2B5F43-18E2-41B6-AEBC-8B6704F7FCC6}.Win8 Release|ARM64.ActiveCfg = Win8 Release|ARM64
		{8C2B5F43-18E2-41B6-AEBC-8B6704F7FCC6}.Win8 Release|x64.ActiveCfg = Win8 Release|x64
		{8C2B5F43-18E2-41B6-AEBC-8B6704F7FCC6}.Win8 Release|x64.Build.0 = Win8 Release|x64
		{8C2B5F43-18E2-41B6-AEBC-8B6704F7FCC6}.Win8 Release|x86.ActiveCfg = Win8 Release|Win32
		{8C2B5F43-18E2-41B6-AEBC-8B6704F7FCC6}.Win8 Release|x86.Build.0 = Win8 Release|Win32
		{8C2B5F43-18E2-41B6-AEBC-8B6704F7FCC6}.Win8.1 Release|ARM64.ActiveCfg = Win8.1 Release|ARM64
		{8C2B5F43-18E2-41B6-AEBC-8B6704F7FCC6}.Win8.1 Release|x64.ActiveCfg = Win8.1 Release|x64
		{8C2B5F43-18E2-41B6-AEBC-8B6704F7FCC6}.Win8.1 Release|x64.Build.0 = Win8.1 Release|x64
		{8C2B5F43-18E2-41B6-AEBC-8B6704F7FCC6}.Win8.1 Release|x86.ActiveCfg = Win8.1 Release|Win32
		{8C2B5F43-18E2-41B6-AEBC-8B6704F7FCC6}.Win8.1 Release|x86.Build.0 = Win8.1 Release|Win32
	EndGlobalSection
	GlobalSection(SolutionProperties) = preSolution
		HideSolutionNode = FALSE
	EndGlobalSection
	GlobalSection(NestedProjects) = preSolution
		{01D87C47-437A-4A16-8FD9-33FA5C99339E} = {62C5FC16-EF77-47C2-8FF2-0123AB31C55E}
	EndGlobalSection
	GlobalSection(ExtensibilityGlobals) = postSolution
		SolutionGuid = {98FE82FE-B91B-40BB-B85D-AA0547336A09}
	EndGlobalSection
EndGlobal
