
Microsoft Visual Studio Solution File, Format Version 12.00
# Visual Studio 15
VisualStudioVersion = 15.0.28307.168
MinimumVisualStudioVersion = 10.0.40219.1
Project("{8BC9CEB8-8B4A-11D0-8D11-00A0C91BC942}") = "viogpudo", "viogpudo\viogpudo.vcxproj", "{BDE07E9E-2041-4853-8B74-7CF591C255E7}"
EndProject
Global
	GlobalSection(SolutionConfigurationPlatforms) = preSolution
		Win10 Release|ARM64 = Win10 Release|ARM64
		Win10 Release|x64 = Win10 Release|x64
		Win10 Release|x86 = Win10 Release|x86
		Win8 Release|ARM64 = Win8 Release|ARM64
		Win8 Release|x64 = Win8 Release|x64
		Win8 Release|x86 = Win8 Release|x86
	EndGlobalSection
	GlobalSection(ProjectConfigurationPlatforms) = postSolution
		{BDE07E9E-2041-4853-8B74-7CF591C255E7}.Win10 Release|ARM64.ActiveCfg = Win10 Release|ARM64
		{BDE07E9E-2041-4853-8B74-7CF591C255E7}.Win10 Release|ARM64.Build.0 = Win10 Release|ARM64
		{BDE07E9E-2041-4853-8B74-7CF591C255E7}.Win10 Release|ARM64.Deploy.0 = Win10 Release|ARM64
		{BDE07E9E-2041-4853-8B74-7CF591C255E7}.Win10 Release|x64.ActiveCfg = Win10 Release|x64
		{BDE07E9E-2041-4853-8B74-7CF591C255E7}.Win10 Release|x64.Build.0 = Win10 Release|x64
		{BDE07E9E-2041-4853-8B74-7CF591C255E7}.Win10 Release|x64.Deploy.0 = Win10 Release|x64
		{BDE07E9E-2041-4853-8B74-7CF591C255E7}.Win10 Release|x86.ActiveCfg = Win10 Release|Win32
		{BDE07E9E-2041-4853-8B74-7CF591C255E7}.Win10 Release|x86.Build.0 = Win10 Release|Win32
		{BDE07E9E-2041-4853-8B74-7CF591C255E7}.Win10 Release|x86.Deploy.0 = Win10 Release|Win32
		{BDE07E9E-2041-4853-8B74-7CF591C255E7}.Win8 Release|ARM64.ActiveCfg = Win8 Release|ARM64
		{BDE07E9E-2041-4853-8B74-7CF591C255E7}.Win8 Release|x64.ActiveCfg = Win8 Release|x64
		{BDE07E9E-2041-4853-8B74-7CF591C255E7}.Win8 Release|x64.Build.0 = Win8 Release|x64
		{BDE07E9E-2041-4853-8B74-7CF591C255E7}.Win8 Release|x64.Deploy.0 = Win8 Release|x64
		{BDE07E9E-2041-4853-8B74-7CF591C255E7}.Win8 Release|x86.ActiveCfg = Win8 Release|Win32
		{BDE07E9E-2041-4853-8B74-7CF591C255E7}.Win8 Release|x86.Build.0 = Win8 Release|Win32
		{BDE07E9E-2041-4853-8B74-7CF591C255E7}.Win8 Release|x86.Deploy.0 = Win8 Release|Win32
	EndGlobalSection
	GlobalSection(SolutionProperties) = preSolution
		HideSolutionNode = FALSE
	EndGlobalSection
	GlobalSection(ExtensibilityGlobals) = postSolution
		SolutionGuid = {98FE82FE-B91B-40BB-B85D-AA0547336A09}
	EndGlobalSection
EndGlobal
