
Microsoft Visual Studio Solution File, Format Version 12.00
# Visual Studio 15
VisualStudioVersion = 15.0.28307.902
MinimumVisualStudioVersion = 10.0.40219.1
Project("{8BC9CEB8-8B4A-11D0-8D11-00A0C91BC942}") = "VirtFS Package", "VirtFS Package\VirtFS Package.vcxproj", "{B415038E-1FD4-4001-AEAB-CFA2177B1806}"
	ProjectSection(ProjectDependencies) = postProject
		{9D87E5A8-84AE-4775-90B5-CC75CA420670} = {9D87E5A8-84AE-4775-90B5-CC75CA420670}
	EndProjectSection
EndProject
Project("{8BC9CEB8-8B4A-11D0-8D11-00A0C91BC942}") = "viofs", "pci\viofs.vcxproj", "{209E8947-494D-4104-B44B-530CB68A6494}"
	ProjectSection(ProjectDependencies) = postProject
		{01D87C47-437A-4A16-8FD9-33FA5C99339E} = {01D87C47-437A-4A16-8FD9-33FA5C99339E}
		{EC1B7990-EA6A-45FE-836C-2F050F6BB632} = {EC1B7990-EA6A-45FE-836C-2F050F6BB632}
	EndProjectSection
EndProject
Project("{2150E333-8FDC-42A3-9474-1A3956D46DE8}") = "VirtIO", "VirtIO", "{985C89DD-E9EB-4996-9831-7A0CC2CCEDB9}"
EndProject
Project("{8BC9CEB8-8B4A-11D0-8D11-00A0C91BC942}") = "VirtioLib", "..\VirtIO\VirtioLib.vcxproj", "{01D87C47-437A-4A16-8FD9-33FA5C99339E}"
EndProject
Project("{8BC9CEB8-8B4A-11D0-8D11-00A0C91BC942}") = "VirtioLib-WDF", "..\VirtIO\WDF\VirtioLib-WDF.vcxproj", "{EC1B7990-EA6A-45FE-836C-2F050F6BB632}"
EndProject
Project("{8BC9CEB8-8B4A-11D0-8D11-00A0C91BC942}") = "virtiofs", "svc\virtiofs.vcxproj", "{9D87E5A8-84AE-4775-90B5-CC75CA420670}"
EndProject
Global
	GlobalSection(SolutionConfigurationPlatforms) = preSolution
		Debug|ARM64 = Debug|ARM64
		Debug|x64 = Debug|x64
		Debug|x86 = Debug|x86
		Release|ARM64 = Release|ARM64
		Release|x64 = Release|x64
		Release|x86 = Release|x86
		Win10 Release|ARM64 = Win10 Release|ARM64
		Win10 Release|x64 = Win10 Release|x64
		Win10 Release|x86 = Win10 Release|x86
		Win8 Release|ARM64 = Win8 Release|ARM64
		Win8 Release|x64 = Win8 Release|x64
		Win8 Release|x86 = Win8 Release|x86
		Win8.1 Release|ARM64 = Win8.1 Release|ARM64
		Win8.1 Release|x64 = Win8.1 Release|x64
		Win8.1 Release|x86 = Win8.1 Release|x86
	EndGlobalSection
	GlobalSection(ProjectConfigurationPlatforms) = postSolution
		{B415038E-1FD4-4001-AEAB-CFA2177B1806}.Debug|ARM64.ActiveCfg = Win8 Release|x64
		{B415038E-1FD4-4001-AEAB-CFA2177B1806}.Debug|ARM64.Build.0 = Win8 Release|x64
		{B415038E-1FD4-4001-AEAB-CFA2177B1806}.Debug|ARM64.Deploy.0 = Win8 Release|x64
		{B415038E-1FD4-4001-AEAB-CFA2177B1806}.Debug|x64.ActiveCfg = Win8 Release|x64
		{B415038E-1FD4-4001-AEAB-CFA2177B1806}.Debug|x64.Build.0 = Win8 Release|x64
		{B415038E-1FD4-4001-AEAB-CFA2177B1806}.Debug|x64.Deploy.0 = Win8 Release|x64
		{B415038E-1FD4-4001-AEAB-CFA2177B1806}.Debug|x86.ActiveCfg = Win8 Release|Win32
		{B415038E-1FD4-4001-AEAB-CFA2177B1806}.Debug|x86.Build.0 = Win8 Release|Win32
		{B415038E-1FD4-4001-AEAB-CFA2177B1806}.Debug|x86.Deploy.0 = Win8 Release|Win32
		{B415038E-1FD4-4001-AEAB-CFA2177B1806}.Release|ARM64.ActiveCfg = Win8 Release|x64
		{B415038E-1FD4-4001-AEAB-CFA2177B1806}.Release|ARM64.Build.0 = Win8 Release|x64
		{B415038E-1FD4-4001-AEAB-CFA2177B1806}.Release|ARM64.Deploy.0 = Win8 Release|x64
		{B415038E-1FD4-4001-AEAB-CFA2177B1806}.Release|x64.ActiveCfg = Win8 Release|x64
		{B415038E-1FD4-4001-AEAB-CFA2177B1806}.Release|x64.Build.0 = Win8 Release|x64
		{B415038E-1FD4-4001-AEAB-CFA2177B1806}.Release|x64.Deploy.0 = Win8 Release|x64
		{B415038E-1FD4-4001-AEAB-CFA2177B1806}.Release|x86.ActiveCfg = Win8 Release|Win32
		{B415038E-1FD4-4001-AEAB-CFA2177B1806}.Release|x86.Build.0 = Win8 Release|Win32
		{B415038E-1FD4-4001-AEAB-CFA2177B1806}.Release|x86.Deploy.0 = Win8 Release|Win32
		{B415038E-1FD4-4001-AEAB-CFA2177B1806}.Win10 Release|ARM64.ActiveCfg = Win10 Release|Win32
		{B415038E-1FD4-4001-AEAB-CFA2177B1806}.Win10 Release|x64.ActiveCfg = Win10 Release|x64
		{B415038E-1FD4-4001-AEAB-CFA2177B1806}.Win10 Release|x64.Build.0 = Win10 Release|x64
		{B415038E-1FD4-4001-AEAB-CFA2177B1806}.Win10 Release|x64.Deploy.0 = Win10 Release|x64
		{B415038E-1FD4-4001-AEAB-CFA2177B1806}.Win10 Release|x86.ActiveCfg = Win10 Release|Win32
		{B415038E-1FD4-4001-AEAB-CFA2177B1806}.Win10 Release|x86.Build.0 = Win10 Release|Win32
		{B415038E-1FD4-4001-AEAB-CFA2177B1806}.Win10 Release|x86.Deploy.0 = Win10 Release|Win32
		{B415038E-1FD4-4001-AEAB-CFA2177B1806}.Win8 Release|ARM64.ActiveCfg = Win8 Release|Win32
		{B415038E-1FD4-4001-AEAB-CFA2177B1806}.Win8 Release|x64.ActiveCfg = Win8 Release|x64
		{B415038E-1FD4-4001-AEAB-CFA2177B1806}.Win8 Release|x64.Build.0 = Win8 Release|x64
		{B415038E-1FD4-4001-AEAB-CFA2177B1806}.Win8 Release|x86.ActiveCfg = Win8 Release|Win32
		{B415038E-1FD4-4001-AEAB-CFA2177B1806}.Win8 Release|x86.Build.0 = Win8 Release|Win32
		{B415038E-1FD4-4001-AEAB-CFA2177B1806}.Win8 Release|x86.Deploy.0 = Win8 Release|Win32
		{B415038E-1FD4-4001-AEAB-CFA2177B1806}.Win8.1 Release|ARM64.ActiveCfg = Win8 Release|Win32
		{B415038E-1FD4-4001-AEAB-CFA2177B1806}.Win8.1 Release|ARM64.Build.0 = Win8 Release|Win32
		{B415038E-1FD4-4001-AEAB-CFA2177B1806}.Win8.1 Release|ARM64.Deploy.0 = Win8 Release|Win32
		{B415038E-1FD4-4001-AEAB-CFA2177B1806}.Win8.1 Release|x64.ActiveCfg = Win8 Release|x64
		{B415038E-1FD4-4001-AEAB-CFA2177B1806}.Win8.1 Release|x64.Build.0 = Win8 Release|x64
		{B415038E-1FD4-4001-AEAB-CFA2177B1806}.Win8.1 Release|x64.Deploy.0 = Win8 Release|x64
		{B415038E-1FD4-4001-AEAB-CFA2177B1806}.Win8.1 Release|x86.ActiveCfg = Win8 Release|Win32
		{B415038E-1FD4-4001-AEAB-CFA2177B1806}.Win8.1 Release|x86.Build.0 = Win8 Release|Win32
		{B415038E-1FD4-4001-AEAB-CFA2177B1806}.Win8.1 Release|x86.Deploy.0 = Win8 Release|Win32
		{209E8947-494D-4104-B44B-530CB68A6494}.Debug|ARM64.ActiveCfg = Win7 Release|Win32
		{209E8947-494D-4104-B44B-530CB68A6494}.Debug|ARM64.Build.0 = Win7 Release|Win32
		{209E8947-494D-4104-B44B-530CB68A6494}.Debug|ARM64.Deploy.0 = Win7 Release|Win32
		{209E8947-494D-4104-B44B-530CB68A6494}.Debug|x64.ActiveCfg = Win7 Release|x64
		{209E8947-494D-4104-B44B-530CB68A6494}.Debug|x64.Build.0 = Win7 Release|x64
		{209E8947-494D-4104-B44B-530CB68A6494}.Debug|x64.Deploy.0 = Win7 Release|x64
		{209E8947-494D-4104-B44B-530CB68A6494}.Debug|x86.ActiveCfg = Win7 Release|Win32
		{209E8947-494D-4104-B44B-530CB68A6494}.Debug|x86.Build.0 = Win7 Release|Win32
		{209E8947-494D-4104-B44B-530CB68A6494}.Debug|x86.Deploy.0 = Win7 Release|Win32
		{209E8947-494D-4104-B44B-530CB68A6494}.Release|ARM64.ActiveCfg = Win7 Release|Win32
		{209E8947-494D-4104-B44B-530CB68A6494}.Release|ARM64.Build.0 = Win7 Release|Win32
		{209E8947-494D-4104-B44B-530CB68A6494}.Release|ARM64.Deploy.0 = Win7 Release|Win32
		{209E8947-494D-4104-B44B-530CB68A6494}.Release|x64.ActiveCfg = Win7 Release|x64
		{209E8947-494D-4104-B44B-530CB68A6494}.Release|x64.Build.0 = Win7 Release|x64
		{209E8947-494D-4104-B44B-530CB68A6494}.Release|x64.Deploy.0 = Win7 Release|x64
		{209E8947-494D-4104-B44B-530CB68A6494}.Release|x86.ActiveCfg = Win7 Release|Win32
		{209E8947-494D-4104-B44B-530CB68A6494}.Release|x86.Build.0 = Win7 Release|Win32
		{209E8947-494D-4104-B44B-530CB68A6494}.Release|x86.Deploy.0 = Win7 Release|Win32
		{209E8947-494D-4104-B44B-530CB68A6494}.Win10 Release|ARM64.ActiveCfg = Win10 Release|Win32
		{209E8947-494D-4104-B44B-530CB68A6494}.Win10 Release|x64.ActiveCfg = Win10 Release|x64
		{209E8947-494D-4104-B44B-530CB68A6494}.Win10 Release|x64.Build.0 = Win10 Release|x64
		{209E8947-494D-4104-B44B-530CB68A6494}.Win10 Release|x64.Deploy.0 = Win10 Release|x64
		{209E8947-494D-4104-B44B-530CB68A6494}.Win10 Release|x86.ActiveCfg = Win10 Release|Win32
		{209E8947-494D-4104-B44B-530CB68A6494}.Win10 Release|x86.Build.0 = Win10 Release|Win32
		{209E8947-494D-4104-B44B-530CB68A6494}.Win10 Release|x86.Deploy.0 = Win10 Release|Win32
		{209E8947-494D-4104-B44B-530CB68A6494}.Win8 Release|ARM64.ActiveCfg = Win8 Release|Win32
		{209E8947-494D-4104-B44B-530CB68A6494}.Win8 Release|x64.ActiveCfg = Win8 Release|x64
		{209E8947-494D-4104-B44B-530CB68A6494}.Win8 Release|x64.Build.0 = Win8 Release|x64
		{209E8947-494D-4104-B44B-530CB68A6494}.Win8 Release|x64.Deploy.0 = Win8 Release|x64
		{209E8947-494D-4104-B44B-530CB68A6494}.Win8 Release|x86.ActiveCfg = Win8 Release|Win32
		{209E8947-494D-4104-B44B-530CB68A6494}.Win8 Release|x86.Build.0 = Win8 Release|Win32
		{209E8947-494D-4104-B44B-530CB68A6494}.Win8 Release|x86.Deploy.0 = Win8 Release|Win32
		{209E8947-494D-4104-B44B-530CB68A6494}.Win8.1 Release|ARM64.ActiveCfg = Win8 Release|Win32
		{209E8947-494D-4104-B44B-530CB68A6494}.Win8.1 Release|ARM64.Build.0 = Win8 Release|Win32
		{209E8947-494D-4104-B44B-530CB68A6494}.Win8.1 Release|ARM64.Deploy.0 = Win8 Release|Win32
		{209E8947-494D-4104-B44B-530CB68A6494}.Win8.1 Release|x64.ActiveCfg = Win8 Release|x64
		{209E8947-494D-4104-B44B-530CB68A6494}.Win8.1 Release|x64.Build.0 = Win8 Release|x64
		{209E8947-494D-4104-B44B-530CB68A6494}.Win8.1 Release|x64.Deploy.0 = Win8 Release|x64
		{209E8947-494D-4104-B44B-530CB68A6494}.Win8.1 Release|x86.ActiveCfg = Win8 Release|Win32
		{209E8947-494D-4104-B44B-530CB68A6494}.Win8.1 Release|x86.Build.0 = Win8 Release|Win32
		{209E8947-494D-4104-B44B-530CB68A6494}.Win8.1 Release|x86.Deploy.0 = Win8 Release|Win32
		{01D87C47-437A-4A16-8FD9-33FA5C99339E}.Debug|ARM64.ActiveCfg = Win10 Release|ARM64
		{01D87C47-437A-4A16-8FD9-33FA5C99339E}.Debug|ARM64.Build.0 = Win10 Release|ARM64
		{01D87C47-437A-4A16-8FD9-33FA5C99339E}.Debug|ARM64.Deploy.0 = Win10 Release|ARM64
		{01D87C47-437A-4A16-8FD9-33FA5C99339E}.Debug|x64.ActiveCfg = Win7 Release|x64
		{01D87C47-437A-4A16-8FD9-33FA5C99339E}.Debug|x64.Build.0 = Win7 Release|x64
		{01D87C47-437A-4A16-8FD9-33FA5C99339E}.Debug|x64.Deploy.0 = Win7 Release|x64
		{01D87C47-437A-4A16-8FD9-33FA5C99339E}.Debug|x86.ActiveCfg = Win7 Release|Win32
		{01D87C47-437A-4A16-8FD9-33FA5C99339E}.Debug|x86.Build.0 = Win7 Release|Win32
		{01D87C47-437A-4A16-8FD9-33FA5C99339E}.Debug|x86.Deploy.0 = Win7 Release|Win32
		{01D87C47-437A-4A16-8FD9-33FA5C99339E}.Release|ARM64.ActiveCfg = Win10 Release|ARM64
		{01D87C47-437A-4A16-8FD9-33FA5C99339E}.Release|ARM64.Build.0 = Win10 Release|ARM64
		{01D87C47-437A-4A16-8FD9-33FA5C99339E}.Release|ARM64.Deploy.0 = Win10 Release|ARM64
		{01D87C47-437A-4A16-8FD9-33FA5C99339E}.Release|x64.ActiveCfg = Win7 Release|x64
		{01D87C47-437A-4A16-8FD9-33FA5C99339E}.Release|x64.Build.0 = Win7 Release|x64
		{01D87C47-437A-4A16-8FD9-33FA5C99339E}.Release|x64.Deploy.0 = Win7 Release|x64
		{01D87C47-437A-4A16-8FD9-33FA5C99339E}.Release|x86.ActiveCfg = Win7 Release|Win32
		{01D87C47-437A-4A16-8FD9-33FA5C99339E}.Release|x86.Build.0 = Win7 Release|Win32
		{01D87C47-437A-4A16-8FD9-33FA5C99339E}.Release|x86.Deploy.0 = Win7 Release|Win32
		{01D87C47-437A-4A16-8FD9-33FA5C99339E}.Win10 Release|ARM64.ActiveCfg = Win10 Release|ARM64
		{01D87C47-437A-4A16-8FD9-33FA5C99339E}.Win10 Release|ARM64.Build.0 = Win10 Release|ARM64
		{01D87C47-437A-4A16-8FD9-33FA5C99339E}.Win10 Release|x64.ActiveCfg = Win10 Release|x64
		{01D87C47-437A-4A16-8FD9-33FA5C99339E}.Win10 Release|x64.Build.0 = Win10 Release|x64
		{01D87C47-437A-4A16-8FD9-33FA5C99339E}.Win10 Release|x86.ActiveCfg = Win10 Release|Win32
		{01D87C47-437A-4A16-8FD9-33FA5C99339E}.Win10 Release|x86.Build.0 = Win10 Release|Win32
		{01D87C47-437A-4A16-8FD9-33FA5C99339E}.Win8 Release|ARM64.ActiveCfg = Win8 Release|Win32
		{01D87C47-437A-4A16-8FD9-33FA5C99339E}.Win8 Release|x64.ActiveCfg = Win8 Release|x64
		{01D87C47-437A-4A16-8FD9-33FA5C99339E}.Win8 Release|x64.Build.0 = Win8 Release|x64
		{01D87C47-437A-4A16-8FD9-33FA5C99339E}.Win8 Release|x86.ActiveCfg = Win8 Release|Win32
		{01D87C47-437A-4A16-8FD9-33FA5C99339E}.Win8 Release|x86.Build.0 = Win8 Release|Win32
		{01D87C47-437A-4A16-8FD9-33FA5C99339E}.Win8.1 Release|ARM64.ActiveCfg = Win8.1 Release|Win32
		{01D87C47-437A-4A16-8FD9-33FA5C99339E}.Win8.1 Release|x64.ActiveCfg = Win8.1 Release|x64
		{01D87C47-437A-4A16-8FD9-33FA5C99339E}.Win8.1 Release|x64.Build.0 = Win8.1 Release|x64
		{01D87C47-437A-4A16-8FD9-33FA5C99339E}.Win8.1 Release|x86.ActiveCfg = Win8.1 Release|Win32
		{01D87C47-437A-4A16-8FD9-33FA5C99339E}.Win8.1 Release|x86.Build.0 = Win8.1 Release|Win32
		{EC1B7990-EA6A-45FE-836C-2F050F6BB632}.Debug|ARM64.ActiveCfg = Win10 Release|ARM64
		{EC1B7990-EA6A-45FE-836C-2F050F6BB632}.Debug|ARM64.Build.0 = Win10 Release|ARM64
		{EC1B7990-EA6A-45FE-836C-2F050F6BB632}.Debug|ARM64.Deploy.0 = Win10 Release|ARM64
		{EC1B7990-EA6A-45FE-836C-2F050F6BB632}.Debug|x64.ActiveCfg = Win7 Release|x64
		{EC1B7990-EA6A-45FE-836C-2F050F6BB632}.Debug|x64.Build.0 = Win7 Release|x64
		{EC1B7990-EA6A-45FE-836C-2F050F6BB632}.Debug|x64.Deploy.0 = Win7 Release|x64
		{EC1B7990-EA6A-45FE-836C-2F050F6BB632}.Debug|x86.ActiveCfg = Win7 Release|Win32
		{EC1B7990-EA6A-45FE-836C-2F050F6BB632}.Debug|x86.Build.0 = Win7 Release|Win32
		{EC1B7990-EA6A-45FE-836C-2F050F6BB632}.Debug|x86.Deploy.0 = Win7 Release|Win32
		{EC1B7990-EA6A-45FE-836C-2F050F6BB632}.Release|ARM64.ActiveCfg = Win10 Release|ARM64
		{EC1B7990-EA6A-45FE-836C-2F050F6BB632}.Release|ARM64.Build.0 = Win10 Release|ARM64
		{EC1B7990-EA6A-45FE-836C-2F050F6BB632}.Release|ARM64.Deploy.0 = Win10 Release|ARM64
		{EC1B7990-EA6A-45FE-836C-2F050F6BB632}.Release|x64.ActiveCfg = Win7 Release|x64
		{EC1B7990-EA6A-45FE-836C-2F050F6BB632}.Release|x64.Build.0 = Win7 Release|x64
		{EC1B7990-EA6A-45FE-836C-2F050F6BB632}.Release|x64.Deploy.0 = Win7 Release|x64
		{EC1B7990-EA6A-45FE-836C-2F050F6BB632}.Release|x86.ActiveCfg = Win7 Release|Win32
		{EC1B7990-EA6A-45FE-836C-2F050F6BB632}.Release|x86.Build.0 = Win7 Release|Win32
		{EC1B7990-EA6A-45FE-836C-2F050F6BB632}.Release|x86.Deploy.0 = Win7 Release|Win32
		{EC1B7990-EA6A-45FE-836C-2F050F6BB632}.Win10 Release|ARM64.ActiveCfg = Win10 Release|ARM64
		{EC1B7990-EA6A-45FE-836C-2F050F6BB632}.Win10 Release|ARM64.Build.0 = Win10 Release|ARM64
		{EC1B7990-EA6A-45FE-836C-2F050F6BB632}.Win10 Release|x64.ActiveCfg = Win10 Release|x64
		{EC1B7990-EA6A-45FE-836C-2F050F6BB632}.Win10 Release|x64.Build.0 = Win10 Release|x64
		{EC1B7990-EA6A-45FE-836C-2F050F6BB632}.Win10 Release|x86.ActiveCfg = Win10 Release|Win32
		{EC1B7990-EA6A-45FE-836C-2F050F6BB632}.Win10 Release|x86.Build.0 = Win10 Release|Win32
		{EC1B7990-EA6A-45FE-836C-2F050F6BB632}.Win8 Release|ARM64.ActiveCfg = Win8 Release|Win32
		{EC1B7990-EA6A-45FE-836C-2F050F6BB632}.Win8 Release|x64.ActiveCfg = Win8 Release|x64
		{EC1B7990-EA6A-45FE-836C-2F050F6BB632}.Win8 Release|x64.Build.0 = Win8 Release|x64
		{EC1B7990-EA6A-45FE-836C-2F050F6BB632}.Win8 Release|x86.ActiveCfg = Win8 Release|Win32
		{EC1B7990-EA6A-45FE-836C-2F050F6BB632}.Win8 Release|x86.Build.0 = Win8 Release|Win32
		{EC1B7990-EA6A-45FE-836C-2F050F6BB632}.Win8.1 Release|ARM64.ActiveCfg = Win8.1 Release|Win32
		{EC1B7990-EA6A-45FE-836C-2F050F6BB632}.Win8.1 Release|x64.ActiveCfg = Win8.1 Release|x64
		{EC1B7990-EA6A-45FE-836C-2F050F6BB632}.Win8.1 Release|x64.Build.0 = Win8.1 Release|x64
		{EC1B7990-EA6A-45FE-836C-2F050F6BB632}.Win8.1 Release|x86.ActiveCfg = Win8.1 Release|Win32
		{EC1B7990-EA6A-45FE-836C-2F050F6BB632}.Win8.1 Release|x86.Build.0 = Win8.1 Release|Win32
		{9D87E5A8-84AE-4775-90B5-CC75CA420670}.Debug|ARM64.ActiveCfg = Debug|Win32
		{9D87E5A8-84AE-4775-90B5-CC75CA420670}.Debug|x64.ActiveCfg = Debug|x64
		{9D87E5A8-84AE-4775-90B5-CC75CA420670}.Debug|x64.Build.0 = Debug|x64
		{9D87E5A8-84AE-4775-90B5-CC75CA420670}.Debug|x86.ActiveCfg = Debug|Win32
		{9D87E5A8-84AE-4775-90B5-CC75CA420670}.Debug|x86.Build.0 = Debug|Win32
		{9D87E5A8-84AE-4775-90B5-CC75CA420670}.Release|ARM64.ActiveCfg = Release|Win32
		{9D87E5A8-84AE-4775-90B5-CC75CA420670}.Release|x64.ActiveCfg = Release|x64
		{9D87E5A8-84AE-4775-90B5-CC75CA420670}.Release|x64.Build.0 = Release|x64
		{9D87E5A8-84AE-4775-90B5-CC75CA420670}.Release|x86.ActiveCfg = Release|Win32
		{9D87E5A8-84AE-4775-90B5-CC75CA420670}.Release|x86.Build.0 = Release|Win32
		{9D87E5A8-84AE-4775-90B5-CC75CA420670}.Win10 Release|ARM64.ActiveCfg = Release|x64
		{9D87E5A8-84AE-4775-90B5-CC75CA420670}.Win10 Release|ARM64.Build.0 = Release|x64
		{9D87E5A8-84AE-4775-90B5-CC75CA420670}.Win10 Release|x64.ActiveCfg = Release|x64
		{9D87E5A8-84AE-4775-90B5-CC75CA420670}.Win10 Release|x64.Build.0 = Release|x64
		{9D87E5A8-84AE-4775-90B5-CC75CA420670}.Win10 Release|x86.ActiveCfg = Release|Win32
		{9D87E5A8-84AE-4775-90B5-CC75CA420670}.Win10 Release|x86.Build.0 = Release|Win32
		{9D87E5A8-84AE-4775-90B5-CC75CA420670}.Win8 Release|ARM64.ActiveCfg = Release|x64
		{9D87E5A8-84AE-4775-90B5-CC75CA420670}.Win8 Release|ARM64.Build.0 = Release|x64
		{9D87E5A8-84AE-4775-90B5-CC75CA420670}.Win8 Release|x64.ActiveCfg = Release|x64
		{9D87E5A8-84AE-4775-90B5-CC75CA420670}.Win8 Release|x64.Build.0 = Release|x64
		{9D87E5A8-84AE-4775-90B5-CC75CA420670}.Win8 Release|x86.ActiveCfg = Release|Win32
		{9D87E5A8-84AE-4775-90B5-CC75CA420670}.Win8 Release|x86.Build.0 = Release|Win32
		{9D87E5A8-84AE-4775-90B5-CC75CA420670}.Win8.1 Release|ARM64.ActiveCfg = Release|x64
		{9D87E5A8-84AE-4775-90B5-CC75CA420670}.Win8.1 Release|ARM64.Build.0 = Release|x64
		{9D87E5A8-84AE-4775-90B5-CC75CA420670}.Win8.1 Release|x64.ActiveCfg = Release|x64
		{9D87E5A8-84AE-4775-90B5-CC75CA420670}.Win8.1 Release|x64.Build.0 = Release|x64
		{9D87E5A8-84AE-4775-90B5-CC75CA420670}.Win8.1 Release|x86.ActiveCfg = Release|Win32
		{9D87E5A8-84AE-4775-90B5-CC75CA420670}.Win8.1 Release|x86.Build.0 = Release|Win32
	EndGlobalSection
	GlobalSection(SolutionProperties) = preSolution
		HideSolutionNode = FALSE
	EndGlobalSection
	GlobalSection(NestedProjects) = preSolution
		{01D87C47-437A-4A16-8FD9-33FA5C99339E} = {985C89DD-E9EB-4996-9831-7A0CC2CCEDB9}
		{EC1B7990-EA6A-45FE-836C-2F050F6BB632} = {985C89DD-E9EB-4996-9831-7A0CC2CCEDB9}
	EndGlobalSection
	GlobalSection(ExtensibilityGlobals) = postSolution
		SolutionGuid = {20F9BEF6-6290-414F-828D-D93E2F9998DE}
	EndGlobalSection
EndGlobal
