
Microsoft Visual Studio Solution File, Format Version 12.00
# Visual Studio 14
VisualStudioVersion = 14.0.24720.0
MinimumVisualStudioVersion = 10.0.40219.1
Project("{2150E333-8FDC-42A3-9474-1A3956D46DE8}") = "VirtIO", "VirtIO", "{76FBAA35-F812-452F-8B7B-1FA3A72A6696}"
EndProject
Project("{8BC9CEB8-8B4A-11D0-8D11-00A0C91BC942}") = "VirtioLib", "..\VirtIO\VirtioLib.vcxproj", "{01D87C47-437A-4A16-8FD9-33FA5C99339E}"
EndProject
Project("{8BC9CEB8-8B4A-11D0-8D11-00A0C91BC942}") = "VirtioLib-WDF", "..\VirtIO\WDF\VirtioLib-WDF.vcxproj", "{EC1B7990-EA6A-45FE-836C-2F050F6BB632}"
	ProjectSection(ProjectDependencies) = postProject
		{01D87C47-437A-4A16-8FD9-33FA5C99339E} = {01D87C47-437A-4A16-8FD9-33FA5C99339E}
	EndProjectSection
EndProject
Project("{8BC9CEB8-8B4A-11D0-8D11-00A0C91BC942}") = "balloon", "sys\balloon.vcxproj", "{B3402316-94F7-4526-AD07-870DEE0E660C}"
	ProjectSection(ProjectDependencies) = postProject
		{01D87C47-437A-4A16-8FD9-33FA5C99339E} = {01D87C47-437A-4A16-8FD9-33FA5C99339E}
		{B953395B-010B-432C-AFCD-6C4F6553905F} = {B953395B-010B-432C-AFCD-6C4F6553905F}
		{EC1B7990-EA6A-45FE-836C-2F050F6BB632} = {EC1B7990-EA6A-45FE-836C-2F050F6BB632}
	EndProjectSection
EndProject
Project("{8BC9CEB8-8B4A-11D0-8D11-00A0C91BC942}") = "blnsvr", "app\blnsvr.vcxproj", "{B953395B-010B-432C-AFCD-6C4F6553905F}"
EndProject
Global
	GlobalSection(SolutionConfigurationPlatforms) = preSolution
		Debug|x64 = Debug|x64
		Debug|x86 = Debug|x86
		Release|x64 = Release|x64
		Release|x86 = Release|x86
		Vista Debug|x64 = Vista Debug|x64
		Vista Debug|x86 = Vista Debug|x86
		Vista Release|x64 = Vista Release|x64
		Vista Release|x86 = Vista Release|x86
		Win10 Debug|x64 = Win10 Debug|x64
		Win10 Debug|x86 = Win10 Debug|x86
		Win10 Release|x64 = Win10 Release|x64
		Win10 Release|x86 = Win10 Release|x86
		Win2k3 Debug|x64 = Win2k3 Debug|x64
		Win2k3 Debug|x86 = Win2k3 Debug|x86
		Win2k3 Release|x64 = Win2k3 Release|x64
		Win2k3 Release|x86 = Win2k3 Release|x86
		Win7 Debug|x64 = Win7 Debug|x64
		Win7 Debug|x86 = Win7 Debug|x86
		Win7 Release|x64 = Win7 Release|x64
		Win7 Release|x86 = Win7 Release|x86
		Win8 Debug|x64 = Win8 Debug|x64
		Win8 Debug|x86 = Win8 Debug|x86
		Win8 Release|x64 = Win8 Release|x64
		Win8 Release|x86 = Win8 Release|x86
		Win8.1 Release|x64 = Win8.1 Release|x64
		Win8.1 Release|x86 = Win8.1 Release|x86
		WinXP Debug|x64 = WinXP Debug|x64
		WinXP Debug|x86 = WinXP Debug|x86
		WinXP Release|x64 = WinXP Release|x64
		WinXP Release|x86 = WinXP Release|x86
	EndGlobalSection
	GlobalSection(ProjectConfigurationPlatforms) = postSolution
		{01D87C47-437A-4A16-8FD9-33FA5C99339E}.Debug|x64.ActiveCfg = WinXP Debug|x64
		{01D87C47-437A-4A16-8FD9-33FA5C99339E}.Debug|x64.Build.0 = WinXP Debug|x64
		{01D87C47-437A-4A16-8FD9-33FA5C99339E}.Debug|x86.ActiveCfg = WinXP Debug|Win32
		{01D87C47-437A-4A16-8FD9-33FA5C99339E}.Debug|x86.Build.0 = WinXP Debug|Win32
		{01D87C47-437A-4A16-8FD9-33FA5C99339E}.Release|x64.ActiveCfg = WinXP Release|x64
		{01D87C47-437A-4A16-8FD9-33FA5C99339E}.Release|x64.Build.0 = WinXP Release|x64
		{01D87C47-437A-4A16-8FD9-33FA5C99339E}.Release|x86.ActiveCfg = WinXP Release|Win32
		{01D87C47-437A-4A16-8FD9-33FA5C99339E}.Release|x86.Build.0 = WinXP Release|Win32
		{01D87C47-437A-4A16-8FD9-33FA5C99339E}.Vista Debug|x64.ActiveCfg = Vista Debug|x64
		{01D87C47-437A-4A16-8FD9-33FA5C99339E}.Vista Debug|x64.Build.0 = Vista Debug|x64
		{01D87C47-437A-4A16-8FD9-33FA5C99339E}.Vista Debug|x86.ActiveCfg = Vista Debug|Win32
		{01D87C47-437A-4A16-8FD9-33FA5C99339E}.Vista Debug|x86.Build.0 = Vista Debug|Win32
		{01D87C47-437A-4A16-8FD9-33FA5C99339E}.Vista Release|x64.ActiveCfg = Vista Release|x64
		{01D87C47-437A-4A16-8FD9-33FA5C99339E}.Vista Release|x64.Build.0 = Vista Release|x64
		{01D87C47-437A-4A16-8FD9-33FA5C99339E}.Vista Release|x86.ActiveCfg = Vista Release|Win32
		{01D87C47-437A-4A16-8FD9-33FA5C99339E}.Vista Release|x86.Build.0 = Vista Release|Win32
		{01D87C47-437A-4A16-8FD9-33FA5C99339E}.Win10 Debug|x64.ActiveCfg = Win10 Debug|x64
		{01D87C47-437A-4A16-8FD9-33FA5C99339E}.Win10 Debug|x64.Build.0 = Win10 Debug|x64
		{01D87C47-437A-4A16-8FD9-33FA5C99339E}.Win10 Debug|x64.Deploy.0 = Win10 Debug|x64
		{01D87C47-437A-4A16-8FD9-33FA5C99339E}.Win10 Debug|x86.ActiveCfg = Win10 Debug|Win32
		{01D87C47-437A-4A16-8FD9-33FA5C99339E}.Win10 Debug|x86.Build.0 = Win10 Debug|Win32
		{01D87C47-437A-4A16-8FD9-33FA5C99339E}.Win10 Debug|x86.Deploy.0 = Win10 Debug|Win32
		{01D87C47-437A-4A16-8FD9-33FA5C99339E}.Win10 Release|x64.ActiveCfg = Win10 Release|x64
		{01D87C47-437A-4A16-8FD9-33FA5C99339E}.Win10 Release|x64.Build.0 = Win10 Release|x64
		{01D87C47-437A-4A16-8FD9-33FA5C99339E}.Win10 Release|x64.Deploy.0 = Win10 Release|x64
		{01D87C47-437A-4A16-8FD9-33FA5C99339E}.Win10 Release|x86.ActiveCfg = Win10 Release|Win32
		{01D87C47-437A-4A16-8FD9-33FA5C99339E}.Win10 Release|x86.Build.0 = Win10 Release|Win32
		{01D87C47-437A-4A16-8FD9-33FA5C99339E}.Win10 Release|x86.Deploy.0 = Win10 Release|Win32
		{01D87C47-437A-4A16-8FD9-33FA5C99339E}.Win2k3 Debug|x64.ActiveCfg = Win2k3 Debug|x64
		{01D87C47-437A-4A16-8FD9-33FA5C99339E}.Win2k3 Debug|x64.Build.0 = Win2k3 Debug|x64
		{01D87C47-437A-4A16-8FD9-33FA5C99339E}.Win2k3 Debug|x86.ActiveCfg = Win2k3 Debug|Win32
		{01D87C47-437A-4A16-8FD9-33FA5C99339E}.Win2k3 Debug|x86.Build.0 = Win2k3 Debug|Win32
		{01D87C47-437A-4A16-8FD9-33FA5C99339E}.Win2k3 Release|x64.ActiveCfg = Win2k3 Release|x64
		{01D87C47-437A-4A16-8FD9-33FA5C99339E}.Win2k3 Release|x64.Build.0 = Win2k3 Release|x64
		{01D87C47-437A-4A16-8FD9-33FA5C99339E}.Win2k3 Release|x86.ActiveCfg = Win2k3 Release|Win32
		{01D87C47-437A-4A16-8FD9-33FA5C99339E}.Win2k3 Release|x86.Build.0 = Win2k3 Release|Win32
		{01D87C47-437A-4A16-8FD9-33FA5C99339E}.Win7 Debug|x64.ActiveCfg = Win7 Debug|x64
		{01D87C47-437A-4A16-8FD9-33FA5C99339E}.Win7 Debug|x64.Build.0 = Win7 Debug|x64
		{01D87C47-437A-4A16-8FD9-33FA5C99339E}.Win7 Debug|x64.Deploy.0 = Win7 Debug|x64
		{01D87C47-437A-4A16-8FD9-33FA5C99339E}.Win7 Debug|x86.ActiveCfg = Win7 Debug|Win32
		{01D87C47-437A-4A16-8FD9-33FA5C99339E}.Win7 Debug|x86.Build.0 = Win7 Debug|Win32
		{01D87C47-437A-4A16-8FD9-33FA5C99339E}.Win7 Debug|x86.Deploy.0 = Win7 Debug|Win32
		{01D87C47-437A-4A16-8FD9-33FA5C99339E}.Win7 Release|x64.ActiveCfg = Win7 Release|x64
		{01D87C47-437A-4A16-8FD9-33FA5C99339E}.Win7 Release|x64.Build.0 = Win7 Release|x64
		{01D87C47-437A-4A16-8FD9-33FA5C99339E}.Win7 Release|x64.Deploy.0 = Win7 Release|x64
		{01D87C47-437A-4A16-8FD9-33FA5C99339E}.Win7 Release|x86.ActiveCfg = Win7 Release|Win32
		{01D87C47-437A-4A16-8FD9-33FA5C99339E}.Win7 Release|x86.Build.0 = Win7 Release|Win32
		{01D87C47-437A-4A16-8FD9-33FA5C99339E}.Win7 Release|x86.Deploy.0 = Win7 Release|Win32
		{01D87C47-437A-4A16-8FD9-33FA5C99339E}.Win8 Debug|x64.ActiveCfg = Win8 Debug|x64
		{01D87C47-437A-4A16-8FD9-33FA5C99339E}.Win8 Debug|x64.Build.0 = Win8 Debug|x64
		{01D87C47-437A-4A16-8FD9-33FA5C99339E}.Win8 Debug|x64.Deploy.0 = Win8 Debug|x64
		{01D87C47-437A-4A16-8FD9-33FA5C99339E}.Win8 Debug|x86.ActiveCfg = Win8 Debug|Win32
		{01D87C47-437A-4A16-8FD9-33FA5C99339E}.Win8 Debug|x86.Build.0 = Win8 Debug|Win32
		{01D87C47-437A-4A16-8FD9-33FA5C99339E}.Win8 Debug|x86.Deploy.0 = Win8 Debug|Win32
		{01D87C47-437A-4A16-8FD9-33FA5C99339E}.Win8 Release|x64.ActiveCfg = Win8 Release|x64
		{01D87C47-437A-4A16-8FD9-33FA5C99339E}.Win8 Release|x64.Build.0 = Win8 Release|x64
		{01D87C47-437A-4A16-8FD9-33FA5C99339E}.Win8 Release|x64.Deploy.0 = Win8 Release|x64
		{01D87C47-437A-4A16-8FD9-33FA5C99339E}.Win8 Release|x86.ActiveCfg = Win8 Release|Win32
		{01D87C47-437A-4A16-8FD9-33FA5C99339E}.Win8 Release|x86.Build.0 = Win8 Release|Win32
		{01D87C47-437A-4A16-8FD9-33FA5C99339E}.Win8 Release|x86.Deploy.0 = Win8 Release|Win32
		{01D87C47-437A-4A16-8FD9-33FA5C99339E}.Win8.1 Release|x64.ActiveCfg = Win8.1 Release|x64
		{01D87C47-437A-4A16-8FD9-33FA5C99339E}.Win8.1 Release|x64.Build.0 = Win8.1 Release|x64
		{01D87C47-437A-4A16-8FD9-33FA5C99339E}.Win8.1 Release|x64.Deploy.0 = Win8.1 Release|x64
		{01D87C47-437A-4A16-8FD9-33FA5C99339E}.Win8.1 Release|x86.ActiveCfg = Win8.1 Release|Win32
		{01D87C47-437A-4A16-8FD9-33FA5C99339E}.Win8.1 Release|x86.Build.0 = Win8.1 Release|Win32
		{01D87C47-437A-4A16-8FD9-33FA5C99339E}.Win8.1 Release|x86.Deploy.0 = Win8.1 Release|Win32
		{01D87C47-437A-4A16-8FD9-33FA5C99339E}.WinXP Debug|x64.ActiveCfg = WinXP Debug|x64
		{01D87C47-437A-4A16-8FD9-33FA5C99339E}.WinXP Debug|x64.Build.0 = WinXP Debug|x64
		{01D87C47-437A-4A16-8FD9-33FA5C99339E}.WinXP Debug|x86.ActiveCfg = WinXP Debug|Win32
		{01D87C47-437A-4A16-8FD9-33FA5C99339E}.WinXP Debug|x86.Build.0 = WinXP Debug|Win32
		{01D87C47-437A-4A16-8FD9-33FA5C99339E}.WinXP Release|x64.ActiveCfg = WinXP Release|x64
		{01D87C47-437A-4A16-8FD9-33FA5C99339E}.WinXP Release|x64.Build.0 = WinXP Release|x64
		{01D87C47-437A-4A16-8FD9-33FA5C99339E}.WinXP Release|x86.ActiveCfg = WinXP Release|Win32
		{01D87C47-437A-4A16-8FD9-33FA5C99339E}.WinXP Release|x86.Build.0 = WinXP Release|Win32
		{EC1B7990-EA6A-45FE-836C-2F050F6BB632}.Debug|x64.ActiveCfg = Win8 Debug|x64
		{EC1B7990-EA6A-45FE-836C-2F050F6BB632}.Debug|x64.Build.0 = Win8 Debug|x64
		{EC1B7990-EA6A-45FE-836C-2F050F6BB632}.Debug|x64.Deploy.0 = Win8 Debug|x64
		{EC1B7990-EA6A-45FE-836C-2F050F6BB632}.Debug|x86.ActiveCfg = Win8 Debug|Win32
		{EC1B7990-EA6A-45FE-836C-2F050F6BB632}.Debug|x86.Build.0 = Win8 Debug|Win32
		{EC1B7990-EA6A-45FE-836C-2F050F6BB632}.Debug|x86.Deploy.0 = Win8 Debug|Win32
		{EC1B7990-EA6A-45FE-836C-2F050F6BB632}.Release|x64.ActiveCfg = WinXP Release|x64
		{EC1B7990-EA6A-45FE-836C-2F050F6BB632}.Release|x64.Build.0 = WinXP Release|x64
		{EC1B7990-EA6A-45FE-836C-2F050F6BB632}.Release|x86.ActiveCfg = WinXP Release|Win32
		{EC1B7990-EA6A-45FE-836C-2F050F6BB632}.Release|x86.Build.0 = WinXP Release|Win32
		{EC1B7990-EA6A-45FE-836C-2F050F6BB632}.Vista Debug|x64.ActiveCfg = Vista Release|x64
		{EC1B7990-EA6A-45FE-836C-2F050F6BB632}.Vista Debug|x64.Build.0 = Vista Release|x64
		{EC1B7990-EA6A-45FE-836C-2F050F6BB632}.Vista Debug|x86.ActiveCfg = Vista Release|Win32
		{EC1B7990-EA6A-45FE-836C-2F050F6BB632}.Vista Debug|x86.Build.0 = Vista Release|Win32
		{EC1B7990-EA6A-45FE-836C-2F050F6BB632}.Vista Release|x64.ActiveCfg = Vista Release|x64
		{EC1B7990-EA6A-45FE-836C-2F050F6BB632}.Vista Release|x64.Build.0 = Vista Release|x64
		{EC1B7990-EA6A-45FE-836C-2F050F6BB632}.Vista Release|x86.ActiveCfg = Vista Release|Win32
		{EC1B7990-EA6A-45FE-836C-2F050F6BB632}.Vista Release|x86.Build.0 = Vista Release|Win32
		{EC1B7990-EA6A-45FE-836C-2F050F6BB632}.Win10 Debug|x64.ActiveCfg = Win10 Debug|x64
		{EC1B7990-EA6A-45FE-836C-2F050F6BB632}.Win10 Debug|x64.Build.0 = Win10 Debug|x64
		{EC1B7990-EA6A-45FE-836C-2F050F6BB632}.Win10 Debug|x64.Deploy.0 = Win10 Debug|x64
		{EC1B7990-EA6A-45FE-836C-2F050F6BB632}.Win10 Debug|x86.ActiveCfg = Win10 Debug|Win32
		{EC1B7990-EA6A-45FE-836C-2F050F6BB632}.Win10 Debug|x86.Build.0 = Win10 Debug|Win32
		{EC1B7990-EA6A-45FE-836C-2F050F6BB632}.Win10 Debug|x86.Deploy.0 = Win10 Debug|Win32
		{EC1B7990-EA6A-45FE-836C-2F050F6BB632}.Win10 Release|x64.ActiveCfg = Win10 Release|x64
		{EC1B7990-EA6A-45FE-836C-2F050F6BB632}.Win10 Release|x64.Build.0 = Win10 Release|x64
		{EC1B7990-EA6A-45FE-836C-2F050F6BB632}.Win10 Release|x64.Deploy.0 = Win10 Release|x64
		{EC1B7990-EA6A-45FE-836C-2F050F6BB632}.Win10 Release|x86.ActiveCfg = Win10 Release|Win32
		{EC1B7990-EA6A-45FE-836C-2F050F6BB632}.Win10 Release|x86.Build.0 = Win10 Release|Win32
		{EC1B7990-EA6A-45FE-836C-2F050F6BB632}.Win10 Release|x86.Deploy.0 = Win10 Release|Win32
		{EC1B7990-EA6A-45FE-836C-2F050F6BB632}.Win2k3 Debug|x64.ActiveCfg = Win2k3 Release|x64
		{EC1B7990-EA6A-45FE-836C-2F050F6BB632}.Win2k3 Debug|x64.Build.0 = Win2k3 Release|x64
		{EC1B7990-EA6A-45FE-836C-2F050F6BB632}.Win2k3 Debug|x86.ActiveCfg = Win2k3 Release|Win32
		{EC1B7990-EA6A-45FE-836C-2F050F6BB632}.Win2k3 Debug|x86.Build.0 = Win2k3 Release|Win32
		{EC1B7990-EA6A-45FE-836C-2F050F6BB632}.Win2k3 Release|x64.ActiveCfg = Win2k3 Release|x64
		{EC1B7990-EA6A-45FE-836C-2F050F6BB632}.Win2k3 Release|x64.Build.0 = Win2k3 Release|x64
		{EC1B7990-EA6A-45FE-836C-2F050F6BB632}.Win2k3 Release|x86.ActiveCfg = Win2k3 Release|Win32
		{EC1B7990-EA6A-45FE-836C-2F050F6BB632}.Win2k3 Release|x86.Build.0 = Win2k3 Release|Win32
		{EC1B7990-EA6A-45FE-836C-2F050F6BB632}.Win7 Debug|x64.ActiveCfg = Win7 Debug|x64
		{EC1B7990-EA6A-45FE-836C-2F050F6BB632}.Win7 Debug|x64.Build.0 = Win7 Debug|x64
		{EC1B7990-EA6A-45FE-836C-2F050F6BB632}.Win7 Debug|x64.Deploy.0 = Win7 Debug|x64
		{EC1B7990-EA6A-45FE-836C-2F050F6BB632}.Win7 Debug|x86.ActiveCfg = Win7 Debug|Win32
		{EC1B7990-EA6A-45FE-836C-2F050F6BB632}.Win7 Debug|x86.Build.0 = Win7 Debug|Win32
		{EC1B7990-EA6A-45FE-836C-2F050F6BB632}.Win7 Debug|x86.Deploy.0 = Win7 Debug|Win32
		{EC1B7990-EA6A-45FE-836C-2F050F6BB632}.Win7 Release|x64.ActiveCfg = Win7 Release|x64
		{EC1B7990-EA6A-45FE-836C-2F050F6BB632}.Win7 Release|x64.Build.0 = Win7 Release|x64
		{EC1B7990-EA6A-45FE-836C-2F050F6BB632}.Win7 Release|x64.Deploy.0 = Win7 Release|x64
		{EC1B7990-EA6A-45FE-836C-2F050F6BB632}.Win7 Release|x86.ActiveCfg = Win7 Release|Win32
		{EC1B7990-EA6A-45FE-836C-2F050F6BB632}.Win7 Release|x86.Build.0 = Win7 Release|Win32
		{EC1B7990-EA6A-45FE-836C-2F050F6BB632}.Win7 Release|x86.Deploy.0 = Win7 Release|Win32
		{EC1B7990-EA6A-45FE-836C-2F050F6BB632}.Win8 Debug|x64.ActiveCfg = Win8 Debug|x64
		{EC1B7990-EA6A-45FE-836C-2F050F6BB632}.Win8 Debug|x64.Build.0 = Win8 Debug|x64
		{EC1B7990-EA6A-45FE-836C-2F050F6BB632}.Win8 Debug|x64.Deploy.0 = Win8 Debug|x64
		{EC1B7990-EA6A-45FE-836C-2F050F6BB632}.Win8 Debug|x86.ActiveCfg = Win8 Debug|Win32
		{EC1B7990-EA6A-45FE-836C-2F050F6BB632}.Win8 Debug|x86.Build.0 = Win8 Debug|Win32
		{EC1B7990-EA6A-45FE-836C-2F050F6BB632}.Win8 Debug|x86.Deploy.0 = Win8 Debug|Win32
		{EC1B7990-EA6A-45FE-836C-2F050F6BB632}.Win8 Release|x64.ActiveCfg = Win8 Release|x64
		{EC1B7990-EA6A-45FE-836C-2F050F6BB632}.Win8 Release|x64.Build.0 = Win8 Release|x64
		{EC1B7990-EA6A-45FE-836C-2F050F6BB632}.Win8 Release|x64.Deploy.0 = Win8 Release|x64
		{EC1B7990-EA6A-45FE-836C-2F050F6BB632}.Win8 Release|x86.ActiveCfg = Win8 Release|Win32
		{EC1B7990-EA6A-45FE-836C-2F050F6BB632}.Win8 Release|x86.Build.0 = Win8 Release|Win32
		{EC1B7990-EA6A-45FE-836C-2F050F6BB632}.Win8 Release|x86.Deploy.0 = Win8 Release|Win32
		{EC1B7990-EA6A-45FE-836C-2F050F6BB632}.Win8.1 Release|x64.ActiveCfg = Win8.1 Release|x64
		{EC1B7990-EA6A-45FE-836C-2F050F6BB632}.Win8.1 Release|x64.Build.0 = Win8.1 Release|x64
		{EC1B7990-EA6A-45FE-836C-2F050F6BB632}.Win8.1 Release|x64.Deploy.0 = Win8.1 Release|x64
		{EC1B7990-EA6A-45FE-836C-2F050F6BB632}.Win8.1 Release|x86.ActiveCfg = Win8.1 Release|Win32
		{EC1B7990-EA6A-45FE-836C-2F050F6BB632}.Win8.1 Release|x86.Build.0 = Win8.1 Release|Win32
		{EC1B7990-EA6A-45FE-836C-2F050F6BB632}.Win8.1 Release|x86.Deploy.0 = Win8.1 Release|Win32
		{EC1B7990-EA6A-45FE-836C-2F050F6BB632}.WinXP Debug|x64.ActiveCfg = WinXP Release|x64
		{EC1B7990-EA6A-45FE-836C-2F050F6BB632}.WinXP Debug|x64.Build.0 = WinXP Release|x64
		{EC1B7990-EA6A-45FE-836C-2F050F6BB632}.WinXP Debug|x86.ActiveCfg = WinXP Release|Win32
		{EC1B7990-EA6A-45FE-836C-2F050F6BB632}.WinXP Debug|x86.Build.0 = WinXP Release|Win32
		{EC1B7990-EA6A-45FE-836C-2F050F6BB632}.WinXP Release|x64.ActiveCfg = WinXP Release|x64
		{EC1B7990-EA6A-45FE-836C-2F050F6BB632}.WinXP Release|x64.Build.0 = WinXP Release|x64
		{EC1B7990-EA6A-45FE-836C-2F050F6BB632}.WinXP Release|x86.ActiveCfg = WinXP Release|Win32
		{EC1B7990-EA6A-45FE-836C-2F050F6BB632}.WinXP Release|x86.Build.0 = WinXP Release|Win32
		{B3402316-94F7-4526-AD07-870DEE0E660C}.Debug|x64.ActiveCfg = WinXP Release|x64
		{B3402316-94F7-4526-AD07-870DEE0E660C}.Debug|x64.Build.0 = WinXP Release|x64
		{B3402316-94F7-4526-AD07-870DEE0E660C}.Debug|x86.ActiveCfg = WinXP Release|Win32
		{B3402316-94F7-4526-AD07-870DEE0E660C}.Debug|x86.Build.0 = WinXP Release|Win32
		{B3402316-94F7-4526-AD07-870DEE0E660C}.Release|x64.ActiveCfg = WinXP Release|x64
		{B3402316-94F7-4526-AD07-870DEE0E660C}.Release|x64.Build.0 = WinXP Release|x64
		{B3402316-94F7-4526-AD07-870DEE0E660C}.Release|x86.ActiveCfg = WinXP Release|Win32
		{B3402316-94F7-4526-AD07-870DEE0E660C}.Release|x86.Build.0 = WinXP Release|Win32
		{B3402316-94F7-4526-AD07-870DEE0E660C}.Vista Debug|x64.ActiveCfg = Vista Release|x64
		{B3402316-94F7-4526-AD07-870DEE0E660C}.Vista Debug|x64.Build.0 = Vista Release|x64
		{B3402316-94F7-4526-AD07-870DEE0E660C}.Vista Debug|x86.ActiveCfg = Vista Release|Win32
		{B3402316-94F7-4526-AD07-870DEE0E660C}.Vista Debug|x86.Build.0 = Vista Release|Win32
		{B3402316-94F7-4526-AD07-870DEE0E660C}.Vista Release|x64.ActiveCfg = Vista Release|x64
		{B3402316-94F7-4526-AD07-870DEE0E660C}.Vista Release|x64.Build.0 = Vista Release|x64
		{B3402316-94F7-4526-AD07-870DEE0E660C}.Vista Release|x86.ActiveCfg = Vista Release|Win32
		{B3402316-94F7-4526-AD07-870DEE0E660C}.Vista Release|x86.Build.0 = Vista Release|Win32
		{B3402316-94F7-4526-AD07-870DEE0E660C}.Win10 Debug|x64.ActiveCfg = Win10 Release|x64
		{B3402316-94F7-4526-AD07-870DEE0E660C}.Win10 Debug|x64.Build.0 = Win10 Release|x64
		{B3402316-94F7-4526-AD07-870DEE0E660C}.Win10 Debug|x64.Deploy.0 = Win10 Release|x64
		{B3402316-94F7-4526-AD07-870DEE0E660C}.Win10 Debug|x86.ActiveCfg = Win10 Release|Win32
		{B3402316-94F7-4526-AD07-870DEE0E660C}.Win10 Debug|x86.Build.0 = Win10 Release|Win32
		{B3402316-94F7-4526-AD07-870DEE0E660C}.Win10 Debug|x86.Deploy.0 = Win10 Release|Win32
		{B3402316-94F7-4526-AD07-870DEE0E660C}.Win10 Release|x64.ActiveCfg = Win10 Release|x64
		{B3402316-94F7-4526-AD07-870DEE0E660C}.Win10 Release|x64.Build.0 = Win10 Release|x64
		{B3402316-94F7-4526-AD07-870DEE0E660C}.Win10 Release|x64.Deploy.0 = Win10 Release|x64
		{B3402316-94F7-4526-AD07-870DEE0E660C}.Win10 Release|x86.ActiveCfg = Win10 Release|Win32
		{B3402316-94F7-4526-AD07-870DEE0E660C}.Win10 Release|x86.Build.0 = Win10 Release|Win32
		{B3402316-94F7-4526-AD07-870DEE0E660C}.Win10 Release|x86.Deploy.0 = Win10 Release|Win32
		{B3402316-94F7-4526-AD07-870DEE0E660C}.Win2k3 Debug|x64.ActiveCfg = Win2k3 Release|x64
		{B3402316-94F7-4526-AD07-870DEE0E660C}.Win2k3 Debug|x64.Build.0 = Win2k3 Release|x64
		{B3402316-94F7-4526-AD07-870DEE0E660C}.Win2k3 Debug|x86.ActiveCfg = Win2k3 Release|Win32
		{B3402316-94F7-4526-AD07-870DEE0E660C}.Win2k3 Debug|x86.Build.0 = Win2k3 Release|Win32
		{B3402316-94F7-4526-AD07-870DEE0E660C}.Win2k3 Release|x64.ActiveCfg = Win2k3 Release|x64
		{B3402316-94F7-4526-AD07-870DEE0E660C}.Win2k3 Release|x64.Build.0 = Win2k3 Release|x64
		{B3402316-94F7-4526-AD07-870DEE0E660C}.Win2k3 Release|x86.ActiveCfg = Win2k3 Release|Win32
		{B3402316-94F7-4526-AD07-870DEE0E660C}.Win2k3 Release|x86.Build.0 = Win2k3 Release|Win32
		{B3402316-94F7-4526-AD07-870DEE0E660C}.Win7 Debug|x64.ActiveCfg = Win7 Release|x64
		{B3402316-94F7-4526-AD07-870DEE0E660C}.Win7 Debug|x64.Build.0 = Win7 Release|x64
		{B3402316-94F7-4526-AD07-870DEE0E660C}.Win7 Debug|x64.Deploy.0 = Win7 Release|x64
		{B3402316-94F7-4526-AD07-870DEE0E660C}.Win7 Debug|x86.ActiveCfg = Win7 Release|Win32
		{B3402316-94F7-4526-AD07-870DEE0E660C}.Win7 Debug|x86.Build.0 = Win7 Release|Win32
		{B3402316-94F7-4526-AD07-870DEE0E660C}.Win7 Debug|x86.Deploy.0 = Win7 Release|Win32
		{B3402316-94F7-4526-AD07-870DEE0E660C}.Win7 Release|x64.ActiveCfg = Win7 Release|x64
		{B3402316-94F7-4526-AD07-870DEE0E660C}.Win7 Release|x64.Build.0 = Win7 Release|x64
		{B3402316-94F7-4526-AD07-870DEE0E660C}.Win7 Release|x64.Deploy.0 = Win7 Release|x64
		{B3402316-94F7-4526-AD07-870DEE0E660C}.Win7 Release|x86.ActiveCfg = Win7 Release|Win32
		{B3402316-94F7-4526-AD07-870DEE0E660C}.Win7 Release|x86.Build.0 = Win7 Release|Win32
		{B3402316-94F7-4526-AD07-870DEE0E660C}.Win7 Release|x86.Deploy.0 = Win7 Release|Win32
		{B3402316-94F7-4526-AD07-870DEE0E660C}.Win8 Debug|x64.ActiveCfg = Win8 Release|x64
		{B3402316-94F7-4526-AD07-870DEE0E660C}.Win8 Debug|x64.Build.0 = Win8 Release|x64
		{B3402316-94F7-4526-AD07-870DEE0E660C}.Win8 Debug|x64.Deploy.0 = Win8 Release|x64
		{B3402316-94F7-4526-AD07-870DEE0E660C}.Win8 Debug|x86.ActiveCfg = Win8 Release|Win32
		{B3402316-94F7-4526-AD07-870DEE0E660C}.Win8 Debug|x86.Build.0 = Win8 Release|Win32
		{B3402316-94F7-4526-AD07-870DEE0E660C}.Win8 Debug|x86.Deploy.0 = Win8 Release|Win32
		{B3402316-94F7-4526-AD07-870DEE0E660C}.Win8 Release|x64.ActiveCfg = Win8 Release|x64
		{B3402316-94F7-4526-AD07-870DEE0E660C}.Win8 Release|x64.Build.0 = Win8 Release|x64
		{B3402316-94F7-4526-AD07-870DEE0E660C}.Win8 Release|x64.Deploy.0 = Win8 Release|x64
		{B3402316-94F7-4526-AD07-870DEE0E660C}.Win8 Release|x86.ActiveCfg = Win8 Release|Win32
		{B3402316-94F7-4526-AD07-870DEE0E660C}.Win8 Release|x86.Build.0 = Win8 Release|Win32
		{B3402316-94F7-4526-AD07-870DEE0E660C}.Win8 Release|x86.Deploy.0 = Win8 Release|Win32
		{B3402316-94F7-4526-AD07-870DEE0E660C}.Win8.1 Release|x64.ActiveCfg = Win8.1 Release|x64
		{B3402316-94F7-4526-AD07-870DEE0E660C}.Win8.1 Release|x64.Build.0 = Win8.1 Release|x64
		{B3402316-94F7-4526-AD07-870DEE0E660C}.Win8.1 Release|x64.Deploy.0 = Win8.1 Release|x64
		{B3402316-94F7-4526-AD07-870DEE0E660C}.Win8.1 Release|x86.ActiveCfg = Win8.1 Release|Win32
		{B3402316-94F7-4526-AD07-870DEE0E660C}.Win8.1 Release|x86.Build.0 = Win8.1 Release|Win32
		{B3402316-94F7-4526-AD07-870DEE0E660C}.Win8.1 Release|x86.Deploy.0 = Win8.1 Release|Win32
		{B3402316-94F7-4526-AD07-870DEE0E660C}.WinXP Debug|x64.ActiveCfg = WinXP Release|x64
		{B3402316-94F7-4526-AD07-870DEE0E660C}.WinXP Debug|x64.Build.0 = WinXP Release|x64
		{B3402316-94F7-4526-AD07-870DEE0E660C}.WinXP Debug|x86.ActiveCfg = WinXP Release|Win32
		{B3402316-94F7-4526-AD07-870DEE0E660C}.WinXP Debug|x86.Build.0 = WinXP Release|Win32
		{B3402316-94F7-4526-AD07-870DEE0E660C}.WinXP Release|x64.ActiveCfg = WinXP Release|x64
		{B3402316-94F7-4526-AD07-870DEE0E660C}.WinXP Release|x64.Build.0 = WinXP Release|x64
		{B3402316-94F7-4526-AD07-870DEE0E660C}.WinXP Release|x86.ActiveCfg = WinXP Release|Win32
		{B3402316-94F7-4526-AD07-870DEE0E660C}.WinXP Release|x86.Build.0 = WinXP Release|Win32
		{B953395B-010B-432C-AFCD-6C4F6553905F}.Debug|x64.ActiveCfg = Debug|x64
		{B953395B-010B-432C-AFCD-6C4F6553905F}.Debug|x64.Build.0 = Debug|x64
		{B953395B-010B-432C-AFCD-6C4F6553905F}.Debug|x86.ActiveCfg = Debug|Win32
		{B953395B-010B-432C-AFCD-6C4F6553905F}.Debug|x86.Build.0 = Debug|Win32
		{B953395B-010B-432C-AFCD-6C4F6553905F}.Release|x64.ActiveCfg = Release|x64
		{B953395B-010B-432C-AFCD-6C4F6553905F}.Release|x64.Build.0 = Release|x64
		{B953395B-010B-432C-AFCD-6C4F6553905F}.Release|x86.ActiveCfg = Release|Win32
		{B953395B-010B-432C-AFCD-6C4F6553905F}.Release|x86.Build.0 = Release|Win32
		{B953395B-010B-432C-AFCD-6C4F6553905F}.Vista Debug|x64.ActiveCfg = Vista Release|x64
		{B953395B-010B-432C-AFCD-6C4F6553905F}.Vista Debug|x64.Build.0 = Vista Release|x64
		{B953395B-010B-432C-AFCD-6C4F6553905F}.Vista Debug|x86.ActiveCfg = Vista Release|Win32
		{B953395B-010B-432C-AFCD-6C4F6553905F}.Vista Debug|x86.Build.0 = Vista Release|Win32
		{B953395B-010B-432C-AFCD-6C4F6553905F}.Vista Release|x64.ActiveCfg = Vista Release|x64
		{B953395B-010B-432C-AFCD-6C4F6553905F}.Vista Release|x64.Build.0 = Vista Release|x64
		{B953395B-010B-432C-AFCD-6C4F6553905F}.Vista Release|x86.ActiveCfg = Vista Release|Win32
		{B953395B-010B-432C-AFCD-6C4F6553905F}.Vista Release|x86.Build.0 = Vista Release|Win32
		{B953395B-010B-432C-AFCD-6C4F6553905F}.Win10 Debug|x64.ActiveCfg = Win10 Release|x64
		{B953395B-010B-432C-AFCD-6C4F6553905F}.Win10 Debug|x64.Build.0 = Win10 Release|x64
		{B953395B-010B-432C-AFCD-6C4F6553905F}.Win10 Debug|x86.ActiveCfg = Win10 Release|Win32
		{B953395B-010B-432C-AFCD-6C4F6553905F}.Win10 Debug|x86.Build.0 = Win10 Release|Win32
		{B953395B-010B-432C-AFCD-6C4F6553905F}.Win10 Release|x64.ActiveCfg = Win10 Release|x64
		{B953395B-010B-432C-AFCD-6C4F6553905F}.Win10 Release|x64.Build.0 = Win10 Release|x64
		{B953395B-010B-432C-AFCD-6C4F6553905F}.Win10 Release|x86.ActiveCfg = Win10 Release|Win32
		{B953395B-010B-432C-AFCD-6C4F6553905F}.Win10 Release|x86.Build.0 = Win10 Release|Win32
		{B953395B-010B-432C-AFCD-6C4F6553905F}.Win2k3 Debug|x64.ActiveCfg = Win2k3 Release|x64
		{B953395B-010B-432C-AFCD-6C4F6553905F}.Win2k3 Debug|x64.Build.0 = Win2k3 Release|x64
		{B953395B-010B-432C-AFCD-6C4F6553905F}.Win2k3 Debug|x86.ActiveCfg = Win2k3 Release|Win32
		{B953395B-010B-432C-AFCD-6C4F6553905F}.Win2k3 Debug|x86.Build.0 = Win2k3 Release|Win32
		{B953395B-010B-432C-AFCD-6C4F6553905F}.Win2k3 Release|x64.ActiveCfg = Win2k3 Release|x64
		{B953395B-010B-432C-AFCD-6C4F6553905F}.Win2k3 Release|x64.Build.0 = Win2k3 Release|x64
		{B953395B-010B-432C-AFCD-6C4F6553905F}.Win2k3 Release|x86.ActiveCfg = Win2k3 Release|Win32
		{B953395B-010B-432C-AFCD-6C4F6553905F}.Win2k3 Release|x86.Build.0 = Win2k3 Release|Win32
		{B953395B-010B-432C-AFCD-6C4F6553905F}.Win7 Debug|x64.ActiveCfg = Win7 Release|x64
		{B953395B-010B-432C-AFCD-6C4F6553905F}.Win7 Debug|x64.Build.0 = Win7 Release|x64
		{B953395B-010B-432C-AFCD-6C4F6553905F}.Win7 Debug|x86.ActiveCfg = Win7 Release|Win32
		{B953395B-010B-432C-AFCD-6C4F6553905F}.Win7 Debug|x86.Build.0 = Win7 Release|Win32
		{B953395B-010B-432C-AFCD-6C4F6553905F}.Win7 Release|x64.ActiveCfg = Win7 Release|x64
		{B953395B-010B-432C-AFCD-6C4F6553905F}.Win7 Release|x64.Build.0 = Win7 Release|x64
		{B953395B-010B-432C-AFCD-6C4F6553905F}.Win7 Release|x86.ActiveCfg = Win7 Release|Win32
		{B953395B-010B-432C-AFCD-6C4F6553905F}.Win7 Release|x86.Build.0 = Win7 Release|Win32
		{B953395B-010B-432C-AFCD-6C4F6553905F}.Win8 Debug|x64.ActiveCfg = Win8 Release|x64
		{B953395B-010B-432C-AFCD-6C4F6553905F}.Win8 Debug|x64.Build.0 = Win8 Release|x64
		{B953395B-010B-432C-AFCD-6C4F6553905F}.Win8 Debug|x86.ActiveCfg = Win8 Release|Win32
		{B953395B-010B-432C-AFCD-6C4F6553905F}.Win8 Debug|x86.Build.0 = Win8 Release|Win32
		{B953395B-010B-432C-AFCD-6C4F6553905F}.Win8 Release|x64.ActiveCfg = Win8 Release|x64
		{B953395B-010B-432C-AFCD-6C4F6553905F}.Win8 Release|x64.Build.0 = Win8 Release|x64
		{B953395B-010B-432C-AFCD-6C4F6553905F}.Win8 Release|x86.ActiveCfg = Win8 Release|Win32
		{B953395B-010B-432C-AFCD-6C4F6553905F}.Win8 Release|x86.Build.0 = Win8 Release|Win32
		{B953395B-010B-432C-AFCD-6C4F6553905F}.Win8.1 Release|x64.ActiveCfg = Release|x64
		{B953395B-010B-432C-AFCD-6C4F6553905F}.Win8.1 Release|x64.Build.0 = Release|x64
		{B953395B-010B-432C-AFCD-6C4F6553905F}.Win8.1 Release|x86.ActiveCfg = Release|Win32
		{B953395B-010B-432C-AFCD-6C4F6553905F}.Win8.1 Release|x86.Build.0 = Release|Win32
		{B953395B-010B-432C-AFCD-6C4F6553905F}.WinXP Debug|x64.ActiveCfg = WinXP Release|x64
		{B953395B-010B-432C-AFCD-6C4F6553905F}.WinXP Debug|x64.Build.0 = WinXP Release|x64
		{B953395B-010B-432C-AFCD-6C4F6553905F}.WinXP Debug|x86.ActiveCfg = WinXP Release|Win32
		{B953395B-010B-432C-AFCD-6C4F6553905F}.WinXP Debug|x86.Build.0 = WinXP Release|Win32
		{B953395B-010B-432C-AFCD-6C4F6553905F}.WinXP Release|x64.ActiveCfg = WinXP Release|x64
		{B953395B-010B-432C-AFCD-6C4F6553905F}.WinXP Release|x64.Build.0 = WinXP Release|x64
		{B953395B-010B-432C-AFCD-6C4F6553905F}.WinXP Release|x86.ActiveCfg = WinXP Release|Win32
		{B953395B-010B-432C-AFCD-6C4F6553905F}.WinXP Release|x86.Build.0 = WinXP Release|Win32
	EndGlobalSection
	GlobalSection(SolutionProperties) = preSolution
		HideSolutionNode = FALSE
	EndGlobalSection
	GlobalSection(NestedProjects) = preSolution
		{01D87C47-437A-4A16-8FD9-33FA5C99339E} = {76FBAA35-F812-452F-8B7B-1FA3A72A6696}
		{EC1B7990-EA6A-45FE-836C-2F050F6BB632} = {76FBAA35-F812-452F-8B7B-1FA3A72A6696}
	EndGlobalSection
EndGlobal
