
Microsoft Visual Studio Solution File, Format Version 12.00
# Visual Studio Version 16
VisualStudioVersion = 16.0.31702.278
MinimumVisualStudioVersion = 10.0.40219.1
Project("{2150E333-8FDC-42A3-9474-1A3956D46DE8}") = "VirtIO", "VirtIO", "{6F38EDCB-7CFB-4CEA-8CE6-37A13ED41019}"
EndProject
Project("{8BC9CEB8-8B4A-11D0-8D11-00A0C91BC942}") = "VirtioLib", "..\VirtIO\VirtioLib.vcxproj", "{01D87C47-437A-4A16-8FD9-33FA5C99339E}"
EndProject
Project("{8BC9CEB8-8B4A-11D0-8D11-00A0C91BC942}") = "viostor", "viostor.vcxproj", "{DAD407F3-186A-48FC-88CE-E236AF3165C4}"
	ProjectSection(ProjectDependencies) = postProject
		{01D87C47-437A-4A16-8FD9-33FA5C99339E} = {01D87C47-437A-4A16-8FD9-33FA5C99339E}
	EndProjectSection
EndProject
Global
	GlobalSection(SolutionConfigurationPlatforms) = preSolution
		Win10 Release|ARM64 = Win10 Release|ARM64
		Win10 Release|x64 = Win10 Release|x64
		Win10 Release|x86 = Win10 Release|x86
		Win8 Release|ARM64 = Win8 Release|ARM64
		Win8 Release|x64 = Win8 Release|x64
		Win8 Release|x86 = Win8 Release|x86
		Win8.1 Release|ARM64 = Win8.1 Release|ARM64
		Win8.1 Release|x64 = Win8.1 Release|x64
		Win8.1 Release|x86 = Win8.1 Release|x86
	EndGlobalSection
	GlobalSection(ProjectConfigurationPlatforms) = postSolution
		{01D87C47-437A-4A16-8FD9-33FA5C99339E}.Win10 Release|ARM64.ActiveCfg = Win10 Release|ARM64
		{01D87C47-437A-4A16-8FD9-33FA5C99339E}.Win10 Release|ARM64.Build.0 = Win10 Release|ARM64
		{01D87C47-437A-4A16-8FD9-33FA5C99339E}.Win10 Release|x64.ActiveCfg = Win10 Release|x64
		{01D87C47-437A-4A16-8FD9-33FA5C99339E}.Win10 Release|x64.Build.0 = Win10 Release|x64
		{01D87C47-437A-4A16-8FD9-33FA5C99339E}.Win10 Release|x64.Deploy.0 = Win10 Release|x64
		{01D87C47-437A-4A16-8FD9-33FA5C99339E}.Win10 Release|x86.ActiveCfg = Win10 Release|Win32
		{01D87C47-437A-4A16-8FD9-33FA5C99339E}.Win10 Release|x86.Build.0 = Win10 Release|Win32
		{01D87C47-437A-4A16-8FD9-33FA5C99339E}.Win10 Release|x86.Deploy.0 = Win10 Release|Win32
		{01D87C47-437A-4A16-8FD9-33FA5C99339E}.Win8 Release|ARM64.ActiveCfg = Win8 Release|x64
		{01D87C47-437A-4A16-8FD9-33FA5C99339E}.Win8 Release|x64.ActiveCfg = Win8 Release|x64
		{01D87C47-437A-4A16-8FD9-33FA5C99339E}.Win8 Release|x64.Build.0 = Win8 Release|x64
		{01D87C47-437A-4A16-8FD9-33FA5C99339E}.Win8 Release|x64.Deploy.0 = Win8 Release|x64
		{01D87C47-437A-4A16-8FD9-33FA5C99339E}.Win8 Release|x86.ActiveCfg = Win8 Release|Win32
		{01D87C47-437A-4A16-8FD9-33FA5C99339E}.Win8 Release|x86.Build.0 = Win8 Release|Win32
		{01D87C47-437A-4A16-8FD9-33FA5C99339E}.Win8 Release|x86.Deploy.0 = Win8 Release|Win32
		{01D87C47-437A-4A16-8FD9-33FA5C99339E}.Win8.1 Release|ARM64.ActiveCfg = Win8.1 Release|x64
		{01D87C47-437A-4A16-8FD9-33FA5C99339E}.Win8.1 Release|x64.ActiveCfg = Win8.1 Release|x64
		{01D87C47-437A-4A16-8FD9-33FA5C99339E}.Win8.1 Release|x64.Build.0 = Win8.1 Release|x64
		{01D87C47-437A-4A16-8FD9-33FA5C99339E}.Win8.1 Release|x64.Deploy.0 = Win8.1 Release|x64
		{01D87C47-437A-4A16-8FD9-33FA5C99339E}.Win8.1 Release|x86.ActiveCfg = Win8.1 Release|Win32
		{01D87C47-437A-4A16-8FD9-33FA5C99339E}.Win8.1 Release|x86.Build.0 = Win8.1 Release|Win32
		{01D87C47-437A-4A16-8FD9-33FA5C99339E}.Win8.1 Release|x86.Deploy.0 = Win8.1 Release|Win32
		{DAD407F3-186A-48FC-88CE-E236AF3165C4}.Win10 Release|ARM64.ActiveCfg = Win10 Release|ARM64
		{DAD407F3-186A-48FC-88CE-E236AF3165C4}.Win10 Release|ARM64.Build.0 = Win10 Release|ARM64
		{DAD407F3-186A-48FC-88CE-E236AF3165C4}.Win10 Release|x64.ActiveCfg = Win10 Release|x64
		{DAD407F3-186A-48FC-88CE-E236AF3165C4}.Win10 Release|x64.Build.0 = Win10 Release|x64
		{DAD407F3-186A-48FC-88CE-E236AF3165C4}.Win10 Release|x64.Deploy.0 = Win10 Release|x64
		{DAD407F3-186A-48FC-88CE-E236AF3165C4}.Win10 Release|x86.ActiveCfg = Win10 Release|Win32
		{DAD407F3-186A-48FC-88CE-E236AF3165C4}.Win10 Release|x86.Build.0 = Win10 Release|Win32
		{DAD407F3-186A-48FC-88CE-E236AF3165C4}.Win10 Release|x86.Deploy.0 = Win10 Release|Win32
		{DAD407F3-186A-48FC-88CE-E236AF3165C4}.Win8 Release|ARM64.ActiveCfg = Win8 Release|x64
		{DAD407F3-186A-48FC-88CE-E236AF3165C4}.Win8 Release|x64.ActiveCfg = Win8 Release|x64
		{DAD407F3-186A-48FC-88CE-E236AF3165C4}.Win8 Release|x64.Build.0 = Win8 Release|x64
		{DAD407F3-186A-48FC-88CE-E236AF3165C4}.Win8 Release|x64.Deploy.0 = Win8 Release|x64
		{DAD407F3-186A-48FC-88CE-E236AF3165C4}.Win8 Release|x86.ActiveCfg = Win8 Release|Win32
		{DAD407F3-186A-48FC-88CE-E236AF3165C4}.Win8 Release|x86.Build.0 = Win8 Release|Win32
		{DAD407F3-186A-48FC-88CE-E236AF3165C4}.Win8 Release|x86.Deploy.0 = Win8 Release|Win32
		{DAD407F3-186A-48FC-88CE-E236AF3165C4}.Win8.1 Release|ARM64.ActiveCfg = Win8 Release|x64
		{DAD407F3-186A-48FC-88CE-E236AF3165C4}.Win8.1 Release|x64.ActiveCfg = Win8 Release|x64
		{DAD407F3-186A-48FC-88CE-E236AF3165C4}.Win8.1 Release|x64.Build.0 = Win8 Release|x64
		{DAD407F3-186A-48FC-88CE-E236AF3165C4}.Win8.1 Release|x64.Deploy.0 = Win8 Release|x64
		{DAD407F3-186A-48FC-88CE-E236AF3165C4}.Win8.1 Release|x86.ActiveCfg = Win8 Release|Win32
		{DAD407F3-186A-48FC-88CE-E236AF3165C4}.Win8.1 Release|x86.Build.0 = Win8 Release|Win32
		{DAD407F3-186A-48FC-88CE-E236AF3165C4}.Win8.1 Release|x86.Deploy.0 = Win8 Release|Win32
	EndGlobalSection
	GlobalSection(SolutionProperties) = preSolution
		HideSolutionNode = FALSE
	EndGlobalSection
	GlobalSection(NestedProjects) = preSolution
		{01D87C47-437A-4A16-8FD9-33FA5C99339E} = {6F38EDCB-7CFB-4CEA-8CE6-37A13ED41019}
	EndGlobalSection
	GlobalSection(ExtensibilityGlobals) = postSolution
		SolutionGuid = {08630A1A-93D4-432B-8B24-75C266C5C458}
	EndGlobalSection
EndGlobal
