<?xml version="1.0" encoding="utf-8"?>
<Project ToolsVersion="4.0" xmlns="http://schemas.microsoft.com/developer/msbuild/2003">
  <ItemGroup>
    <Filter Include="Source Files">
      <UniqueIdentifier>{29066774-2E80-4135-92E8-3DA2736341ED}</UniqueIdentifier>
      <Extensions>cpp;c;cc;cxx;def;odl;idl;hpj;bat;asm;asmx</Extensions>
    </Filter>
    <Filter Include="Header Files">
      <UniqueIdentifier>{A80541A4-D511-4D17-BEDA-1CDC1D426ABD}</UniqueIdentifier>
      <Extensions>h;hpp;hxx;hm;inl;inc;xsd</Extensions>
    </Filter>
    <Filter Include="Resource Files">
      <UniqueIdentifier>{E59D8DCD-1478-4BC7-854F-30707F20AB4F}</UniqueIdentifier>
      <Extensions>rc;ico;cur;bmp;dlg;rc2;rct;bin;rgs;gif;jpg;jpeg;jpe;resx;tiff;tif;png;wav;mfcribbon-ms</Extensions>
    </Filter>
    <Filter Include="Driver Files">
      <UniqueIdentifier>{D7E3D5E4-4048-4EAC-920B-CD91D22AC46F}</UniqueIdentifier>
      <Extensions>inf;inv;inx;mof;mc;</Extensions>
    </Filter>
  </ItemGroup>
  <ItemGroup>
    <ClCompile Include="isrdpc.c">
      <Filter>Source Files</Filter>
    </ClCompile>
    <ClCompile Include="power.c">
      <Filter>Source Files</Filter>
    </ClCompile>
    <ClCompile Include="read.c">
      <Filter>Source Files</Filter>
    </ClCompile>
    <ClCompile Include="viofs.c">
      <Filter>Source Files</Filter>
    </ClCompile>
    <ClCompile Include="virtio.c">
      <Filter>Source Files</Filter>
    </ClCompile>
  </ItemGroup>
  <ItemGroup>
    <ClInclude Include="trace.h">
      <Filter>Header Files</Filter>
    </ClInclude>
    <ClInclude Include="viofs.h">
      <Filter>Header Files</Filter>
    </ClInclude>
  </ItemGroup>
  <ItemGroup>
    <ResourceCompile Include="viofs.rc">
      <Filter>Resource Files</Filter>
    </ResourceCompile>
  </ItemGroup>
</Project>