
Microsoft Visual Studio Solution File, Format Version 12.00
# Visual Studio Version 16
VisualStudioVersion = 16.0.31702.278
MinimumVisualStudioVersion = 10.0.40219.1
Project("{2150E333-8FDC-42A3-9474-1A3956D46DE8}") = "VirtIO", "VirtIO", "{E4211F99-BD08-411B-A2E0-251330067CBF}"
EndProject
Project("{8BC9CEB8-8B4A-11D0-8D11-00A0C91BC942}") = "VirtioLib", "..\VirtIO\VirtioLib.vcxproj", "{01D87C47-437A-4A16-8FD9-33FA5C99339E}"
EndProject
Project("{8BC9CEB8-8B4A-11D0-8D11-00A0C91BC942}") = "VirtioLib-WDF", "..\VirtIO\WDF\VirtioLib-WDF.vcxproj", "{EC1B7990-EA6A-45FE-836C-2F050F6BB632}"
	ProjectSection(ProjectDependencies) = postProject
		{01D87C47-437A-4A16-8FD9-33FA5C99339E} = {01D87C47-437A-4A16-8FD9-33FA5C99339E}
	EndProjectSection
EndProject
Project("{8BC9CEB8-8B4A-11D0-8D11-00A0C91BC942}") = "vioinput", "sys\vioinput.vcxproj", "{230231C1-A0C2-4A37-B32B-E247A92311F4}"
	ProjectSection(ProjectDependencies) = postProject
		{01D87C47-437A-4A16-8FD9-33FA5C99339E} = {01D87C47-437A-4A16-8FD9-33FA5C99339E}
		{EC1B7990-EA6A-45FE-836C-2F050F6BB632} = {EC1B7990-EA6A-45FE-836C-2F050F6BB632}
		{EC5DCAF5-3514-4E61-8201-10F5F060E096} = {EC5DCAF5-3514-4E61-8201-10F5F060E096}
	EndProjectSection
EndProject
Project("{8BC9CEB8-8B4A-11D0-8D11-00A0C91BC942}") = "hidpassthrough", "hidpassthrough\hidpassthrough.vcxproj", "{EC5DCAF5-3514-4E61-8201-10F5F060E096}"
EndProject
Global
	GlobalSection(SolutionConfigurationPlatforms) = preSolution
		Win10 Release|ARM64 = Win10 Release|ARM64
		Win10 Release|x64 = Win10 Release|x64
		Win10 Release|x86 = Win10 Release|x86
		Win8 Release|ARM64 = Win8 Release|ARM64
		Win8 Release|x64 = Win8 Release|x64
		Win8 Release|x86 = Win8 Release|x86
	EndGlobalSection
	GlobalSection(ProjectConfigurationPlatforms) = postSolution
		{01D87C47-437A-4A16-8FD9-33FA5C99339E}.Win10 Release|ARM64.ActiveCfg = Win10 Release|ARM64
		{01D87C47-437A-4A16-8FD9-33FA5C99339E}.Win10 Release|ARM64.Build.0 = Win10 Release|ARM64
		{01D87C47-437A-4A16-8FD9-33FA5C99339E}.Win10 Release|x64.ActiveCfg = Win10 Release|x64
		{01D87C47-437A-4A16-8FD9-33FA5C99339E}.Win10 Release|x64.Build.0 = Win10 Release|x64
		{01D87C47-437A-4A16-8FD9-33FA5C99339E}.Win10 Release|x64.Deploy.0 = Win10 Release|x64
		{01D87C47-437A-4A16-8FD9-33FA5C99339E}.Win10 Release|x86.ActiveCfg = Win10 Release|Win32
		{01D87C47-437A-4A16-8FD9-33FA5C99339E}.Win10 Release|x86.Build.0 = Win10 Release|Win32
		{01D87C47-437A-4A16-8FD9-33FA5C99339E}.Win10 Release|x86.Deploy.0 = Win10 Release|Win32
		{01D87C47-437A-4A16-8FD9-33FA5C99339E}.Win8 Release|ARM64.ActiveCfg = Win8 Release|x64
		{01D87C47-437A-4A16-8FD9-33FA5C99339E}.Win8 Release|x64.ActiveCfg = Win8 Release|x64
		{01D87C47-437A-4A16-8FD9-33FA5C99339E}.Win8 Release|x64.Build.0 = Win8 Release|x64
		{01D87C47-437A-4A16-8FD9-33FA5C99339E}.Win8 Release|x64.Deploy.0 = Win8 Release|x64
		{01D87C47-437A-4A16-8FD9-33FA5C99339E}.Win8 Release|x86.ActiveCfg = Win8 Release|Win32
		{01D87C47-437A-4A16-8FD9-33FA5C99339E}.Win8 Release|x86.Build.0 = Win8 Release|Win32
		{01D87C47-437A-4A16-8FD9-33FA5C99339E}.Win8 Release|x86.Deploy.0 = Win8 Release|Win32
		{EC1B7990-EA6A-45FE-836C-2F050F6BB632}.Win10 Release|ARM64.ActiveCfg = Win10 Release|ARM64
		{EC1B7990-EA6A-45FE-836C-2F050F6BB632}.Win10 Release|ARM64.Build.0 = Win10 Release|ARM64
		{EC1B7990-EA6A-45FE-836C-2F050F6BB632}.Win10 Release|x64.ActiveCfg = Win10 Release|x64
		{EC1B7990-EA6A-45FE-836C-2F050F6BB632}.Win10 Release|x64.Build.0 = Win10 Release|x64
		{EC1B7990-EA6A-45FE-836C-2F050F6BB632}.Win10 Release|x64.Deploy.0 = Win10 Release|x64
		{EC1B7990-EA6A-45FE-836C-2F050F6BB632}.Win10 Release|x86.ActiveCfg = Win10 Release|Win32
		{EC1B7990-EA6A-45FE-836C-2F050F6BB632}.Win10 Release|x86.Build.0 = Win10 Release|Win32
		{EC1B7990-EA6A-45FE-836C-2F050F6BB632}.Win10 Release|x86.Deploy.0 = Win10 Release|Win32
		{EC1B7990-EA6A-45FE-836C-2F050F6BB632}.Win8 Release|ARM64.ActiveCfg = Win8 Release|x64
		{EC1B7990-EA6A-45FE-836C-2F050F6BB632}.Win8 Release|x64.ActiveCfg = Win8 Release|x64
		{EC1B7990-EA6A-45FE-836C-2F050F6BB632}.Win8 Release|x64.Build.0 = Win8 Release|x64
		{EC1B7990-EA6A-45FE-836C-2F050F6BB632}.Win8 Release|x64.Deploy.0 = Win8 Release|x64
		{EC1B7990-EA6A-45FE-836C-2F050F6BB632}.Win8 Release|x86.ActiveCfg = Win8 Release|Win32
		{EC1B7990-EA6A-45FE-836C-2F050F6BB632}.Win8 Release|x86.Build.0 = Win8 Release|Win32
		{EC1B7990-EA6A-45FE-836C-2F050F6BB632}.Win8 Release|x86.Deploy.0 = Win8 Release|Win32
		{230231C1-A0C2-4A37-B32B-E247A92311F4}.Win10 Release|ARM64.ActiveCfg = Win10 Release|ARM64
		{230231C1-A0C2-4A37-B32B-E247A92311F4}.Win10 Release|ARM64.Build.0 = Win10 Release|ARM64
		{230231C1-A0C2-4A37-B32B-E247A92311F4}.Win10 Release|x64.ActiveCfg = Win10 Release|x64
		{230231C1-A0C2-4A37-B32B-E247A92311F4}.Win10 Release|x64.Build.0 = Win10 Release|x64
		{230231C1-A0C2-4A37-B32B-E247A92311F4}.Win10 Release|x64.Deploy.0 = Win10 Release|x64
		{230231C1-A0C2-4A37-B32B-E247A92311F4}.Win10 Release|x86.ActiveCfg = Win10 Release|Win32
		{230231C1-A0C2-4A37-B32B-E247A92311F4}.Win10 Release|x86.Build.0 = Win10 Release|Win32
		{230231C1-A0C2-4A37-B32B-E247A92311F4}.Win10 Release|x86.Deploy.0 = Win10 Release|Win32
		{230231C1-A0C2-4A37-B32B-E247A92311F4}.Win8 Release|ARM64.ActiveCfg = Win8 Release|x64
		{230231C1-A0C2-4A37-B32B-E247A92311F4}.Win8 Release|x64.ActiveCfg = Win8 Release|x64
		{230231C1-A0C2-4A37-B32B-E247A92311F4}.Win8 Release|x64.Build.0 = Win8 Release|x64
		{230231C1-A0C2-4A37-B32B-E247A92311F4}.Win8 Release|x64.Deploy.0 = Win8 Release|x64
		{230231C1-A0C2-4A37-B32B-E247A92311F4}.Win8 Release|x86.ActiveCfg = Win8 Release|Win32
		{230231C1-A0C2-4A37-B32B-E247A92311F4}.Win8 Release|x86.Build.0 = Win8 Release|Win32
		{230231C1-A0C2-4A37-B32B-E247A92311F4}.Win8 Release|x86.Deploy.0 = Win8 Release|Win32
		{EC5DCAF5-3514-4E61-8201-10F5F060E096}.Win10 Release|ARM64.ActiveCfg = Win10 Release|ARM64
		{EC5DCAF5-3514-4E61-8201-10F5F060E096}.Win10 Release|ARM64.Build.0 = Win10 Release|ARM64
		{EC5DCAF5-3514-4E61-8201-10F5F060E096}.Win10 Release|x64.ActiveCfg = Win10 Release|x64
		{EC5DCAF5-3514-4E61-8201-10F5F060E096}.Win10 Release|x64.Build.0 = Win10 Release|x64
		{EC5DCAF5-3514-4E61-8201-10F5F060E096}.Win10 Release|x64.Deploy.0 = Win10 Release|x64
		{EC5DCAF5-3514-4E61-8201-10F5F060E096}.Win10 Release|x86.ActiveCfg = Win10 Release|Win32
		{EC5DCAF5-3514-4E61-8201-10F5F060E096}.Win10 Release|x86.Build.0 = Win10 Release|Win32
		{EC5DCAF5-3514-4E61-8201-10F5F060E096}.Win10 Release|x86.Deploy.0 = Win10 Release|Win32
		{EC5DCAF5-3514-4E61-8201-10F5F060E096}.Win8 Release|ARM64.ActiveCfg = Win8 Release|x64
		{EC5DCAF5-3514-4E61-8201-10F5F060E096}.Win8 Release|x64.ActiveCfg = Win8 Release|x64
		{EC5DCAF5-3514-4E61-8201-10F5F060E096}.Win8 Release|x64.Build.0 = Win8 Release|x64
		{EC5DCAF5-3514-4E61-8201-10F5F060E096}.Win8 Release|x64.Deploy.0 = Win8 Release|x64
		{EC5DCAF5-3514-4E61-8201-10F5F060E096}.Win8 Release|x86.ActiveCfg = Win8 Release|Win32
		{EC5DCAF5-3514-4E61-8201-10F5F060E096}.Win8 Release|x86.Build.0 = Win8 Release|Win32
		{EC5DCAF5-3514-4E61-8201-10F5F060E096}.Win8 Release|x86.Deploy.0 = Win8 Release|Win32
	EndGlobalSection
	GlobalSection(SolutionProperties) = preSolution
		HideSolutionNode = FALSE
	EndGlobalSection
	GlobalSection(NestedProjects) = preSolution
		{01D87C47-437A-4A16-8FD9-33FA5C99339E} = {E4211F99-BD08-411B-A2E0-251330067CBF}
		{EC1B7990-EA6A-45FE-836C-2F050F6BB632} = {E4211F99-BD08-411B-A2E0-251330067CBF}
	EndGlobalSection
	GlobalSection(ExtensibilityGlobals) = postSolution
		SolutionGuid = {51F9C6C1-F3B6-46D5-B1A0-8B39E10A882A}
	EndGlobalSection
EndGlobal
